Microsoft Visual Studio Solution File, Format Version 12.00
# Visual Studio Version 17
VisualStudioVersion = 17.0.31903.59
MinimumVisualStudioVersion = 10.0.40219.1
Project("{FAE04EC0-301F-11D3-BF4B-00C04F79EFBC}") = "Enterprise.DeniedPartyScreening.Business", "Enterprise.DeniedPartyScreening.Business\Enterprise.DeniedPartyScreening.Business.csproj", "{D6AFE34E-4C2B-480C-9A4D-0BD534DE8EC1}"
EndProject
Project("{FAE04EC0-301F-11D3-BF4B-00C04F79EFBC}") = "Enterprise.DeniedPartyScreening.GUI", "Enterprise.DeniedPartyScreening.GUI\Enterprise.DeniedPartyScreening.GUI.csproj", "{CBE5952F-31A7-4954-A700-6AF646D7B6A3}"
EndProject
Project("{FAE04EC0-301F-11D3-BF4B-00C04F79EFBC}") = "Enterprise.DeniedPartyScreening.ServiceTasks", "Enterprise.DeniedPartyScreening.ServiceTasks\Enterprise.DeniedPartyScreening.ServiceTasks.csproj", "{77D725E4-4A72-43E3-A7BA-0024FB3452CC}"
EndProject
Project("{FAE04EC0-301F-11D3-BF4B-00C04F79EFBC}") = "Enterprise.DeniedPartyScreening.Integration", "Enterprise.DeniedPartyScreening.Integration\Enterprise.DeniedPartyScreening.Integration.csproj", "{AFBF20F4-1DE6-4C45-A514-3FF0085634F6}"
EndProject
Project("{FAE04EC0-301F-11D3-BF4B-00C04F79EFBC}") = "Enterprise.DeniedPartyScreening.Business.Test", "Enterprise.DeniedPartyScreening.Business.Test\Enterprise.DeniedPartyScreening.Business.Test.csproj", "{B316A432-33D5-4C5D-B918-F653C87F49A1}"
EndProject
Project("{FAE04EC0-301F-11D3-BF4B-00C04F79EFBC}") = "Enterprise.DeniedPartyScreening.ServiceTasks.Test", "Enterprise.DeniedPartyScreening.ServiceTasks.Test\Enterprise.DeniedPartyScreening.ServiceTasks.Test.csproj", "{0A5D56B8-C30B-44BB-9AD0-303061982267}"
EndProject
Project("{FAE04EC0-301F-11D3-BF4B-00C04F79EFBC}") = "Enterprise.DeniedPartyScreening.GUI.Test", "Enterprise.DeniedPartyScreening.GUI.Test\Enterprise.DeniedPartyScreening.GUI.Test.csproj", "{42308B82-56EC-4409-A8AC-F1A9013720E9}"
EndProject
Project("{9A19103F-16F7-4668-BE54-9A1E7A4F7556}") = "Enterprise.DeniedPartyScreening.GUI.Winzor", "Enterprise.DeniedPartyScreening.GUI\Enterprise.DeniedPartyScreening.GUI.Winzor.csproj", "{FAC03B42-FCD1-4D09-A8E8-6A3B2EF5AA50}"
EndProject
Project("{9A19103F-16F7-4668-BE54-9A1E7A4F7556}") = "Enterprise.DeniedPartyScreening.GUI.Test.Winzor", "Enterprise.DeniedPartyScreening.GUI.Test\Enterprise.DeniedPartyScreening.GUI.Test.Winzor.csproj", "{39AE9B54-A946-4A28-BF72-56A6942E3837}"
EndProject
Global
	GlobalSection(SolutionConfigurationPlatforms) = preSolution
		Debug|Any CPU = Debug|Any CPU
		Release|Any CPU = Release|Any CPU
	EndGlobalSection
	GlobalSection(ProjectConfigurationPlatforms) = postSolution
		{D6AFE34E-4C2B-480C-9A4D-0BD534DE8EC1}.Debug|Any CPU.ActiveCfg = Debug|Any CPU
		{D6AFE34E-4C2B-480C-9A4D-0BD534DE8EC1}.Debug|Any CPU.Build.0 = Debug|Any CPU
		{D6AFE34E-4C2B-480C-9A4D-0BD534DE8EC1}.Release|Any CPU.ActiveCfg = Release|Any CPU
		{D6AFE34E-4C2B-480C-9A4D-0BD534DE8EC1}.Release|Any CPU.Build.0 = Release|Any CPU
		{CBE5952F-31A7-4954-A700-6AF646D7B6A3}.Debug|Any CPU.ActiveCfg = Debug|Any CPU
		{CBE5952F-31A7-4954-A700-6AF646D7B6A3}.Debug|Any CPU.Build.0 = Debug|Any CPU
		{CBE5952F-31A7-4954-A700-6AF646D7B6A3}.Release|Any CPU.ActiveCfg = Release|Any CPU
		{CBE5952F-31A7-4954-A700-6AF646D7B6A3}.Release|Any CPU.Build.0 = Release|Any CPU
		{77D725E4-4A72-43E3-A7BA-0024FB3452CC}.Debug|Any CPU.ActiveCfg = Debug|Any CPU
		{77D725E4-4A72-43E3-A7BA-0024FB3452CC}.Debug|Any CPU.Build.0 = Debug|Any CPU
		{77D725E4-4A72-43E3-A7BA-0024FB3452CC}.Release|Any CPU.ActiveCfg = Release|Any CPU
		{77D725E4-4A72-43E3-A7BA-0024FB3452CC}.Release|Any CPU.Build.0 = Release|Any CPU
		{AFBF20F4-1DE6-4C45-A514-3FF0085634F6}.Debug|Any CPU.ActiveCfg = Debug|Any CPU
		{AFBF20F4-1DE6-4C45-A514-3FF0085634F6}.Debug|Any CPU.Build.0 = Debug|Any CPU
		{AFBF20F4-1DE6-4C45-A514-3FF0085634F6}.Release|Any CPU.ActiveCfg = Release|Any CPU
		{AFBF20F4-1DE6-4C45-A514-3FF0085634F6}.Release|Any CPU.Build.0 = Release|Any CPU
		{B316A432-33D5-4C5D-B918-F653C87F49A1}.Debug|Any CPU.ActiveCfg = Debug|Any CPU
		{B316A432-33D5-4C5D-B918-F653C87F49A1}.Debug|Any CPU.Build.0 = Debug|Any CPU
		{B316A432-33D5-4C5D-B918-F653C87F49A1}.Release|Any CPU.ActiveCfg = Release|Any CPU
		{0A5D56B8-C30B-44BB-9AD0-303061982267}.Debug|Any CPU.ActiveCfg = Debug|Any CPU
		{0A5D56B8-C30B-44BB-9AD0-303061982267}.Debug|Any CPU.Build.0 = Debug|Any CPU
		{0A5D56B8-C30B-44BB-9AD0-303061982267}.Release|Any CPU.ActiveCfg = Release|Any CPU
		{42308B82-56EC-4409-A8AC-F1A9013720E9}.Debug|Any CPU.ActiveCfg = Debug|Any CPU
		{42308B82-56EC-4409-A8AC-F1A9013720E9}.Debug|Any CPU.Build.0 = Debug|Any CPU
		{42308B82-56EC-4409-A8AC-F1A9013720E9}.Release|Any CPU.ActiveCfg = Release|Any CPU
		{FAC03B42-FCD1-4D09-A8E8-6A3B2EF5AA50}.Debug|Any CPU.ActiveCfg = Debug|Any CPU
		{FAC03B42-FCD1-4D09-A8E8-6A3B2EF5AA50}.Debug|Any CPU.Build.0 = Debug|Any CPU
		{FAC03B42-FCD1-4D09-A8E8-6A3B2EF5AA50}.Release|Any CPU.ActiveCfg = Release|Any CPU
		{FAC03B42-FCD1-4D09-A8E8-6A3B2EF5AA50}.Release|Any CPU.Build.0 = Release|Any CPU
		{39AE9B54-A946-4A28-BF72-56A6942E3837}.Debug|Any CPU.ActiveCfg = Debug|Any CPU
		{39AE9B54-A946-4A28-BF72-56A6942E3837}.Debug|Any CPU.Build.0 = Debug|Any CPU
		{39AE9B54-A946-4A28-BF72-56A6942E3837}.Release|Any CPU.ActiveCfg = Release|Any CPU
	EndGlobalSection
	GlobalSection(SolutionProperties) = preSolution
		HideSolutionNode = FALSE
	EndGlobalSection
	GlobalSection(ExtensibilityGlobals) = postSolution
		SolutionGuid = {3443D394-5FDB-4965-AB2C-4E81314C7460}
	EndGlobalSection
	GlobalSection(CodealikeProperties) = postSolution
		SolutionGuid = 5c5de8d4-85a9-40e8-9163-50526cca75f9
	EndGlobalSection
EndGlobal
