
Microsoft Visual Studio Solution File, Format Version 12.00
# Visual Studio Version 17
VisualStudioVersion = 17.11.35303.130
MinimumVisualStudioVersion = 10.0.40219.1
Project("{9A19103F-16F7-4668-BE54-9A1E7A4F7556}") = "Enterprise.Customs.IE.PBN.GUI", "GUI\Enterprise.Customs.IE.PBN.GUI.csproj", "{448959C7-2174-415E-967D-85FD6E00759C}"
EndProject
Project("{9A19103F-16F7-4668-BE54-9A1E7A4F7556}") = "Enterprise.Customs.IE.PBN.GUI.Winzor", "GUI\Enterprise.Customs.IE.PBN.GUI.Winzor.csproj", "{B7FC238A-0E9A-491F-8501-5C0EC9C5D437}"
EndProject
Project("{9A19103F-16F7-4668-BE54-9A1E7A4F7556}") = "Enterprise.Customs.IE.PBN.GUI.Test", "GUI.Test\Enterprise.Customs.IE.PBN.GUI.Test.csproj", "{AB565CC2-1B3E-4E17-8BF0-8763871D535D}"
EndProject
Project("{9A19103F-16F7-4668-BE54-9A1E7A4F7556}") = "Enterprise.Customs.IE.PBN.GUI.Test.Winzor", "GUI.Test\Enterprise.Customs.IE.PBN.GUI.Test.Winzor.csproj", "{6CDD213B-3324-4650-9BE8-D6F15D19812F}"
EndProject
Project("{9A19103F-16F7-4668-BE54-9A1E7A4F7556}") = "Enterprise.Customs.IE.PBN.Module", "Module\Enterprise.Customs.IE.PBN.Module.csproj", "{B3590B52-5A68-4258-985C-F472AA4417F8}"
EndProject
Project("{9A19103F-16F7-4668-BE54-9A1E7A4F7556}") = "Enterprise.Customs.IE.PBN.Module.Winzor", "Module\Enterprise.Customs.IE.PBN.Module.Winzor.csproj", "{2AF12693-1F0B-401F-9F10-21FB5576F1BF}"
EndProject
Project("{9A19103F-16F7-4668-BE54-9A1E7A4F7556}") = "Enterprise.Customs.IE.PBN.Module.Test", "Module.Test\Enterprise.Customs.IE.PBN.Module.Test.csproj", "{A517B842-AB1C-4F45-A295-34A627AD096D}"
EndProject
Project("{9A19103F-16F7-4668-BE54-9A1E7A4F7556}") = "Enterprise.Customs.IE.PBN.Module.Test.Winzor", "Module.Test\Enterprise.Customs.IE.PBN.Module.Test.Winzor.csproj", "{FC73C86E-8841-4DCC-B404-1A93C44B050E}"
EndProject
Project("{9A19103F-16F7-4668-BE54-9A1E7A4F7556}") = "Enterprise.Customs.IE.PBN.Business", "Business\Enterprise.Customs.IE.PBN.Business.csproj", "{5D3B09AE-9B6B-4792-B962-1A9724297C79}"
EndProject
Project("{9A19103F-16F7-4668-BE54-9A1E7A4F7556}") = "Enterprise.Customs.IE.PBN.Business.Test", "Business.Test\Enterprise.Customs.IE.PBN.Business.Test.csproj", "{FCE2268D-10C0-4319-8BB5-990108993671}"
EndProject
Global
	GlobalSection(SolutionConfigurationPlatforms) = preSolution
		Debug|Any CPU = Debug|Any CPU
		Release|Any CPU = Release|Any CPU
	EndGlobalSection
	GlobalSection(ProjectConfigurationPlatforms) = postSolution
		{448959C7-2174-415E-967D-85FD6E00759C}.Debug|Any CPU.ActiveCfg = Debug|Any CPU
		{448959C7-2174-415E-967D-85FD6E00759C}.Debug|Any CPU.Build.0 = Debug|Any CPU
		{448959C7-2174-415E-967D-85FD6E00759C}.Release|Any CPU.ActiveCfg = Release|Any CPU
		{448959C7-2174-415E-967D-85FD6E00759C}.Release|Any CPU.Build.0 = Release|Any CPU
		{B7FC238A-0E9A-491F-8501-5C0EC9C5D437}.Debug|Any CPU.ActiveCfg = Debug|Any CPU
		{B7FC238A-0E9A-491F-8501-5C0EC9C5D437}.Debug|Any CPU.Build.0 = Debug|Any CPU
		{B7FC238A-0E9A-491F-8501-5C0EC9C5D437}.Release|Any CPU.ActiveCfg = Release|Any CPU
		{B7FC238A-0E9A-491F-8501-5C0EC9C5D437}.Release|Any CPU.Build.0 = Release|Any CPU
		{AB565CC2-1B3E-4E17-8BF0-8763871D535D}.Debug|Any CPU.ActiveCfg = Debug|Any CPU
		{AB565CC2-1B3E-4E17-8BF0-8763871D535D}.Debug|Any CPU.Build.0 = Debug|Any CPU
		{AB565CC2-1B3E-4E17-8BF0-8763871D535D}.Release|Any CPU.ActiveCfg = Release|Any CPU
		{6CDD213B-3324-4650-9BE8-D6F15D19812F}.Debug|Any CPU.ActiveCfg = Debug|Any CPU
		{6CDD213B-3324-4650-9BE8-D6F15D19812F}.Debug|Any CPU.Build.0 = Debug|Any CPU
		{6CDD213B-3324-4650-9BE8-D6F15D19812F}.Release|Any CPU.ActiveCfg = Release|Any CPU
		{B3590B52-5A68-4258-985C-F472AA4417F8}.Debug|Any CPU.ActiveCfg = Debug|Any CPU
		{B3590B52-5A68-4258-985C-F472AA4417F8}.Debug|Any CPU.Build.0 = Debug|Any CPU
		{B3590B52-5A68-4258-985C-F472AA4417F8}.Release|Any CPU.ActiveCfg = Release|Any CPU
		{B3590B52-5A68-4258-985C-F472AA4417F8}.Release|Any CPU.Build.0 = Release|Any CPU
		{2AF12693-1F0B-401F-9F10-21FB5576F1BF}.Debug|Any CPU.ActiveCfg = Debug|Any CPU
		{2AF12693-1F0B-401F-9F10-21FB5576F1BF}.Debug|Any CPU.Build.0 = Debug|Any CPU
		{2AF12693-1F0B-401F-9F10-21FB5576F1BF}.Release|Any CPU.ActiveCfg = Release|Any CPU
		{2AF12693-1F0B-401F-9F10-21FB5576F1BF}.Release|Any CPU.Build.0 = Release|Any CPU
		{A517B842-AB1C-4F45-A295-34A627AD096D}.Debug|Any CPU.ActiveCfg = Debug|Any CPU
		{A517B842-AB1C-4F45-A295-34A627AD096D}.Debug|Any CPU.Build.0 = Debug|Any CPU
		{A517B842-AB1C-4F45-A295-34A627AD096D}.Release|Any CPU.ActiveCfg = Release|Any CPU
		{FC73C86E-8841-4DCC-B404-1A93C44B050E}.Debug|Any CPU.ActiveCfg = Debug|Any CPU
		{FC73C86E-8841-4DCC-B404-1A93C44B050E}.Debug|Any CPU.Build.0 = Debug|Any CPU
		{FC73C86E-8841-4DCC-B404-1A93C44B050E}.Release|Any CPU.ActiveCfg = Release|Any CPU
		{5D3B09AE-9B6B-4792-B962-1A9724297C79}.Debug|Any CPU.ActiveCfg = Debug|Any CPU
		{5D3B09AE-9B6B-4792-B962-1A9724297C79}.Debug|Any CPU.Build.0 = Debug|Any CPU
		{5D3B09AE-9B6B-4792-B962-1A9724297C79}.Release|Any CPU.ActiveCfg = Release|Any CPU
		{5D3B09AE-9B6B-4792-B962-1A9724297C79}.Release|Any CPU.Build.0 = Release|Any CPU
		{FCE2268D-10C0-4319-8BB5-990108993671}.Debug|Any CPU.ActiveCfg = Debug|Any CPU
		{FCE2268D-10C0-4319-8BB5-990108993671}.Debug|Any CPU.Build.0 = Debug|Any CPU
		{FCE2268D-10C0-4319-8BB5-990108993671}.Release|Any CPU.ActiveCfg = Release|Any CPU
	EndGlobalSection
	GlobalSection(SolutionProperties) = preSolution
		HideSolutionNode = FALSE
	EndGlobalSection
	GlobalSection(ExtensibilityGlobals) = postSolution
		SolutionGuid = {BE621B4C-8A89-45F7-81DA-F22D97AD1153}
	EndGlobalSection
EndGlobal
