
Microsoft Visual Studio Solution File, Format Version 12.00
# Visual Studio Version 17
VisualStudioVersion = 17.11.35327.3
MinimumVisualStudioVersion = 10.0.40219.1
Project("{9A19103F-16F7-4668-BE54-9A1E7A4F7556}") = "AsycudaReferenceData.Business", "AsycudaReferenceData.Business\AsycudaReferenceData.Business.csproj", "{90F25B58-23E8-4A74-8F9C-35733C09DB86}"
EndProject
Project("{9A19103F-16F7-4668-BE54-9A1E7A4F7556}") = "AsycudaReferenceData.CmdLine", "AsycudaReferenceData.CmdLine\AsycudaReferenceData.CmdLine.csproj", "{09A13FA1-B2A0-4289-A528-F9206B856A8B}"
EndProject
Project("{9A19103F-16F7-4668-BE54-9A1E7A4F7556}") = "AsycudaReferenceData.Services", "AsycudaReferenceData.Services\AsycudaReferenceData.Services.csproj", "{2C060496-433E-481F-BA2E-FDE56E9D9F97}"
EndProject
Project("{9A19103F-16F7-4668-BE54-9A1E7A4F7556}") = "AsycudaReferenceData.Tests", "AsycudaReferenceData.Tests\AsycudaReferenceData.Tests.csproj", "{0540326F-D899-4B16-B50F-8C0CD95A7FD4}"
EndProject
Global
	GlobalSection(SolutionConfigurationPlatforms) = preSolution
		Debug|Any CPU = Debug|Any CPU
		Release|Any CPU = Release|Any CPU
		UAT|Any CPU = UAT|Any CPU
	EndGlobalSection
	GlobalSection(ProjectConfigurationPlatforms) = postSolution
		{90F25B58-23E8-4A74-8F9C-35733C09DB86}.Debug|Any CPU.ActiveCfg = Debug|Any CPU
		{90F25B58-23E8-4A74-8F9C-35733C09DB86}.Debug|Any CPU.Build.0 = Debug|Any CPU
		{90F25B58-23E8-4A74-8F9C-35733C09DB86}.Release|Any CPU.ActiveCfg = Release|Any CPU
		{90F25B58-23E8-4A74-8F9C-35733C09DB86}.Release|Any CPU.Build.0 = Release|Any CPU
		{90F25B58-23E8-4A74-8F9C-35733C09DB86}.UAT|Any CPU.ActiveCfg = UAT|Any CPU
		{90F25B58-23E8-4A74-8F9C-35733C09DB86}.UAT|Any CPU.Build.0 = UAT|Any CPU
		{09A13FA1-B2A0-4289-A528-F9206B856A8B}.Debug|Any CPU.ActiveCfg = Debug|Any CPU
		{09A13FA1-B2A0-4289-A528-F9206B856A8B}.Debug|Any CPU.Build.0 = Debug|Any CPU
		{09A13FA1-B2A0-4289-A528-F9206B856A8B}.Release|Any CPU.ActiveCfg = Release|Any CPU
		{09A13FA1-B2A0-4289-A528-F9206B856A8B}.Release|Any CPU.Build.0 = Release|Any CPU
		{09A13FA1-B2A0-4289-A528-F9206B856A8B}.UAT|Any CPU.ActiveCfg = UAT|Any CPU
		{09A13FA1-B2A0-4289-A528-F9206B856A8B}.UAT|Any CPU.Build.0 = UAT|Any CPU
		{2C060496-433E-481F-BA2E-FDE56E9D9F97}.Debug|Any CPU.ActiveCfg = Debug|Any CPU
		{2C060496-433E-481F-BA2E-FDE56E9D9F97}.Debug|Any CPU.Build.0 = Debug|Any CPU
		{2C060496-433E-481F-BA2E-FDE56E9D9F97}.Release|Any CPU.ActiveCfg = Release|Any CPU
		{2C060496-433E-481F-BA2E-FDE56E9D9F97}.Release|Any CPU.Build.0 = Release|Any CPU
		{2C060496-433E-481F-BA2E-FDE56E9D9F97}.UAT|Any CPU.ActiveCfg = UAT|Any CPU
		{2C060496-433E-481F-BA2E-FDE56E9D9F97}.UAT|Any CPU.Build.0 = UAT|Any CPU
		{0540326F-D899-4B16-B50F-8C0CD95A7FD4}.Debug|Any CPU.ActiveCfg = Debug|Any CPU
		{0540326F-D899-4B16-B50F-8C0CD95A7FD4}.Debug|Any CPU.Build.0 = Debug|Any CPU
		{0540326F-D899-4B16-B50F-8C0CD95A7FD4}.Release|Any CPU.ActiveCfg = Release|Any CPU
		{0540326F-D899-4B16-B50F-8C0CD95A7FD4}.UAT|Any CPU.ActiveCfg = Debug|Any CPU
	EndGlobalSection
	GlobalSection(SolutionProperties) = preSolution
		HideSolutionNode = FALSE
	EndGlobalSection
	GlobalSection(ExtensibilityGlobals) = postSolution
		SolutionGuid = {F198E829-7EEE-4E21-938C-2F0620FD859A}
	EndGlobalSection
EndGlobal
