
Microsoft Visual Studio Solution File, Format Version 12.00
# Visual Studio Version 17
VisualStudioVersion = 17.5.33516.290
MinimumVisualStudioVersion = 10.0.40219.1
Project("{9A19103F-16F7-4668-BE54-9A1E7A4F7556}") = "Yard.Business", "Yard.Business\Yard.Business.csproj", "{867C1141-56E0-47EE-81E7-3A749EDDFBEA}"
EndProject
Project("{9A19103F-16F7-4668-BE54-9A1E7A4F7556}") = "Yard.Business.Test", "Yard.Business.Test\Yard.Business.Test.csproj", "{31381353-9FD3-48DB-91F8-FE8D4A31E212}"
EndProject
Project("{9A19103F-16F7-4668-BE54-9A1E7A4F7556}") = "Yard.Module", "Yard.Module\Yard.Module.csproj", "{F30267DA-968A-4B5D-82F4-006AD0E9E23F}"
EndProject
Project("{9A19103F-16F7-4668-BE54-9A1E7A4F7556}") = "Yard.GUI", "Yard.GUI\Yard.GUI.csproj", "{EEB13E8B-4C6D-42F2-A2AA-15194C19E6C9}"
EndProject
Project("{9A19103F-16F7-4668-BE54-9A1E7A4F7556}") = "Yard.GUI.Test", "Yard.GUI.Test\Yard.GUI.Test.csproj", "{0E1DE393-9503-4B1F-8C52-7DA432E40801}"
EndProject
Project("{9A19103F-16F7-4668-BE54-9A1E7A4F7556}") = "Yard.Module.Test", "Yard.Module.Test\Yard.Module.Test.csproj", "{45561AFE-D932-4A1B-8BB3-6C68D7034814}"
EndProject
Project("{9A19103F-16F7-4668-BE54-9A1E7A4F7556}") = "Yard.GUI.Winzor", "Yard.GUI\Yard.GUI.Winzor.csproj", "{FCB57B25-22AF-46ED-9134-10ABD00C453D}"
EndProject
Project("{9A19103F-16F7-4668-BE54-9A1E7A4F7556}") = "Yard.GUI.Test.Winzor", "Yard.GUI.Test\Yard.GUI.Test.Winzor.csproj", "{10570B26-0975-4F24-851B-FA04369BE998}"
EndProject
Project("{9A19103F-16F7-4668-BE54-9A1E7A4F7556}") = "Yard.Module.Test.Winzor", "Yard.Module.Test\Yard.Module.Test.Winzor.csproj", "{CF1E1D90-C42F-4D0F-8281-8930B91EC749}"
EndProject
Project("{9A19103F-16F7-4668-BE54-9A1E7A4F7556}") = "Yard.Module.Winzor", "Yard.Module\Yard.Module.Winzor.csproj", "{A7AA2D10-14AB-400C-94EF-53EC54790866}"
EndProject
Project("{9A19103F-16F7-4668-BE54-9A1E7A4F7556}") = "Yard.DataTransfer", "Yard.DataTransfer\Yard.DataTransfer.csproj", "{945F11FB-EEF5-4635-80E7-BDF94EE6CE0D}"
EndProject
Project("{9A19103F-16F7-4668-BE54-9A1E7A4F7556}") = "Yard.DataTransfer.Test", "Yard.DataTransfer.Test\Yard.DataTransfer.Test.csproj", "{97E7FAAB-622B-4D0C-A8D5-AF3D69753847}"
EndProject
Project("{9A19103F-16F7-4668-BE54-9A1E7A4F7556}") = "Yard.Integration", "Yard.Integration\Yard.Integration.csproj", "{3DC8FF07-A5EF-46AC-A88E-D26029C33880}"
EndProject
Global
	GlobalSection(SolutionConfigurationPlatforms) = preSolution
		Debug|Any CPU = Debug|Any CPU
		Release|Any CPU = Release|Any CPU
	EndGlobalSection
	GlobalSection(ProjectConfigurationPlatforms) = postSolution
		{867C1141-56E0-47EE-81E7-3A749EDDFBEA}.Debug|Any CPU.ActiveCfg = Debug|Any CPU
		{867C1141-56E0-47EE-81E7-3A749EDDFBEA}.Debug|Any CPU.Build.0 = Debug|Any CPU
		{867C1141-56E0-47EE-81E7-3A749EDDFBEA}.Release|Any CPU.ActiveCfg = Release|Any CPU
		{867C1141-56E0-47EE-81E7-3A749EDDFBEA}.Release|Any CPU.Build.0 = Release|Any CPU
		{31381353-9FD3-48DB-91F8-FE8D4A31E212}.Debug|Any CPU.ActiveCfg = Debug|Any CPU
		{31381353-9FD3-48DB-91F8-FE8D4A31E212}.Debug|Any CPU.Build.0 = Debug|Any CPU
		{31381353-9FD3-48DB-91F8-FE8D4A31E212}.Release|Any CPU.ActiveCfg = Release|Any CPU
		{F30267DA-968A-4B5D-82F4-006AD0E9E23F}.Debug|Any CPU.ActiveCfg = Debug|Any CPU
		{F30267DA-968A-4B5D-82F4-006AD0E9E23F}.Debug|Any CPU.Build.0 = Debug|Any CPU
		{F30267DA-968A-4B5D-82F4-006AD0E9E23F}.Release|Any CPU.ActiveCfg = Release|Any CPU
		{F30267DA-968A-4B5D-82F4-006AD0E9E23F}.Release|Any CPU.Build.0 = Release|Any CPU
		{EEB13E8B-4C6D-42F2-A2AA-15194C19E6C9}.Debug|Any CPU.ActiveCfg = Debug|Any CPU
		{EEB13E8B-4C6D-42F2-A2AA-15194C19E6C9}.Debug|Any CPU.Build.0 = Debug|Any CPU
		{EEB13E8B-4C6D-42F2-A2AA-15194C19E6C9}.Release|Any CPU.ActiveCfg = Release|Any CPU
		{EEB13E8B-4C6D-42F2-A2AA-15194C19E6C9}.Release|Any CPU.Build.0 = Release|Any CPU
		{0E1DE393-9503-4B1F-8C52-7DA432E40801}.Debug|Any CPU.ActiveCfg = Debug|Any CPU
		{0E1DE393-9503-4B1F-8C52-7DA432E40801}.Debug|Any CPU.Build.0 = Debug|Any CPU
		{0E1DE393-9503-4B1F-8C52-7DA432E40801}.Release|Any CPU.ActiveCfg = Release|Any CPU
		{45561AFE-D932-4A1B-8BB3-6C68D7034814}.Debug|Any CPU.ActiveCfg = Debug|Any CPU
		{45561AFE-D932-4A1B-8BB3-6C68D7034814}.Debug|Any CPU.Build.0 = Debug|Any CPU
		{45561AFE-D932-4A1B-8BB3-6C68D7034814}.Release|Any CPU.ActiveCfg = Release|Any CPU
		{FCB57B25-22AF-46ED-9134-10ABD00C453D}.Debug|Any CPU.ActiveCfg = Debug|Any CPU
		{FCB57B25-22AF-46ED-9134-10ABD00C453D}.Debug|Any CPU.Build.0 = Debug|Any CPU
		{FCB57B25-22AF-46ED-9134-10ABD00C453D}.Release|Any CPU.ActiveCfg = Release|Any CPU
		{FCB57B25-22AF-46ED-9134-10ABD00C453D}.Release|Any CPU.Build.0 = Release|Any CPU
		{10570B26-0975-4F24-851B-FA04369BE998}.Debug|Any CPU.ActiveCfg = Debug|Any CPU
		{10570B26-0975-4F24-851B-FA04369BE998}.Debug|Any CPU.Build.0 = Debug|Any CPU
		{10570B26-0975-4F24-851B-FA04369BE998}.Release|Any CPU.ActiveCfg = Release|Any CPU
		{CF1E1D90-C42F-4D0F-8281-8930B91EC749}.Debug|Any CPU.ActiveCfg = Debug|Any CPU
		{CF1E1D90-C42F-4D0F-8281-8930B91EC749}.Debug|Any CPU.Build.0 = Debug|Any CPU
		{CF1E1D90-C42F-4D0F-8281-8930B91EC749}.Release|Any CPU.ActiveCfg = Release|Any CPU
		{A7AA2D10-14AB-400C-94EF-53EC54790866}.Debug|Any CPU.ActiveCfg = Debug|Any CPU
		{A7AA2D10-14AB-400C-94EF-53EC54790866}.Debug|Any CPU.Build.0 = Debug|Any CPU
		{A7AA2D10-14AB-400C-94EF-53EC54790866}.Release|Any CPU.ActiveCfg = Release|Any CPU
		{A7AA2D10-14AB-400C-94EF-53EC54790866}.Release|Any CPU.Build.0 = Release|Any CPU
		{945F11FB-EEF5-4635-80E7-BDF94EE6CE0D}.Debug|Any CPU.ActiveCfg = Debug|Any CPU
		{945F11FB-EEF5-4635-80E7-BDF94EE6CE0D}.Debug|Any CPU.Build.0 = Debug|Any CPU
		{945F11FB-EEF5-4635-80E7-BDF94EE6CE0D}.Release|Any CPU.ActiveCfg = Release|Any CPU
		{945F11FB-EEF5-4635-80E7-BDF94EE6CE0D}.Release|Any CPU.Build.0 = Release|Any CPU
		{97E7FAAB-622B-4D0C-A8D5-AF3D69753847}.Debug|Any CPU.ActiveCfg = Debug|Any CPU
		{97E7FAAB-622B-4D0C-A8D5-AF3D69753847}.Debug|Any CPU.Build.0 = Debug|Any CPU
		{97E7FAAB-622B-4D0C-A8D5-AF3D69753847}.Release|Any CPU.ActiveCfg = Release|Any CPU
		{3DC8FF07-A5EF-46AC-A88E-D26029C33880}.Debug|Any CPU.ActiveCfg = Debug|Any CPU
		{3DC8FF07-A5EF-46AC-A88E-D26029C33880}.Debug|Any CPU.Build.0 = Debug|Any CPU
		{3DC8FF07-A5EF-46AC-A88E-D26029C33880}.Release|Any CPU.ActiveCfg = Release|Any CPU
		{3DC8FF07-A5EF-46AC-A88E-D26029C33880}.Release|Any CPU.Build.0 = Release|Any CPU
	EndGlobalSection
	GlobalSection(SolutionProperties) = preSolution
		HideSolutionNode = FALSE
	EndGlobalSection
	GlobalSection(ExtensibilityGlobals) = postSolution
		SolutionGuid = {9D8CB5B3-41E7-48A4-8009-5A45D7941A5B}
	EndGlobalSection
EndGlobal
