
Microsoft Visual Studio Solution File, Format Version 12.00
# Visual Studio Version 16
VisualStudioVersion = 16.0.29609.76
MinimumVisualStudioVersion = 10.0.40219.1
Project("{2150E333-8FDC-42A3-9474-1A3956D46DE8}") = "Solution Items", "Solution Items", "{0902E159-3397-42B8-8721-85434BE0AE9E}"
	ProjectSection(SolutionItems) = preProject
		CargoWise.eHub.Clients.LIB.vsmdi = CargoWise.eHub.Clients.LIB.vsmdi
		Local.testsettings = Local.testsettings
		TraceAndTestImpact.testsettings = TraceAndTestImpact.testsettings
	EndProjectSection
EndProject
Project("{FAE04EC0-301F-11D3-BF4B-00C04F79EFBC}") = "CargoWise.eHub.Clients.JWT.Tests", "Tests\CargoWise.eHub.Clients.JWT.Tests.csproj", "{1E972102-12F1-40A2-9BBA-E2F0203E6C51}"
EndProject
Project("{FAE04EC0-301F-11D3-BF4B-00C04F79EFBC}") = "CargoWise.eHub.Clients.JWT.Schemas", "Schemas\CargoWise.eHub.Clients.JWT.Schemas.btproj", "{6981E969-C98F-45EF-ADDD-89CC1BAB1DA9}"
EndProject
Project("{FAE04EC0-301F-11D3-BF4B-00C04F79EFBC}") = "CargoWise.eHub.Clients.JWT.Transforms.PWC_OrderCsv_2_UniInterOrder", "PWC_OrderCsv_2_UniInterOrder\CargoWise.eHub.Clients.JWT.Transforms.PWC_OrderCsv_2_UniInterOrder.btproj", "{B3D8AC33-E551-4AE6-B176-15C24B49BFBF}"
EndProject
Global
	GlobalSection(SolutionConfigurationPlatforms) = preSolution
		Debug|Any CPU = Debug|Any CPU
		Release|Any CPU = Release|Any CPU
	EndGlobalSection
	GlobalSection(ProjectConfigurationPlatforms) = postSolution
		{1E972102-12F1-40A2-9BBA-E2F0203E6C51}.Debug|Any CPU.ActiveCfg = Debug|Any CPU
		{1E972102-12F1-40A2-9BBA-E2F0203E6C51}.Debug|Any CPU.Build.0 = Debug|Any CPU
		{1E972102-12F1-40A2-9BBA-E2F0203E6C51}.Release|Any CPU.ActiveCfg = Release|Any CPU
		{6981E969-C98F-45EF-ADDD-89CC1BAB1DA9}.Debug|Any CPU.ActiveCfg = Debug|Any CPU
		{6981E969-C98F-45EF-ADDD-89CC1BAB1DA9}.Debug|Any CPU.Build.0 = Debug|Any CPU
		{6981E969-C98F-45EF-ADDD-89CC1BAB1DA9}.Debug|Any CPU.Deploy.0 = Debug|Any CPU
		{6981E969-C98F-45EF-ADDD-89CC1BAB1DA9}.Release|Any CPU.ActiveCfg = Release|Any CPU
		{6981E969-C98F-45EF-ADDD-89CC1BAB1DA9}.Release|Any CPU.Build.0 = Release|Any CPU
		{6981E969-C98F-45EF-ADDD-89CC1BAB1DA9}.Release|Any CPU.Deploy.0 = Release|Any CPU
		{B3D8AC33-E551-4AE6-B176-15C24B49BFBF}.Debug|Any CPU.ActiveCfg = Debug|Any CPU
		{B3D8AC33-E551-4AE6-B176-15C24B49BFBF}.Debug|Any CPU.Build.0 = Debug|Any CPU
		{B3D8AC33-E551-4AE6-B176-15C24B49BFBF}.Debug|Any CPU.Deploy.0 = Debug|Any CPU
		{B3D8AC33-E551-4AE6-B176-15C24B49BFBF}.Release|Any CPU.ActiveCfg = Release|Any CPU
		{B3D8AC33-E551-4AE6-B176-15C24B49BFBF}.Release|Any CPU.Build.0 = Release|Any CPU
		{B3D8AC33-E551-4AE6-B176-15C24B49BFBF}.Release|Any CPU.Deploy.0 = Release|Any CPU
	EndGlobalSection
	GlobalSection(SolutionProperties) = preSolution
		HideSolutionNode = FALSE
	EndGlobalSection
	GlobalSection(ExtensibilityGlobals) = postSolution
		SolutionGuid = {38EC8C53-2738-420C-835A-1195B73BF004}
	EndGlobalSection
	GlobalSection(TestCaseManagementSettings) = postSolution
		CategoryFile = CargoWise.eHub.Clients.LIB.vsmdi
	EndGlobalSection
EndGlobal
