
Microsoft Visual Studio Solution File, Format Version 12.00
# Visual Studio Version 17
VisualStudioVersion = 17.3.32929.385
MinimumVisualStudioVersion = 10.0.40219.1
Project("{9A19103F-16F7-4668-BE54-9A1E7A4F7556}") = "CargoWise.Windows.UI", "CargoWise.Windows.UI.csproj", "{9AA2AEE5-4F6B-40FF-8D89-97A255314BCC}"
EndProject
Project("{9A19103F-16F7-4668-BE54-9A1E7A4F7556}") = "CargoWise.Windows.UI.Test", "..\Windows.UI.Test\CargoWise.Windows.UI.Test.csproj", "{759CA28A-46E6-46C6-8BE0-A2E7E70B89F5}"
EndProject
Global
	GlobalSection(SolutionConfigurationPlatforms) = preSolution
		Debug|Any CPU = Debug|Any CPU
		Release|Any CPU = Release|Any CPU
	EndGlobalSection
	GlobalSection(ProjectConfigurationPlatforms) = postSolution
		{9AA2AEE5-4F6B-40FF-8D89-97A255314BCC}.Debug|Any CPU.ActiveCfg = Debug|Any CPU
		{9AA2AEE5-4F6B-40FF-8D89-97A255314BCC}.Debug|Any CPU.Build.0 = Debug|Any CPU
		{9AA2AEE5-4F6B-40FF-8D89-97A255314BCC}.Release|Any CPU.ActiveCfg = Release|Any CPU
		{9AA2AEE5-4F6B-40FF-8D89-97A255314BCC}.Release|Any CPU.Build.0 = Release|Any CPU
		{759CA28A-46E6-46C6-8BE0-A2E7E70B89F5}.Debug|Any CPU.ActiveCfg = Debug|Any CPU
		{759CA28A-46E6-46C6-8BE0-A2E7E70B89F5}.Debug|Any CPU.Build.0 = Debug|Any CPU
		{759CA28A-46E6-46C6-8BE0-A2E7E70B89F5}.Release|Any CPU.ActiveCfg = Release|Any CPU
	EndGlobalSection
	GlobalSection(SolutionProperties) = preSolution
		HideSolutionNode = FALSE
	EndGlobalSection
	GlobalSection(ExtensibilityGlobals) = postSolution
		SolutionGuid = {FD06FBEE-FFEA-4315-87F0-B652F0C36ED0}
	EndGlobalSection
	GlobalSection(CodealikeProperties) = postSolution
		SolutionGuid = 499b7e79-5d3a-49d6-9675-db8efa8ee39d
	EndGlobalSection
EndGlobal
