Microsoft Visual Studio Solution File, Format Version 12.00
# Visual Studio Version 17
VisualStudioVersion = 17.3.32929.385
MinimumVisualStudioVersion = 10.0.40219.1
Project("{9A19103F-16F7-4668-BE54-9A1E7A4F7556}") = "ZClientTSF", "ZClientTSF\ZClientTSF.csproj", "{33CF71B6-1FA0-4F7E-99E1-66BC61DF83A8}"
EndProject
Project("{9A19103F-16F7-4668-BE54-9A1E7A4F7556}") = "ZClientTSF.Test", "ZClientTSF.Test\ZClientTSF.Test.csproj", "{B5305ABD-141B-4351-B4A3-0D0890CF33E6}"
EndProject
Global
	GlobalSection(SolutionConfigurationPlatforms) = preSolution
		Debug|Any CPU = Debug|Any CPU
		Release|Any CPU = Release|Any CPU
	EndGlobalSection
	GlobalSection(ProjectConfigurationPlatforms) = postSolution
		{33CF71B6-1FA0-4F7E-99E1-66BC61DF83A8}.Debug|Any CPU.ActiveCfg = Debug|Any CPU
		{33CF71B6-1FA0-4F7E-99E1-66BC61DF83A8}.Debug|Any CPU.Build.0 = Debug|Any CPU
		{33CF71B6-1FA0-4F7E-99E1-66BC61DF83A8}.Release|Any CPU.ActiveCfg = Release|Any CPU
		{33CF71B6-1FA0-4F7E-99E1-66BC61DF83A8}.Release|Any CPU.Build.0 = Release|Any CPU
		{B5305ABD-141B-4351-B4A3-0D0890CF33E6}.Debug|Any CPU.ActiveCfg = Debug|Any CPU
		{B5305ABD-141B-4351-B4A3-0D0890CF33E6}.Debug|Any CPU.Build.0 = Debug|Any CPU
		{B5305ABD-141B-4351-B4A3-0D0890CF33E6}.Release|Any CPU.ActiveCfg = Release|Any CPU
	EndGlobalSection
	GlobalSection(SolutionProperties) = preSolution
		HideSolutionNode = FALSE
	EndGlobalSection
	GlobalSection(ExtensibilityGlobals) = postSolution
		SolutionGuid = {51646AC8-701D-440A-9E05-7B11618C3763}
	EndGlobalSection
	GlobalSection(CodealikeProperties) = postSolution
		SolutionGuid = c5bcbce2-14eb-4ccb-9257-a031e709d93c
	EndGlobalSection
EndGlobal
