
Microsoft Visual Studio Solution File, Format Version 12.00
# Visual Studio Version 16
VisualStudioVersion = 16.0.29609.76
MinimumVisualStudioVersion = 10.0.40219.1
Project("{FAE04EC0-301F-11D3-BF4B-00C04F79EFBC}") = "CargoWise.eHub.Products.ForwardingPortMessaging.NL.Tests", "Tests\CargoWise.eHub.Products.ForwardingPortMessaging.NL.Tests.csproj", "{C8A7594B-FDE4-4465-AB6B-DBD8518E65C4}"
EndProject
Project("{FAE04EC0-301F-11D3-BF4B-00C04F79EFBC}") = "CargoWise.eHub.Products.ForwardingPortMessaging.NL.Schemas", "Schemas\CargoWise.eHub.Products.ForwardingPortMessaging.NL.Schemas.btproj", "{5DF7CEE6-6C51-4160-8F24-918423D73955}"
EndProject
Project("{FAE04EC0-301F-11D3-BF4B-00C04F79EFBC}") = "CargoWise.eHub.Products.ForwardingPortMessaging.NL.Portbase", "Portbase\CargoWise.eHub.Products.ForwardingPortMessaging.NL.Portbase.btproj", "{972BFC98-BA0F-4ECF-A8FF-0C16FB1A534A}"
EndProject
Global
	GlobalSection(SolutionConfigurationPlatforms) = preSolution
		Debug|Any CPU = Debug|Any CPU
		Release|Any CPU = Release|Any CPU
	EndGlobalSection
	GlobalSection(ProjectConfigurationPlatforms) = postSolution
		{C8A7594B-FDE4-4465-AB6B-DBD8518E65C4}.Debug|Any CPU.ActiveCfg = Debug|Any CPU
		{C8A7594B-FDE4-4465-AB6B-DBD8518E65C4}.Debug|Any CPU.Build.0 = Debug|Any CPU
		{C8A7594B-FDE4-4465-AB6B-DBD8518E65C4}.Release|Any CPU.ActiveCfg = Release|Any CPU
		{C8A7594B-FDE4-4465-AB6B-DBD8518E65C4}.Release|Any CPU.Build.0 = Release|Any CPU
		{5DF7CEE6-6C51-4160-8F24-918423D73955}.Debug|Any CPU.ActiveCfg = Debug|Any CPU
		{5DF7CEE6-6C51-4160-8F24-918423D73955}.Debug|Any CPU.Build.0 = Debug|Any CPU
		{5DF7CEE6-6C51-4160-8F24-918423D73955}.Debug|Any CPU.Deploy.0 = Debug|Any CPU
		{5DF7CEE6-6C51-4160-8F24-918423D73955}.Release|Any CPU.ActiveCfg = Release|Any CPU
		{5DF7CEE6-6C51-4160-8F24-918423D73955}.Release|Any CPU.Build.0 = Release|Any CPU
		{5DF7CEE6-6C51-4160-8F24-918423D73955}.Release|Any CPU.Deploy.0 = Release|Any CPU
		{972BFC98-BA0F-4ECF-A8FF-0C16FB1A534A}.Debug|Any CPU.ActiveCfg = Debug|Any CPU
		{972BFC98-BA0F-4ECF-A8FF-0C16FB1A534A}.Debug|Any CPU.Build.0 = Debug|Any CPU
		{972BFC98-BA0F-4ECF-A8FF-0C16FB1A534A}.Debug|Any CPU.Deploy.0 = Debug|Any CPU
		{972BFC98-BA0F-4ECF-A8FF-0C16FB1A534A}.Release|Any CPU.ActiveCfg = Release|Any CPU
		{972BFC98-BA0F-4ECF-A8FF-0C16FB1A534A}.Release|Any CPU.Build.0 = Release|Any CPU
		{972BFC98-BA0F-4ECF-A8FF-0C16FB1A534A}.Release|Any CPU.Deploy.0 = Release|Any CPU
	EndGlobalSection
	GlobalSection(SolutionProperties) = preSolution
		HideSolutionNode = FALSE
	EndGlobalSection
EndGlobal
