Microsoft Visual Studio Solution File, Format Version 12.00
# Visual Studio Version 17
VisualStudioVersion = 17.0.31903.59
MinimumVisualStudioVersion = 10.0.40219.1
Project("{9A19103F-16F7-4668-BE54-9A1E7A4F7556}") = "Enterprise.Freight.ContainerYard.Business", "Business\Enterprise.Freight.ContainerYard.Business.csproj", "{DC22371D-5563-4B6E-A190-0BD430A71F75}"
EndProject
Project("{9A19103F-16F7-4668-BE54-9A1E7A4F7556}") = "Enterprise.Freight.ContainerYard.DataTransfer", "DataTransfer\Enterprise.Freight.ContainerYard.DataTransfer.csproj", "{48E198A1-F630-4F27-B0F1-7770E986BF6E}"
EndProject
Project("{9A19103F-16F7-4668-BE54-9A1E7A4F7556}") = "Enterprise.Freight.ContainerYard.Business.Test", "Business.Test\Enterprise.Freight.ContainerYard.Business.Test.csproj", "{5DE7E3C9-B6F5-41DC-BB15-22E979BC6DA5}"
EndProject
Project("{9A19103F-16F7-4668-BE54-9A1E7A4F7556}") = "Enterprise.Freight.ContainerYard.DataTransfer.Test", "DataTransfer.Test\Enterprise.Freight.ContainerYard.DataTransfer.Test.csproj", "{03A5A6E0-97C5-47A5-A6C4-7D17EBFCFE34}"
EndProject
Global
	GlobalSection(SolutionConfigurationPlatforms) = preSolution
		Debug|Any CPU = Debug|Any CPU
		Release|Any CPU = Release|Any CPU
	EndGlobalSection
	GlobalSection(ProjectConfigurationPlatforms) = postSolution
		{DC22371D-5563-4B6E-A190-0BD430A71F75}.Debug|Any CPU.ActiveCfg = Debug|Any CPU
		{DC22371D-5563-4B6E-A190-0BD430A71F75}.Debug|Any CPU.Build.0 = Debug|Any CPU
		{DC22371D-5563-4B6E-A190-0BD430A71F75}.Release|Any CPU.ActiveCfg = Release|Any CPU
		{DC22371D-5563-4B6E-A190-0BD430A71F75}.Release|Any CPU.Build.0 = Release|Any CPU
		{48E198A1-F630-4F27-B0F1-7770E986BF6E}.Debug|Any CPU.ActiveCfg = Debug|Any CPU
		{48E198A1-F630-4F27-B0F1-7770E986BF6E}.Debug|Any CPU.Build.0 = Debug|Any CPU
		{48E198A1-F630-4F27-B0F1-7770E986BF6E}.Release|Any CPU.ActiveCfg = Release|Any CPU
		{48E198A1-F630-4F27-B0F1-7770E986BF6E}.Release|Any CPU.Build.0 = Release|Any CPU
		{5DE7E3C9-B6F5-41DC-BB15-22E979BC6DA5}.Debug|Any CPU.ActiveCfg = Debug|Any CPU
		{5DE7E3C9-B6F5-41DC-BB15-22E979BC6DA5}.Debug|Any CPU.Build.0 = Debug|Any CPU
		{5DE7E3C9-B6F5-41DC-BB15-22E979BC6DA5}.Release|Any CPU.ActiveCfg = Release|Any CPU
		{03A5A6E0-97C5-47A5-A6C4-7D17EBFCFE34}.Debug|Any CPU.ActiveCfg = Debug|Any CPU
		{03A5A6E0-97C5-47A5-A6C4-7D17EBFCFE34}.Debug|Any CPU.Build.0 = Debug|Any CPU
		{03A5A6E0-97C5-47A5-A6C4-7D17EBFCFE34}.Release|Any CPU.ActiveCfg = Release|Any CPU
	EndGlobalSection
	GlobalSection(SolutionProperties) = preSolution
		HideSolutionNode = FALSE
	EndGlobalSection
	GlobalSection(ExtensibilityGlobals) = postSolution
		SolutionGuid = {ACFA48B5-B150-4CF6-8F75-59E492AB6F70}
	EndGlobalSection
EndGlobal
