Microsoft Visual Studio Solution File, Format Version 12.00
# Visual Studio Version 17
VisualStudioVersion = 17.1.32210.238
MinimumVisualStudioVersion = 10.0.40219.1
Project("{9A19103F-16F7-4668-BE54-9A1E7A4F7556}") = "ZClientATL", "ZClientATL\ZClientATL.csproj", "{6C6916AF-27E2-4EC5-B1E1-30300F537492}"
EndProject
Project("{9A19103F-16F7-4668-BE54-9A1E7A4F7556}") = "ZClientATL.Test", "ZClientATL.Test\ZClientATL.Test.csproj", "{EF2D0B0C-AF5F-4469-800E-AEF9FB3E160F}"
EndProject
Global
	GlobalSection(SolutionConfigurationPlatforms) = preSolution
		Debug|Any CPU = Debug|Any CPU
		Release|Any CPU = Release|Any CPU
	EndGlobalSection
	GlobalSection(ProjectConfigurationPlatforms) = postSolution
		{6C6916AF-27E2-4EC5-B1E1-30300F537492}.Debug|Any CPU.ActiveCfg = Debug|Any CPU
		{6C6916AF-27E2-4EC5-B1E1-30300F537492}.Debug|Any CPU.Build.0 = Debug|Any CPU
		{6C6916AF-27E2-4EC5-B1E1-30300F537492}.Release|Any CPU.ActiveCfg = Release|Any CPU
		{6C6916AF-27E2-4EC5-B1E1-30300F537492}.Release|Any CPU.Build.0 = Release|Any CPU
		{EF2D0B0C-AF5F-4469-800E-AEF9FB3E160F}.Debug|Any CPU.ActiveCfg = Debug|Any CPU
		{EF2D0B0C-AF5F-4469-800E-AEF9FB3E160F}.Debug|Any CPU.Build.0 = Debug|Any CPU
		{EF2D0B0C-AF5F-4469-800E-AEF9FB3E160F}.Release|Any CPU.ActiveCfg = Release|Any CPU
	EndGlobalSection
	GlobalSection(SolutionProperties) = preSolution
		HideSolutionNode = FALSE
	EndGlobalSection
	GlobalSection(ExtensibilityGlobals) = postSolution
		SolutionGuid = {79307168-7F20-4AA6-8F7D-FDD738A9E3D7}
	EndGlobalSection
	GlobalSection(CodealikeProperties) = postSolution
		SolutionGuid = b4e346df-8518-475f-8be7-75bd31cc7839
	EndGlobalSection
EndGlobal
