
Microsoft Visual Studio Solution File, Format Version 12.00
# Visual Studio Version 17
VisualStudioVersion = 17.13.35818.85
MinimumVisualStudioVersion = 10.0.40219.1
Project("{FAE04EC0-301F-11D3-BF4B-00C04F79EFBC}") = "Enterprise.Customs.US.DocumentWrappers", "DocumentWrappers\Enterprise.Customs.US.DocumentWrappers.csproj", "{68738C0A-0F16-BF91-3071-3C88956A0065}"
EndProject
Project("{FAE04EC0-301F-11D3-BF4B-00C04F79EFBC}") = "Enterprise.Customs.US.DocumentWrappers.Test", "DocumentWrappers.Test\Enterprise.Customs.US.DocumentWrappers.Test.csproj", "{56C45C1F-CF3D-38C5-9268-0A8E2593910B}"
EndProject
Global
	GlobalSection(SolutionConfigurationPlatforms) = preSolution
		Debug|Any CPU = Debug|Any CPU
		Release|Any CPU = Release|Any CPU
	EndGlobalSection
	GlobalSection(ProjectConfigurationPlatforms) = postSolution
		{68738C0A-0F16-BF91-3071-3C88956A0065}.Debug|Any CPU.ActiveCfg = Debug|Any CPU
		{68738C0A-0F16-BF91-3071-3C88956A0065}.Debug|Any CPU.Build.0 = Debug|Any CPU
		{68738C0A-0F16-BF91-3071-3C88956A0065}.Release|Any CPU.ActiveCfg = Release|Any CPU
		{68738C0A-0F16-BF91-3071-3C88956A0065}.Release|Any CPU.Build.0 = Release|Any CPU
		{56C45C1F-CF3D-38C5-9268-0A8E2593910B}.Debug|Any CPU.ActiveCfg = Debug|Any CPU
		{56C45C1F-CF3D-38C5-9268-0A8E2593910B}.Debug|Any CPU.Build.0 = Debug|Any CPU
		{56C45C1F-CF3D-38C5-9268-0A8E2593910B}.Release|Any CPU.ActiveCfg = Release|Any CPU
	EndGlobalSection
	GlobalSection(SolutionProperties) = preSolution
		HideSolutionNode = FALSE
	EndGlobalSection
	GlobalSection(ExtensibilityGlobals) = postSolution
		SolutionGuid = {E4E58B68-470F-42B5-96BC-AAB9A947D170}
	EndGlobalSection
EndGlobal
