
Microsoft Visual Studio Solution File, Format Version 12.00
# Visual Studio Version 17
VisualStudioVersion = 17.0.31903.59
MinimumVisualStudioVersion = 10.0.40219.1
Project("{9A19103F-16F7-4668-BE54-9A1E7A4F7556}") = "Enterprise.Freight.Forwarding.Routing.S8.Business", "Enterprise.Freight.Forwarding.Routing.S8.Business\Enterprise.Freight.Forwarding.Routing.S8.Business.csproj", "{7C7FB68D-1347-42E3-904A-18A353AF3698}"
EndProject
Project("{9A19103F-16F7-4668-BE54-9A1E7A4F7556}") = "Enterprise.Freight.Forwarding.Routing.S8.GUI", "Enterprise.Freight.Forwarding.Routing.S8.GUI\Enterprise.Freight.Forwarding.Routing.S8.GUI.csproj", "{FBA0246F-C870-47F0-B5C8-64118603A827}"
EndProject
Project("{9A19103F-16F7-4668-BE54-9A1E7A4F7556}") = "Enterprise.Freight.Forwarding.Routing.S8.GUI.Test", "Enterprise.Freight.Forwarding.Routing.S8.GUI.Test\Enterprise.Freight.Forwarding.Routing.S8.GUI.Test.csproj", "{C4F7CB0D-6B12-4126-917F-DE6494D44092}"
EndProject
Project("{9A19103F-16F7-4668-BE54-9A1E7A4F7556}") = "Enterprise.Freight.Forwarding.Routing.S8.Module", "Enterprise.Freight.Forwarding.Routing.S8.Module\Enterprise.Freight.Forwarding.Routing.S8.Module.csproj", "{A44B46ED-1A62-4AB4-ACEB-7AF2C9B03BE3}"
EndProject
Project("{9A19103F-16F7-4668-BE54-9A1E7A4F7556}") = "Enterprise.Freight.Forwarding.Routing.S8.Module.Test", "Enterprise.Freight.Forwarding.Routing.S8.Module.Test\Enterprise.Freight.Forwarding.Routing.S8.Module.Test.csproj", "{81CA9A80-8495-4919-BC83-29976C6327BA}"
EndProject
Project("{9A19103F-16F7-4668-BE54-9A1E7A4F7556}") = "Enterprise.Freight.Forwarding.Routing.S8.Business.Test", "Enterprise.Freight.Forwarding.Routing.S8.Business.Test\Enterprise.Freight.Forwarding.Routing.S8.Business.Test.csproj", "{B31623F2-9D84-4340-859E-4FC78C4C73CD}"
	ProjectSection(ProjectDependencies) = postProject
		{7C7FB68D-1347-42E3-904A-18A353AF3698} = {7C7FB68D-1347-42E3-904A-18A353AF3698}
	EndProjectSection
EndProject
Project("{9A19103F-16F7-4668-BE54-9A1E7A4F7556}") = "Enterprise.Freight.Forwarding.Routing.S8.GUI.Winzor", "Enterprise.Freight.Forwarding.Routing.S8.GUI\Enterprise.Freight.Forwarding.Routing.S8.GUI.Winzor.csproj", "{F7C549E5-4EE8-41BC-B8A5-BE47C3E8E72A}"
EndProject
Project("{9A19103F-16F7-4668-BE54-9A1E7A4F7556}") = "Enterprise.Freight.Forwarding.Routing.S8.Module.Winzor", "Enterprise.Freight.Forwarding.Routing.S8.Module\Enterprise.Freight.Forwarding.Routing.S8.Module.Winzor.csproj", "{6232C48F-F3E8-48FC-BD54-D20221E7F4E5}"
EndProject
Project("{9A19103F-16F7-4668-BE54-9A1E7A4F7556}") = "Enterprise.Freight.Forwarding.Routing.S8.GUI.Test.Winzor", "Enterprise.Freight.Forwarding.Routing.S8.GUI.Test\Enterprise.Freight.Forwarding.Routing.S8.GUI.Test.Winzor.csproj", "{E0472836-F376-460F-B812-38EE534A3291}"
EndProject
Project("{9A19103F-16F7-4668-BE54-9A1E7A4F7556}") = "Enterprise.Freight.Forwarding.Routing.S8.Module.Test.Winzor", "Enterprise.Freight.Forwarding.Routing.S8.Module.Test\Enterprise.Freight.Forwarding.Routing.S8.Module.Test.Winzor.csproj", "{BC798759-7891-40B1-96A6-BDD7D231F142}"
EndProject
Global
	GlobalSection(SolutionConfigurationPlatforms) = preSolution
		Debug|Any CPU = Debug|Any CPU
		Release|Any CPU = Release|Any CPU
	EndGlobalSection
	GlobalSection(ProjectConfigurationPlatforms) = postSolution
		{7C7FB68D-1347-42E3-904A-18A353AF3698}.Debug|Any CPU.ActiveCfg = Debug|Any CPU
		{7C7FB68D-1347-42E3-904A-18A353AF3698}.Debug|Any CPU.Build.0 = Debug|Any CPU
		{7C7FB68D-1347-42E3-904A-18A353AF3698}.Release|Any CPU.ActiveCfg = Release|Any CPU
		{7C7FB68D-1347-42E3-904A-18A353AF3698}.Release|Any CPU.Build.0 = Release|Any CPU
		{FBA0246F-C870-47F0-B5C8-64118603A827}.Debug|Any CPU.ActiveCfg = Debug|Any CPU
		{FBA0246F-C870-47F0-B5C8-64118603A827}.Debug|Any CPU.Build.0 = Debug|Any CPU
		{FBA0246F-C870-47F0-B5C8-64118603A827}.Release|Any CPU.ActiveCfg = Release|Any CPU
		{FBA0246F-C870-47F0-B5C8-64118603A827}.Release|Any CPU.Build.0 = Release|Any CPU
		{C4F7CB0D-6B12-4126-917F-DE6494D44092}.Debug|Any CPU.ActiveCfg = Debug|Any CPU
		{C4F7CB0D-6B12-4126-917F-DE6494D44092}.Debug|Any CPU.Build.0 = Debug|Any CPU
		{C4F7CB0D-6B12-4126-917F-DE6494D44092}.Release|Any CPU.ActiveCfg = Release|Any CPU
		{A44B46ED-1A62-4AB4-ACEB-7AF2C9B03BE3}.Debug|Any CPU.ActiveCfg = Debug|Any CPU
		{A44B46ED-1A62-4AB4-ACEB-7AF2C9B03BE3}.Debug|Any CPU.Build.0 = Debug|Any CPU
		{A44B46ED-1A62-4AB4-ACEB-7AF2C9B03BE3}.Release|Any CPU.ActiveCfg = Release|Any CPU
		{A44B46ED-1A62-4AB4-ACEB-7AF2C9B03BE3}.Release|Any CPU.Build.0 = Release|Any CPU
		{81CA9A80-8495-4919-BC83-29976C6327BA}.Debug|Any CPU.ActiveCfg = Debug|Any CPU
		{81CA9A80-8495-4919-BC83-29976C6327BA}.Debug|Any CPU.Build.0 = Debug|Any CPU
		{81CA9A80-8495-4919-BC83-29976C6327BA}.Release|Any CPU.ActiveCfg = Release|Any CPU
		{B31623F2-9D84-4340-859E-4FC78C4C73CD}.Debug|Any CPU.ActiveCfg = Debug|Any CPU
		{B31623F2-9D84-4340-859E-4FC78C4C73CD}.Debug|Any CPU.Build.0 = Debug|Any CPU
		{B31623F2-9D84-4340-859E-4FC78C4C73CD}.Release|Any CPU.ActiveCfg = Release|Any CPU
		{F7C549E5-4EE8-41BC-B8A5-BE47C3E8E72A}.Debug|Any CPU.ActiveCfg = Debug|Any CPU
		{F7C549E5-4EE8-41BC-B8A5-BE47C3E8E72A}.Debug|Any CPU.Build.0 = Debug|Any CPU
		{F7C549E5-4EE8-41BC-B8A5-BE47C3E8E72A}.Release|Any CPU.ActiveCfg = Release|Any CPU
		{F7C549E5-4EE8-41BC-B8A5-BE47C3E8E72A}.Release|Any CPU.Build.0 = Release|Any CPU
		{6232C48F-F3E8-48FC-BD54-D20221E7F4E5}.Debug|Any CPU.ActiveCfg = Debug|Any CPU
		{6232C48F-F3E8-48FC-BD54-D20221E7F4E5}.Debug|Any CPU.Build.0 = Debug|Any CPU
		{6232C48F-F3E8-48FC-BD54-D20221E7F4E5}.Release|Any CPU.ActiveCfg = Release|Any CPU
		{6232C48F-F3E8-48FC-BD54-D20221E7F4E5}.Release|Any CPU.Build.0 = Release|Any CPU
		{E0472836-F376-460F-B812-38EE534A3291}.Debug|Any CPU.ActiveCfg = Debug|Any CPU
		{E0472836-F376-460F-B812-38EE534A3291}.Debug|Any CPU.Build.0 = Debug|Any CPU
		{E0472836-F376-460F-B812-38EE534A3291}.Release|Any CPU.ActiveCfg = Release|Any CPU
		{BC798759-7891-40B1-96A6-BDD7D231F142}.Debug|Any CPU.ActiveCfg = Debug|Any CPU
		{BC798759-7891-40B1-96A6-BDD7D231F142}.Debug|Any CPU.Build.0 = Debug|Any CPU
		{BC798759-7891-40B1-96A6-BDD7D231F142}.Release|Any CPU.ActiveCfg = Release|Any CPU
	EndGlobalSection
	GlobalSection(SolutionProperties) = preSolution
		HideSolutionNode = FALSE
	EndGlobalSection
	GlobalSection(ExtensibilityGlobals) = postSolution
		SolutionGuid = {986BB72B-4DDC-4195-A741-0B010DF055E9}
	EndGlobalSection
	GlobalSection(CodealikeProperties) = postSolution
		SolutionGuid = b836921b-ae56-47e3-a4b8-76c1aff49dfd
	EndGlobalSection
EndGlobal
