Microsoft Visual Studio Solution File, Format Version 12.00
# Visual Studio Version 17
VisualStudioVersion = 17.0.31903.59
MinimumVisualStudioVersion = 10.0.40219.1
Project("{9A19103F-16F7-4668-BE54-9A1E7A4F7556}") = "Enterprise.Customs.CA.Business", "Business\Enterprise.Customs.CA.Business.csproj", "{DE51E250-6BC9-439F-B2F6-E5B0CE6378EB}"
EndProject
Project("{9A19103F-16F7-4668-BE54-9A1E7A4F7556}") = "Enterprise.Customs.CA.Business.Test", "Business.Test\Enterprise.Customs.CA.Business.Test.csproj", "{0377496E-A2B0-4577-9DC0-C5BC95A9755C}"
EndProject
Project("{9A19103F-16F7-4668-BE54-9A1E7A4F7556}") = "Enterprise.Customs.CA.GUI", "GUI\Enterprise.Customs.CA.GUI.csproj", "{E44299F1-2117-4CFB-BE9C-64AEC34F4952}"
EndProject
Project("{9A19103F-16F7-4668-BE54-9A1E7A4F7556}") = "Enterprise.Customs.CA.GUI.Test", "GUI.Test\Enterprise.Customs.CA.GUI.Test.csproj", "{C3F106F9-116B-4F3B-A104-0D77F19963D8}"
EndProject
Project("{9A19103F-16F7-4668-BE54-9A1E7A4F7556}") = "Enterprise.Customs.CA.Module", "Module\Enterprise.Customs.CA.Module.csproj", "{E9B55A01-C467-4CA4-B296-7B4B4E24F899}"
EndProject
Project("{9A19103F-16F7-4668-BE54-9A1E7A4F7556}") = "Enterprise.Customs.CA.Module.Test", "Module.Test\Enterprise.Customs.CA.Module.Test.csproj", "{7E2C1FE0-9C78-49A5-B8E7-08FA9FB5FAC9}"
EndProject
Project("{9A19103F-16F7-4668-BE54-9A1E7A4F7556}") = "Enterprise.Customs.CA.ServiceTasks", "ServiceTasks\Enterprise.Customs.CA.ServiceTasks.csproj", "{7A588AD1-9BD7-4C8E-8392-219447609912}"
EndProject
Project("{9A19103F-16F7-4668-BE54-9A1E7A4F7556}") = "Enterprise.Customs.CA.ServiceTasks.Test", "ServiceTasks.Test\Enterprise.Customs.CA.ServiceTasks.Test.csproj", "{9C6579E5-D355-4831-8E55-24AA2E84CC03}"
EndProject
Project("{9A19103F-16F7-4668-BE54-9A1E7A4F7556}") = "Enterprise.Customs.CA.DataTransfer", "DataTransfer\DataTransfer\Enterprise.Customs.CA.DataTransfer.csproj", "{A8B17986-A389-4FB1-9053-EFB0FA6A20F6}"
EndProject
Project("{9A19103F-16F7-4668-BE54-9A1E7A4F7556}") = "Enterprise.Customs.CA.DataTransfer.Test", "DataTransfer\DataTransfer.Test\Enterprise.Customs.CA.DataTransfer.Test.csproj", "{74F4C0E4-E484-4CB9-9A87-56CA756BADB2}"
EndProject
Project("{9A19103F-16F7-4668-BE54-9A1E7A4F7556}") = "Enterprise.Customs.CA.Services", "Services\Enterprise.Customs.CA.Services.csproj", "{8CDE83E3-8A09-4020-A6EF-997D96FF11A2}"
EndProject
Project("{9A19103F-16F7-4668-BE54-9A1E7A4F7556}") = "Enterprise.Customs.CA.Services.Test", "Services.Test\Enterprise.Customs.CA.Services.Test.csproj", "{7C1FB514-5AA6-4779-9B7F-E1F1D3A678EB}"
EndProject
Project("{9A19103F-16F7-4668-BE54-9A1E7A4F7556}") = "Enterprise.Customs.CA.Messaging", "Messaging\Enterprise.Customs.CA.Messaging.csproj", "{02999C18-1FAE-4419-A921-8018666BC8C6}"
EndProject
Project("{9A19103F-16F7-4668-BE54-9A1E7A4F7556}") = "Enterprise.Customs.CA.Messaging.Test", "Messaging.Test\Enterprise.Customs.CA.Messaging.Test.csproj", "{1C148DE0-F3E3-4DFC-86BC-02E88D5D6A5B}"
EndProject
Project("{9A19103F-16F7-4668-BE54-9A1E7A4F7556}") = "Enterprise.Customs.CA.GUI.Winzor", "GUI\Enterprise.Customs.CA.GUI.Winzor.csproj", "{7E3A8D78-36DA-4B6A-9876-FCD57FF4CF60}"
EndProject
Project("{9A19103F-16F7-4668-BE54-9A1E7A4F7556}") = "Enterprise.Customs.CA.Module.Winzor", "Module\Enterprise.Customs.CA.Module.Winzor.csproj", "{879B4E3F-FA10-4E97-AAB8-E6F75D1CF524}"
EndProject
Project("{9A19103F-16F7-4668-BE54-9A1E7A4F7556}") = "Enterprise.Customs.CA.GUI.Test.Winzor", "GUI.Test\Enterprise.Customs.CA.GUI.Test.Winzor.csproj", "{BE5969D2-B557-49F9-988F-891DEE9AB25E}"
EndProject
Project("{9A19103F-16F7-4668-BE54-9A1E7A4F7556}") = "Enterprise.Customs.CA.Module.Test.Winzor", "Module.Test\Enterprise.Customs.CA.Module.Test.Winzor.csproj", "{4835012A-61D0-44C8-BEF1-8C2C7F516EF6}"
EndProject
Global
	GlobalSection(SolutionConfigurationPlatforms) = preSolution
		Debug|Any CPU = Debug|Any CPU
		Release|Any CPU = Release|Any CPU
	EndGlobalSection
	GlobalSection(ProjectConfigurationPlatforms) = postSolution
		{DE51E250-6BC9-439F-B2F6-E5B0CE6378EB}.Debug|Any CPU.ActiveCfg = Debug|Any CPU
		{DE51E250-6BC9-439F-B2F6-E5B0CE6378EB}.Debug|Any CPU.Build.0 = Debug|Any CPU
		{DE51E250-6BC9-439F-B2F6-E5B0CE6378EB}.Release|Any CPU.ActiveCfg = Release|Any CPU
		{DE51E250-6BC9-439F-B2F6-E5B0CE6378EB}.Release|Any CPU.Build.0 = Release|Any CPU
		{E44299F1-2117-4CFB-BE9C-64AEC34F4952}.Debug|Any CPU.ActiveCfg = Debug|Any CPU
		{E44299F1-2117-4CFB-BE9C-64AEC34F4952}.Debug|Any CPU.Build.0 = Debug|Any CPU
		{E44299F1-2117-4CFB-BE9C-64AEC34F4952}.Release|Any CPU.ActiveCfg = Release|Any CPU
		{E44299F1-2117-4CFB-BE9C-64AEC34F4952}.Release|Any CPU.Build.0 = Release|Any CPU
		{C3F106F9-116B-4F3B-A104-0D77F19963D8}.Debug|Any CPU.ActiveCfg = Debug|Any CPU
		{C3F106F9-116B-4F3B-A104-0D77F19963D8}.Debug|Any CPU.Build.0 = Debug|Any CPU
		{C3F106F9-116B-4F3B-A104-0D77F19963D8}.Release|Any CPU.ActiveCfg = Release|Any CPU
		{E9B55A01-C467-4CA4-B296-7B4B4E24F899}.Debug|Any CPU.ActiveCfg = Debug|Any CPU
		{E9B55A01-C467-4CA4-B296-7B4B4E24F899}.Debug|Any CPU.Build.0 = Debug|Any CPU
		{E9B55A01-C467-4CA4-B296-7B4B4E24F899}.Release|Any CPU.ActiveCfg = Release|Any CPU
		{E9B55A01-C467-4CA4-B296-7B4B4E24F899}.Release|Any CPU.Build.0 = Release|Any CPU
		{7E2C1FE0-9C78-49A5-B8E7-08FA9FB5FAC9}.Debug|Any CPU.ActiveCfg = Debug|Any CPU
		{7E2C1FE0-9C78-49A5-B8E7-08FA9FB5FAC9}.Debug|Any CPU.Build.0 = Debug|Any CPU
		{7E2C1FE0-9C78-49A5-B8E7-08FA9FB5FAC9}.Release|Any CPU.ActiveCfg = Release|Any CPU
		{7A588AD1-9BD7-4C8E-8392-219447609912}.Debug|Any CPU.ActiveCfg = Debug|Any CPU
		{7A588AD1-9BD7-4C8E-8392-219447609912}.Debug|Any CPU.Build.0 = Debug|Any CPU
		{7A588AD1-9BD7-4C8E-8392-219447609912}.Release|Any CPU.ActiveCfg = Release|Any CPU
		{7A588AD1-9BD7-4C8E-8392-219447609912}.Release|Any CPU.Build.0 = Release|Any CPU
		{9C6579E5-D355-4831-8E55-24AA2E84CC03}.Debug|Any CPU.ActiveCfg = Debug|Any CPU
		{9C6579E5-D355-4831-8E55-24AA2E84CC03}.Debug|Any CPU.Build.0 = Debug|Any CPU
		{9C6579E5-D355-4831-8E55-24AA2E84CC03}.Release|Any CPU.ActiveCfg = Release|Any CPU
		{A8B17986-A389-4FB1-9053-EFB0FA6A20F6}.Debug|Any CPU.ActiveCfg = Debug|Any CPU
		{A8B17986-A389-4FB1-9053-EFB0FA6A20F6}.Debug|Any CPU.Build.0 = Debug|Any CPU
		{A8B17986-A389-4FB1-9053-EFB0FA6A20F6}.Release|Any CPU.ActiveCfg = Release|Any CPU
		{A8B17986-A389-4FB1-9053-EFB0FA6A20F6}.Release|Any CPU.Build.0 = Release|Any CPU
		{74F4C0E4-E484-4CB9-9A87-56CA756BADB2}.Debug|Any CPU.ActiveCfg = Debug|Any CPU
		{74F4C0E4-E484-4CB9-9A87-56CA756BADB2}.Debug|Any CPU.Build.0 = Debug|Any CPU
		{74F4C0E4-E484-4CB9-9A87-56CA756BADB2}.Release|Any CPU.ActiveCfg = Release|Any CPU
		{8CDE83E3-8A09-4020-A6EF-997D96FF11A2}.Debug|Any CPU.ActiveCfg = Debug|Any CPU
		{8CDE83E3-8A09-4020-A6EF-997D96FF11A2}.Debug|Any CPU.Build.0 = Debug|Any CPU
		{8CDE83E3-8A09-4020-A6EF-997D96FF11A2}.Release|Any CPU.ActiveCfg = Release|Any CPU
		{8CDE83E3-8A09-4020-A6EF-997D96FF11A2}.Release|Any CPU.Build.0 = Release|Any CPU
		{7C1FB514-5AA6-4779-9B7F-E1F1D3A678EB}.Debug|Any CPU.ActiveCfg = Debug|Any CPU
		{7C1FB514-5AA6-4779-9B7F-E1F1D3A678EB}.Debug|Any CPU.Build.0 = Debug|Any CPU
		{7C1FB514-5AA6-4779-9B7F-E1F1D3A678EB}.Release|Any CPU.ActiveCfg = Release|Any CPU
		{02999C18-1FAE-4419-A921-8018666BC8C6}.Debug|Any CPU.ActiveCfg = Debug|Any CPU
		{02999C18-1FAE-4419-A921-8018666BC8C6}.Debug|Any CPU.Build.0 = Debug|Any CPU
		{02999C18-1FAE-4419-A921-8018666BC8C6}.Release|Any CPU.ActiveCfg = Release|Any CPU
		{02999C18-1FAE-4419-A921-8018666BC8C6}.Release|Any CPU.Build.0 = Release|Any CPU
		{1C148DE0-F3E3-4DFC-86BC-02E88D5D6A5B}.Debug|Any CPU.ActiveCfg = Debug|Any CPU
		{1C148DE0-F3E3-4DFC-86BC-02E88D5D6A5B}.Debug|Any CPU.Build.0 = Debug|Any CPU
		{1C148DE0-F3E3-4DFC-86BC-02E88D5D6A5B}.Release|Any CPU.ActiveCfg = Release|Any CPU
		{7E3A8D78-36DA-4B6A-9876-FCD57FF4CF60}.Debug|Any CPU.ActiveCfg = Debug|Any CPU
		{7E3A8D78-36DA-4B6A-9876-FCD57FF4CF60}.Debug|Any CPU.Build.0 = Debug|Any CPU
		{7E3A8D78-36DA-4B6A-9876-FCD57FF4CF60}.Release|Any CPU.ActiveCfg = Release|Any CPU
		{7E3A8D78-36DA-4B6A-9876-FCD57FF4CF60}.Release|Any CPU.Build.0 = Release|Any CPU
		{879B4E3F-FA10-4E97-AAB8-E6F75D1CF524}.Debug|Any CPU.ActiveCfg = Debug|Any CPU
		{879B4E3F-FA10-4E97-AAB8-E6F75D1CF524}.Debug|Any CPU.Build.0 = Debug|Any CPU
		{879B4E3F-FA10-4E97-AAB8-E6F75D1CF524}.Release|Any CPU.ActiveCfg = Release|Any CPU
		{879B4E3F-FA10-4E97-AAB8-E6F75D1CF524}.Release|Any CPU.Build.0 = Release|Any CPU
		{BE5969D2-B557-49F9-988F-891DEE9AB25E}.Debug|Any CPU.ActiveCfg = Debug|Any CPU
		{BE5969D2-B557-49F9-988F-891DEE9AB25E}.Debug|Any CPU.Build.0 = Debug|Any CPU
		{BE5969D2-B557-49F9-988F-891DEE9AB25E}.Release|Any CPU.ActiveCfg = Release|Any CPU
		{4835012A-61D0-44C8-BEF1-8C2C7F516EF6}.Debug|Any CPU.ActiveCfg = Debug|Any CPU
		{4835012A-61D0-44C8-BEF1-8C2C7F516EF6}.Debug|Any CPU.Build.0 = Debug|Any CPU
		{4835012A-61D0-44C8-BEF1-8C2C7F516EF6}.Release|Any CPU.ActiveCfg = Release|Any CPU
		{0377496E-A2B0-4577-9DC0-C5BC95A9755C}.Debug|Any CPU.ActiveCfg = Debug|Any CPU
		{0377496E-A2B0-4577-9DC0-C5BC95A9755C}.Debug|Any CPU.Build.0 = Debug|Any CPU
		{0377496E-A2B0-4577-9DC0-C5BC95A9755C}.Release|Any CPU.ActiveCfg = Release|Any CPU
	EndGlobalSection
	GlobalSection(SolutionProperties) = preSolution
		HideSolutionNode = FALSE
	EndGlobalSection
	GlobalSection(ExtensibilityGlobals) = postSolution
		SolutionGuid = {93104E54-8A19-4D10-B12D-E68F74057F1F}
	EndGlobalSection
	GlobalSection(CodealikeProperties) = postSolution
		SolutionGuid = a47106e7-1c46-4450-8779-5f6936b901a2
	EndGlobalSection
EndGlobal
