
Microsoft Visual Studio Solution File, Format Version 12.00
# Visual Studio Version 16
VisualStudioVersion = 16.0.29609.76
MinimumVisualStudioVersion = 10.0.40219.1
Project("{2150E333-8FDC-42A3-9474-1A3956D46DE8}") = "Solution Items", "Solution Items", "{AFF81957-DE38-4A13-A428-1CB1A313B675}"
	ProjectSection(SolutionItems) = preProject
		CargoWise.eHub.Products.LastMileCarrier.vsmdi = CargoWise.eHub.Products.LastMileCarrier.vsmdi
		Local.testsettings = Local.testsettings
		TraceAndTestImpact.testsettings = TraceAndTestImpact.testsettings
	EndProjectSection
EndProject
Project("{FAE04EC0-301F-11D3-BF4B-00C04F79EFBC}") = "CargoWise.eHub.Products.LastMileCarrier.Schemas", "Schemas\CargoWise.eHub.Products.LastMileCarrier.Schemas.btproj", "{DCF2AC53-59ED-4F7A-AAC7-F70E55E67318}"
EndProject
Project("{FAE04EC0-301F-11D3-BF4B-00C04F79EFBC}") = "CargoWise.eHub.Products.LastMileCarrier.Tests", "Tests\CargoWise.eHub.Products.LastMileCarrier.Tests.csproj", "{4D792A63-13E2-4CB0-9164-992F2FE02F20}"
EndProject
Project("{FAE04EC0-301F-11D3-BF4B-00C04F79EFBC}") = "CargoWise.eHub.Products.LastMileCarrier.Transforms.APOEventMessages2UniversalEvent", "APOEventMessages2UniversalEvent\CargoWise.eHub.Products.LastMileCarrier.Transforms.APOEventMessages2UniversalEvent.btproj", "{7240EFC0-8DDD-4514-9CBF-718C74B8A016}"
EndProject
Project("{FAE04EC0-301F-11D3-BF4B-00C04F79EFBC}") = "CargoWise.eHub.Products.LastMileCarrier.Transforms.UniversalShipment2eParcelMessages", "UniversalShipment2eParcelMessages\CargoWise.eHub.Products.LastMileCarrier.Transforms.UniversalShipment2eParcelMessages.btproj", "{2323CE8B-322B-4A36-A3D5-1654E85777BD}"
EndProject
Project("{FAE04EC0-301F-11D3-BF4B-00C04F79EFBC}") = "CargoWise.eHub.Products.LastMileCarrier.Transforms.UniversalShipment2PreAdviceMessage", "UniversalShipment2PreAdviceMessage\CargoWise.eHub.Products.LastMileCarrier.Transforms.UniversalShipment2PreAdviceMessage.btproj", "{74AFA6E6-9006-463A-9EBB-B9C61A9FBE02}"
EndProject
Project("{FAE04EC0-301F-11D3-BF4B-00C04F79EFBC}") = "CargoWise.eHub.Products.LastMileCarrier.Transforms.PreadviceResponse2UniversalEvent", "PreadviceResponse2UniversalEvent\CargoWise.eHub.Products.LastMileCarrier.Transforms.PreadviceResponse2UniversalEvent.btproj", "{0F010E8E-DF48-401D-B98B-72653063510C}"
EndProject
Project("{FAE04EC0-301F-11D3-BF4B-00C04F79EFBC}") = "CargoWise.eHub.Products.LastMileCarrier.Transforms.UniversalShipment2ICOSManifest", "UniversalShipment2ICOSManifest\CargoWise.eHub.Products.LastMileCarrier.Transforms.UniversalShipment2ICOSManifest.btproj", "{81C375FF-5B8D-4459-B601-18D39D8C1620}"
EndProject
Project("{FAE04EC0-301F-11D3-BF4B-00C04F79EFBC}") = "CargoWise.eHub.Products.LastMileCarrier.Transforms.ICOSStatus2UniEventInterchange", "ICOSStatus2UniEventInterchange\CargoWise.eHub.Products.LastMileCarrier.Transforms.ICOSStatus2UniEventInterchange.btproj", "{4F8D30EE-308A-42CD-BC2C-6ED4193B2529}"
EndProject
Global
	GlobalSection(SolutionConfigurationPlatforms) = preSolution
		Debug|Any CPU = Debug|Any CPU
		Release|Any CPU = Release|Any CPU
	EndGlobalSection
	GlobalSection(ProjectConfigurationPlatforms) = postSolution
		{DCF2AC53-59ED-4F7A-AAC7-F70E55E67318}.Debug|Any CPU.ActiveCfg = Debug|Any CPU
		{DCF2AC53-59ED-4F7A-AAC7-F70E55E67318}.Debug|Any CPU.Build.0 = Debug|Any CPU
		{DCF2AC53-59ED-4F7A-AAC7-F70E55E67318}.Debug|Any CPU.Deploy.0 = Debug|Any CPU
		{DCF2AC53-59ED-4F7A-AAC7-F70E55E67318}.Release|Any CPU.ActiveCfg = Release|Any CPU
		{DCF2AC53-59ED-4F7A-AAC7-F70E55E67318}.Release|Any CPU.Build.0 = Release|Any CPU
		{DCF2AC53-59ED-4F7A-AAC7-F70E55E67318}.Release|Any CPU.Deploy.0 = Release|Any CPU
		{4D792A63-13E2-4CB0-9164-992F2FE02F20}.Debug|Any CPU.ActiveCfg = Debug|Any CPU
		{4D792A63-13E2-4CB0-9164-992F2FE02F20}.Debug|Any CPU.Build.0 = Debug|Any CPU
		{4D792A63-13E2-4CB0-9164-992F2FE02F20}.Release|Any CPU.ActiveCfg = Release|Any CPU
		{4D792A63-13E2-4CB0-9164-992F2FE02F20}.Release|Any CPU.Build.0 = Release|Any CPU
		{7240EFC0-8DDD-4514-9CBF-718C74B8A016}.Debug|Any CPU.ActiveCfg = Debug|Any CPU
		{7240EFC0-8DDD-4514-9CBF-718C74B8A016}.Debug|Any CPU.Build.0 = Debug|Any CPU
		{7240EFC0-8DDD-4514-9CBF-718C74B8A016}.Debug|Any CPU.Deploy.0 = Debug|Any CPU
		{7240EFC0-8DDD-4514-9CBF-718C74B8A016}.Release|Any CPU.ActiveCfg = Release|Any CPU
		{7240EFC0-8DDD-4514-9CBF-718C74B8A016}.Release|Any CPU.Build.0 = Release|Any CPU
		{7240EFC0-8DDD-4514-9CBF-718C74B8A016}.Release|Any CPU.Deploy.0 = Release|Any CPU
		{2323CE8B-322B-4A36-A3D5-1654E85777BD}.Debug|Any CPU.ActiveCfg = Debug|Any CPU
		{2323CE8B-322B-4A36-A3D5-1654E85777BD}.Debug|Any CPU.Build.0 = Debug|Any CPU
		{2323CE8B-322B-4A36-A3D5-1654E85777BD}.Debug|Any CPU.Deploy.0 = Debug|Any CPU
		{2323CE8B-322B-4A36-A3D5-1654E85777BD}.Release|Any CPU.ActiveCfg = Release|Any CPU
		{2323CE8B-322B-4A36-A3D5-1654E85777BD}.Release|Any CPU.Build.0 = Release|Any CPU
		{2323CE8B-322B-4A36-A3D5-1654E85777BD}.Release|Any CPU.Deploy.0 = Release|Any CPU
		{74AFA6E6-9006-463A-9EBB-B9C61A9FBE02}.Debug|Any CPU.ActiveCfg = Debug|Any CPU
		{74AFA6E6-9006-463A-9EBB-B9C61A9FBE02}.Debug|Any CPU.Build.0 = Debug|Any CPU
		{74AFA6E6-9006-463A-9EBB-B9C61A9FBE02}.Debug|Any CPU.Deploy.0 = Debug|Any CPU
		{74AFA6E6-9006-463A-9EBB-B9C61A9FBE02}.Release|Any CPU.ActiveCfg = Release|Any CPU
		{74AFA6E6-9006-463A-9EBB-B9C61A9FBE02}.Release|Any CPU.Build.0 = Release|Any CPU
		{74AFA6E6-9006-463A-9EBB-B9C61A9FBE02}.Release|Any CPU.Deploy.0 = Release|Any CPU
		{0F010E8E-DF48-401D-B98B-72653063510C}.Debug|Any CPU.ActiveCfg = Debug|Any CPU
		{0F010E8E-DF48-401D-B98B-72653063510C}.Debug|Any CPU.Build.0 = Debug|Any CPU
		{0F010E8E-DF48-401D-B98B-72653063510C}.Debug|Any CPU.Deploy.0 = Debug|Any CPU
		{0F010E8E-DF48-401D-B98B-72653063510C}.Release|Any CPU.ActiveCfg = Release|Any CPU
		{0F010E8E-DF48-401D-B98B-72653063510C}.Release|Any CPU.Build.0 = Release|Any CPU
		{0F010E8E-DF48-401D-B98B-72653063510C}.Release|Any CPU.Deploy.0 = Release|Any CPU
		{81C375FF-5B8D-4459-B601-18D39D8C1620}.Debug|Any CPU.ActiveCfg = Debug|Any CPU
		{81C375FF-5B8D-4459-B601-18D39D8C1620}.Debug|Any CPU.Build.0 = Debug|Any CPU
		{81C375FF-5B8D-4459-B601-18D39D8C1620}.Debug|Any CPU.Deploy.0 = Debug|Any CPU
		{81C375FF-5B8D-4459-B601-18D39D8C1620}.Release|Any CPU.ActiveCfg = Release|Any CPU
		{81C375FF-5B8D-4459-B601-18D39D8C1620}.Release|Any CPU.Build.0 = Release|Any CPU
		{81C375FF-5B8D-4459-B601-18D39D8C1620}.Release|Any CPU.Deploy.0 = Release|Any CPU
		{4F8D30EE-308A-42CD-BC2C-6ED4193B2529}.Debug|Any CPU.ActiveCfg = Debug|Any CPU
		{4F8D30EE-308A-42CD-BC2C-6ED4193B2529}.Debug|Any CPU.Build.0 = Debug|Any CPU
		{4F8D30EE-308A-42CD-BC2C-6ED4193B2529}.Debug|Any CPU.Deploy.0 = Debug|Any CPU
		{4F8D30EE-308A-42CD-BC2C-6ED4193B2529}.Release|Any CPU.ActiveCfg = Release|Any CPU
		{4F8D30EE-308A-42CD-BC2C-6ED4193B2529}.Release|Any CPU.Build.0 = Release|Any CPU
		{4F8D30EE-308A-42CD-BC2C-6ED4193B2529}.Release|Any CPU.Deploy.0 = Release|Any CPU
	EndGlobalSection
	GlobalSection(SolutionProperties) = preSolution
		HideSolutionNode = FALSE
	EndGlobalSection
	GlobalSection(ExtensibilityGlobals) = postSolution
		SolutionGuid = {62FCF0BF-C8EE-443F-8F7D-932B850F6BD0}
	EndGlobalSection
	GlobalSection(TestCaseManagementSettings) = postSolution
		CategoryFile = CargoWise.eHub.Products.LastMileCarrier.vsmdi
	EndGlobalSection
EndGlobal
