
Microsoft Visual Studio Solution File, Format Version 12.00
# Visual Studio Version 17
VisualStudioVersion = 17.0.31903.59
MinimumVisualStudioVersion = 10.0.40219.1
Project("{9A19103F-16F7-4668-BE54-9A1E7A4F7556}") = "Testing", "Testing\Testing.csproj", "{5F9EB9F8-52D7-4B01-B8F1-1E93E5977A51}"
EndProject
Project("{9A19103F-16F7-4668-BE54-9A1E7A4F7556}") = "CargoWise.Macros.GUI", "GUI\CargoWise.Macros.GUI.csproj", "{E22502E9-E5E8-443B-A646-DF2FDC6B8599}"
EndProject
Project("{9A19103F-16F7-4668-BE54-9A1E7A4F7556}") = "CargoWise.Macros.GUI.Winzor", "GUI\CargoWise.Macros.GUI.Winzor.csproj", "{0A1FF607-6E44-469B-95A2-BFB8C22AA19C}"
EndProject
Global
	GlobalSection(SolutionConfigurationPlatforms) = preSolution
		Debug|Any CPU = Debug|Any CPU
		Release|Any CPU = Release|Any CPU
	EndGlobalSection
	GlobalSection(ProjectConfigurationPlatforms) = postSolution
		{5F9EB9F8-52D7-4B01-B8F1-1E93E5977A51}.Debug|Any CPU.ActiveCfg = Debug|Any CPU
		{5F9EB9F8-52D7-4B01-B8F1-1E93E5977A51}.Debug|Any CPU.Build.0 = Debug|Any CPU
		{5F9EB9F8-52D7-4B01-B8F1-1E93E5977A51}.Release|Any CPU.ActiveCfg = Release|Any CPU
		{E22502E9-E5E8-443B-A646-DF2FDC6B8599}.Debug|Any CPU.ActiveCfg = Debug|Any CPU
		{E22502E9-E5E8-443B-A646-DF2FDC6B8599}.Debug|Any CPU.Build.0 = Debug|Any CPU
		{E22502E9-E5E8-443B-A646-DF2FDC6B8599}.Release|Any CPU.ActiveCfg = Release|Any CPU
		{E22502E9-E5E8-443B-A646-DF2FDC6B8599}.Release|Any CPU.Build.0 = Release|Any CPU
		{0A1FF607-6E44-469B-95A2-BFB8C22AA19C}.Debug|Any CPU.ActiveCfg = Debug|Any CPU
		{0A1FF607-6E44-469B-95A2-BFB8C22AA19C}.Debug|Any CPU.Build.0 = Debug|Any CPU
		{0A1FF607-6E44-469B-95A2-BFB8C22AA19C}.Release|Any CPU.ActiveCfg = Release|Any CPU
		{0A1FF607-6E44-469B-95A2-BFB8C22AA19C}.Release|Any CPU.Build.0 = Release|Any CPU
	EndGlobalSection
	GlobalSection(SolutionProperties) = preSolution
		HideSolutionNode = FALSE
	EndGlobalSection
	GlobalSection(ExtensibilityGlobals) = postSolution
		SolutionGuid = {0F7EFE3C-CA58-4647-A619-7D769E12AD71}
	EndGlobalSection
	GlobalSection(CodealikeProperties) = postSolution
		SolutionGuid = 83c641dd-8c12-4baa-9ae4-1aed1228c315
	EndGlobalSection
EndGlobal
