
Microsoft Visual Studio Solution File, Format Version 12.00
# Visual Studio Version 17
VisualStudioVersion = 17.3.32929.385
MinimumVisualStudioVersion = 10.0.40219.1
Project("{9A19103F-16F7-4668-BE54-9A1E7A4F7556}") = "BarcodeScanning", "BarcodeScanning\BarcodeScanning.csproj", "{47D5DAC3-18CF-48F7-B779-898DF37CD458}"
EndProject
Project("{9A19103F-16F7-4668-BE54-9A1E7A4F7556}") = "BarcodeScanning.Test", "BarcodeScanning.Test\BarcodeScanning.Test.csproj", "{07372A62-0364-4A1B-AD34-4F9BE60839DB}"
EndProject
Global
	GlobalSection(SolutionConfigurationPlatforms) = preSolution
		Ali DB - Debug|Any CPU = Ali DB - Debug|Any CPU
		Angie Data - Debug|Any CPU = Angie Data - Debug|Any CPU
		Debug - Connect to UAT DB|Any CPU = Debug - Connect to UAT DB|Any CPU
		Debug|Any CPU = Debug|Any CPU
		Release|Any CPU = Release|Any CPU
	EndGlobalSection
	GlobalSection(ProjectConfigurationPlatforms) = postSolution
		{47D5DAC3-18CF-48F7-B779-898DF37CD458}.Ali DB - Debug|Any CPU.ActiveCfg = Debug|Any CPU
		{47D5DAC3-18CF-48F7-B779-898DF37CD458}.Ali DB - Debug|Any CPU.Build.0 = Debug|Any CPU
		{47D5DAC3-18CF-48F7-B779-898DF37CD458}.Angie Data - Debug|Any CPU.ActiveCfg = Debug|Any CPU
		{47D5DAC3-18CF-48F7-B779-898DF37CD458}.Angie Data - Debug|Any CPU.Build.0 = Debug|Any CPU
		{47D5DAC3-18CF-48F7-B779-898DF37CD458}.Debug - Connect to UAT DB|Any CPU.ActiveCfg = Debug|Any CPU
		{47D5DAC3-18CF-48F7-B779-898DF37CD458}.Debug - Connect to UAT DB|Any CPU.Build.0 = Debug|Any CPU
		{47D5DAC3-18CF-48F7-B779-898DF37CD458}.Debug|Any CPU.ActiveCfg = Debug|Any CPU
		{47D5DAC3-18CF-48F7-B779-898DF37CD458}.Debug|Any CPU.Build.0 = Debug|Any CPU
		{47D5DAC3-18CF-48F7-B779-898DF37CD458}.Release|Any CPU.ActiveCfg = Release|Any CPU
		{47D5DAC3-18CF-48F7-B779-898DF37CD458}.Release|Any CPU.Build.0 = Release|Any CPU
		{07372A62-0364-4A1B-AD34-4F9BE60839DB}.Ali DB - Debug|Any CPU.ActiveCfg = Debug|Any CPU
		{07372A62-0364-4A1B-AD34-4F9BE60839DB}.Ali DB - Debug|Any CPU.Build.0 = Debug|Any CPU
		{07372A62-0364-4A1B-AD34-4F9BE60839DB}.Angie Data - Debug|Any CPU.ActiveCfg = Debug|Any CPU
		{07372A62-0364-4A1B-AD34-4F9BE60839DB}.Angie Data - Debug|Any CPU.Build.0 = Debug|Any CPU
		{07372A62-0364-4A1B-AD34-4F9BE60839DB}.Debug - Connect to UAT DB|Any CPU.ActiveCfg = Debug|Any CPU
		{07372A62-0364-4A1B-AD34-4F9BE60839DB}.Debug - Connect to UAT DB|Any CPU.Build.0 = Debug|Any CPU
		{07372A62-0364-4A1B-AD34-4F9BE60839DB}.Debug|Any CPU.ActiveCfg = Debug|Any CPU
		{07372A62-0364-4A1B-AD34-4F9BE60839DB}.Debug|Any CPU.Build.0 = Debug|Any CPU
		{07372A62-0364-4A1B-AD34-4F9BE60839DB}.Release|Any CPU.ActiveCfg = Release|Any CPU
	EndGlobalSection
	GlobalSection(SolutionProperties) = preSolution
		HideSolutionNode = FALSE
	EndGlobalSection
	GlobalSection(ExtensibilityGlobals) = postSolution
		SolutionGuid = {6FD3D226-1E42-45BE-8615-716735A8C9EE}
	EndGlobalSection
	GlobalSection(CodealikeProperties) = postSolution
		SolutionGuid = 10b7bd09-95bb-46db-b0f5-e265dc82f063
	EndGlobalSection
EndGlobal
