Microsoft Visual Studio Solution File, Format Version 12.00
# Visual Studio Version 17
VisualStudioVersion = 17.0.31903.59
MinimumVisualStudioVersion = 10.0.40219.1
Project("{9A19103F-16F7-4668-BE54-9A1E7A4F7556}") = "Packing.Business", "Packing.Business\Packing.Business.csproj", "{EAA4A84C-FC0E-4F06-9755-8D4A812270A5}"
EndProject
Project("{9A19103F-16F7-4668-BE54-9A1E7A4F7556}") = "Packing.Business.Test", "Packing.Business.Test\Packing.Business.Test.csproj", "{8CB02BF0-2478-429B-B40A-A87D46BCCD7F}"
EndProject
Project("{9A19103F-16F7-4668-BE54-9A1E7A4F7556}") = "Packing.GUI", "Packing.GUI\Packing.GUI.csproj", "{E56FF5DB-BE2B-4A4A-ACE2-939ED7A2835E}"
EndProject
Project("{9A19103F-16F7-4668-BE54-9A1E7A4F7556}") = "Packing.Module", "Packing.Module\Packing.Module.csproj", "{FF199592-AF39-40F2-8DBD-D363C9136E81}"
EndProject
Project("{9A19103F-16F7-4668-BE54-9A1E7A4F7556}") = "Packing.DataTransfer", "Packing.DataTransfer\Packing.DataTransfer.csproj", "{CD7C0ABE-95ED-41A8-B234-79A8FD8288CF}"
EndProject
Project("{9A19103F-16F7-4668-BE54-9A1E7A4F7556}") = "Packing.ServiceTasks", "Packing.ServiceTasks\Packing.ServiceTasks.csproj", "{132666AF-CD53-4F3A-958E-FDA4796DEA48}"
EndProject
Project("{9A19103F-16F7-4668-BE54-9A1E7A4F7556}") = "Packing.DataTransfer.Test", "Packing.DataTransfer.Test\Packing.DataTransfer.Test.csproj", "{B28CA9CB-3218-4962-887C-7BD1391997D6}"
EndProject
Project("{9A19103F-16F7-4668-BE54-9A1E7A4F7556}") = "Packing.GUI.Test", "Packing.GUI.Test\Packing.GUI.Test.csproj", "{B0C3DB06-3948-490E-B5D3-B807D649719C}"
EndProject
Project("{9A19103F-16F7-4668-BE54-9A1E7A4F7556}") = "Packing.Module.Test", "Packing.Module.Test\Packing.Module.Test.csproj", "{E1C1BC4D-75F1-42DB-A70D-06A1AFF1E782}"
EndProject
Project("{9A19103F-16F7-4668-BE54-9A1E7A4F7556}") = "Packing.ServiceTasks.Test", "Packing.ServiceTasks.Test\Packing.ServiceTasks.Test.csproj", "{AFA46C7F-30D6-4BBB-AA9B-00D92323F446}"
EndProject
Project("{9A19103F-16F7-4668-BE54-9A1E7A4F7556}") = "Packing.GUI.Winzor", "Packing.GUI\Packing.GUI.Winzor.csproj", "{0D6C9FCF-B429-49AF-BA69-1EBA599A0CD2}"
EndProject
Project("{9A19103F-16F7-4668-BE54-9A1E7A4F7556}") = "Packing.Module.Winzor", "Packing.Module\Packing.Module.Winzor.csproj", "{2254D402-ED44-4E9D-999B-3336DBED2693}"
EndProject
Project("{9A19103F-16F7-4668-BE54-9A1E7A4F7556}") = "Packing.GUI.Test.Winzor", "Packing.GUI.Test\Packing.GUI.Test.Winzor.csproj", "{5B423F23-5A04-431E-A1E7-496354EC81A7}"
EndProject
Project("{9A19103F-16F7-4668-BE54-9A1E7A4F7556}") = "Packing.Module.Test.Winzor", "Packing.Module.Test\Packing.Module.Test.Winzor.csproj", "{1ADE54FD-FD9A-4A6F-981B-A6346101AA15}"
EndProject
Global
	GlobalSection(SolutionConfigurationPlatforms) = preSolution
		Debug|Any CPU = Debug|Any CPU
		Release|Any CPU = Release|Any CPU
	EndGlobalSection
	GlobalSection(ProjectConfigurationPlatforms) = postSolution
		{EAA4A84C-FC0E-4F06-9755-8D4A812270A5}.Debug|Any CPU.ActiveCfg = Debug|Any CPU
		{EAA4A84C-FC0E-4F06-9755-8D4A812270A5}.Debug|Any CPU.Build.0 = Debug|Any CPU
		{EAA4A84C-FC0E-4F06-9755-8D4A812270A5}.Release|Any CPU.ActiveCfg = Release|Any CPU
		{EAA4A84C-FC0E-4F06-9755-8D4A812270A5}.Release|Any CPU.Build.0 = Release|Any CPU
		{8CB02BF0-2478-429B-B40A-A87D46BCCD7F}.Debug|Any CPU.ActiveCfg = Debug|Any CPU
		{8CB02BF0-2478-429B-B40A-A87D46BCCD7F}.Debug|Any CPU.Build.0 = Debug|Any CPU
		{8CB02BF0-2478-429B-B40A-A87D46BCCD7F}.Release|Any CPU.ActiveCfg = Release|Any CPU
		{E56FF5DB-BE2B-4A4A-ACE2-939ED7A2835E}.Debug|Any CPU.ActiveCfg = Debug|Any CPU
		{E56FF5DB-BE2B-4A4A-ACE2-939ED7A2835E}.Debug|Any CPU.Build.0 = Debug|Any CPU
		{E56FF5DB-BE2B-4A4A-ACE2-939ED7A2835E}.Release|Any CPU.ActiveCfg = Release|Any CPU
		{E56FF5DB-BE2B-4A4A-ACE2-939ED7A2835E}.Release|Any CPU.Build.0 = Release|Any CPU
		{FF199592-AF39-40F2-8DBD-D363C9136E81}.Debug|Any CPU.ActiveCfg = Debug|Any CPU
		{FF199592-AF39-40F2-8DBD-D363C9136E81}.Debug|Any CPU.Build.0 = Debug|Any CPU
		{FF199592-AF39-40F2-8DBD-D363C9136E81}.Release|Any CPU.ActiveCfg = Release|Any CPU
		{FF199592-AF39-40F2-8DBD-D363C9136E81}.Release|Any CPU.Build.0 = Release|Any CPU
		{CD7C0ABE-95ED-41A8-B234-79A8FD8288CF}.Debug|Any CPU.ActiveCfg = Debug|Any CPU
		{CD7C0ABE-95ED-41A8-B234-79A8FD8288CF}.Debug|Any CPU.Build.0 = Debug|Any CPU
		{CD7C0ABE-95ED-41A8-B234-79A8FD8288CF}.Release|Any CPU.ActiveCfg = Release|Any CPU
		{CD7C0ABE-95ED-41A8-B234-79A8FD8288CF}.Release|Any CPU.Build.0 = Release|Any CPU
		{132666AF-CD53-4F3A-958E-FDA4796DEA48}.Debug|Any CPU.ActiveCfg = Debug|Any CPU
		{132666AF-CD53-4F3A-958E-FDA4796DEA48}.Debug|Any CPU.Build.0 = Debug|Any CPU
		{132666AF-CD53-4F3A-958E-FDA4796DEA48}.Release|Any CPU.ActiveCfg = Release|Any CPU
		{132666AF-CD53-4F3A-958E-FDA4796DEA48}.Release|Any CPU.Build.0 = Release|Any CPU
		{B28CA9CB-3218-4962-887C-7BD1391997D6}.Debug|Any CPU.ActiveCfg = Debug|Any CPU
		{B28CA9CB-3218-4962-887C-7BD1391997D6}.Debug|Any CPU.Build.0 = Debug|Any CPU
		{B28CA9CB-3218-4962-887C-7BD1391997D6}.Release|Any CPU.ActiveCfg = Release|Any CPU
		{B0C3DB06-3948-490E-B5D3-B807D649719C}.Debug|Any CPU.ActiveCfg = Debug|Any CPU
		{B0C3DB06-3948-490E-B5D3-B807D649719C}.Debug|Any CPU.Build.0 = Debug|Any CPU
		{B0C3DB06-3948-490E-B5D3-B807D649719C}.Release|Any CPU.ActiveCfg = Release|Any CPU
		{E1C1BC4D-75F1-42DB-A70D-06A1AFF1E782}.Debug|Any CPU.ActiveCfg = Debug|Any CPU
		{E1C1BC4D-75F1-42DB-A70D-06A1AFF1E782}.Debug|Any CPU.Build.0 = Debug|Any CPU
		{E1C1BC4D-75F1-42DB-A70D-06A1AFF1E782}.Release|Any CPU.ActiveCfg = Release|Any CPU
		{AFA46C7F-30D6-4BBB-AA9B-00D92323F446}.Debug|Any CPU.ActiveCfg = Debug|Any CPU
		{AFA46C7F-30D6-4BBB-AA9B-00D92323F446}.Debug|Any CPU.Build.0 = Debug|Any CPU
		{AFA46C7F-30D6-4BBB-AA9B-00D92323F446}.Release|Any CPU.ActiveCfg = Release|Any CPU
		{0D6C9FCF-B429-49AF-BA69-1EBA599A0CD2}.Debug|Any CPU.ActiveCfg = Debug|Any CPU
		{0D6C9FCF-B429-49AF-BA69-1EBA599A0CD2}.Debug|Any CPU.Build.0 = Debug|Any CPU
		{0D6C9FCF-B429-49AF-BA69-1EBA599A0CD2}.Release|Any CPU.ActiveCfg = Release|Any CPU
		{0D6C9FCF-B429-49AF-BA69-1EBA599A0CD2}.Release|Any CPU.Build.0 = Release|Any CPU
		{2254D402-ED44-4E9D-999B-3336DBED2693}.Debug|Any CPU.ActiveCfg = Debug|Any CPU
		{2254D402-ED44-4E9D-999B-3336DBED2693}.Debug|Any CPU.Build.0 = Debug|Any CPU
		{2254D402-ED44-4E9D-999B-3336DBED2693}.Release|Any CPU.ActiveCfg = Release|Any CPU
		{2254D402-ED44-4E9D-999B-3336DBED2693}.Release|Any CPU.Build.0 = Release|Any CPU
		{5B423F23-5A04-431E-A1E7-496354EC81A7}.Debug|Any CPU.ActiveCfg = Debug|Any CPU
		{5B423F23-5A04-431E-A1E7-496354EC81A7}.Debug|Any CPU.Build.0 = Debug|Any CPU
		{5B423F23-5A04-431E-A1E7-496354EC81A7}.Release|Any CPU.ActiveCfg = Release|Any CPU
		{1ADE54FD-FD9A-4A6F-981B-A6346101AA15}.Debug|Any CPU.ActiveCfg = Debug|Any CPU
		{1ADE54FD-FD9A-4A6F-981B-A6346101AA15}.Debug|Any CPU.Build.0 = Debug|Any CPU
		{1ADE54FD-FD9A-4A6F-981B-A6346101AA15}.Release|Any CPU.ActiveCfg = Release|Any CPU
	EndGlobalSection
	GlobalSection(SolutionProperties) = preSolution
		HideSolutionNode = FALSE
	EndGlobalSection
	GlobalSection(ExtensibilityGlobals) = postSolution
		SolutionGuid = {CF9EC644-2887-4FC2-B542-04758F109680}
	EndGlobalSection
	GlobalSection(CodealikeProperties) = postSolution
		SolutionGuid = 0a1fcd61-8310-4164-9883-f17029d25ef8
	EndGlobalSection
EndGlobal
