Microsoft Visual Studio Solution File, Format Version 12.00
# Visual Studio Version 17
VisualStudioVersion = 17.0.31903.59
MinimumVisualStudioVersion = 10.0.40219.1
Project("{9A19103F-16F7-4668-BE54-9A1E7A4F7556}") = "ZClientTEL", "ZClientTEL\ZClientTEL.csproj", "{44E05844-383D-42CC-BC30-E1A09106BEC5}"
EndProject
Project("{9A19103F-16F7-4668-BE54-9A1E7A4F7556}") = "ZClientTEL.Test", "ZClientTEL.Test\ZClientTEL.Test.csproj", "{40740151-B179-4A88-B5B8-DF1E987E9279}"
EndProject
Project("{FAE04EC0-301F-11D3-BF4B-00C04F79EFBC}") = "ZClientTEL.ServiceTasks", "ZClientTEL.ServiceTasks\ZClientTEL.ServiceTasks.csproj", "{67481F3E-43E0-4D41-8346-B8BFCB525B36}"
EndProject
Project("{FAE04EC0-301F-11D3-BF4B-00C04F79EFBC}") = "ZClientTEL.ServiceTasks.Test", "ZClientTEL.ServiceTasks.Test\ZClientTEL.ServiceTasks.Test.csproj", "{3ACC319E-D65C-4FE3-B1B2-3FB0F4E4CDAB}"
EndProject
Project("{9A19103F-16F7-4668-BE54-9A1E7A4F7556}") = "ZClientTEL.Winzor", "ZClientTEL\ZClientTEL.Winzor.csproj", "{FEB685A1-8A00-421A-83A9-1F8772A593CF}"
EndProject
Project("{9A19103F-16F7-4668-BE54-9A1E7A4F7556}") = "ZClientTEL.Test.Winzor", "ZClientTEL.Test\ZClientTEL.Test.Winzor.csproj", "{3D129D9F-D183-47D3-B39E-DB05DEF887A5}"
EndProject
Global
	GlobalSection(SolutionConfigurationPlatforms) = preSolution
		Debug|Any CPU = Debug|Any CPU
		Release|Any CPU = Release|Any CPU
	EndGlobalSection
	GlobalSection(ProjectConfigurationPlatforms) = postSolution
		{44E05844-383D-42CC-BC30-E1A09106BEC5}.Debug|Any CPU.ActiveCfg = Debug|Any CPU
		{44E05844-383D-42CC-BC30-E1A09106BEC5}.Debug|Any CPU.Build.0 = Debug|Any CPU
		{44E05844-383D-42CC-BC30-E1A09106BEC5}.Release|Any CPU.ActiveCfg = Release|Any CPU
		{44E05844-383D-42CC-BC30-E1A09106BEC5}.Release|Any CPU.Build.0 = Release|Any CPU
		{40740151-B179-4A88-B5B8-DF1E987E9279}.Debug|Any CPU.ActiveCfg = Debug|Any CPU
		{40740151-B179-4A88-B5B8-DF1E987E9279}.Debug|Any CPU.Build.0 = Debug|Any CPU
		{40740151-B179-4A88-B5B8-DF1E987E9279}.Release|Any CPU.ActiveCfg = Release|Any CPU
		{67481F3E-43E0-4D41-8346-B8BFCB525B36}.Debug|Any CPU.ActiveCfg = Debug|Any CPU
		{67481F3E-43E0-4D41-8346-B8BFCB525B36}.Debug|Any CPU.Build.0 = Debug|Any CPU
		{67481F3E-43E0-4D41-8346-B8BFCB525B36}.Release|Any CPU.ActiveCfg = Release|Any CPU
		{67481F3E-43E0-4D41-8346-B8BFCB525B36}.Release|Any CPU.Build.0 = Release|Any CPU
		{3ACC319E-D65C-4FE3-B1B2-3FB0F4E4CDAB}.Debug|Any CPU.ActiveCfg = Debug|Any CPU
		{3ACC319E-D65C-4FE3-B1B2-3FB0F4E4CDAB}.Debug|Any CPU.Build.0 = Debug|Any CPU
		{3ACC319E-D65C-4FE3-B1B2-3FB0F4E4CDAB}.Release|Any CPU.ActiveCfg = Release|Any CPU
		{FEB685A1-8A00-421A-83A9-1F8772A593CF}.Debug|Any CPU.ActiveCfg = Debug|Any CPU
		{FEB685A1-8A00-421A-83A9-1F8772A593CF}.Debug|Any CPU.Build.0 = Debug|Any CPU
		{FEB685A1-8A00-421A-83A9-1F8772A593CF}.Release|Any CPU.ActiveCfg = Release|Any CPU
		{FEB685A1-8A00-421A-83A9-1F8772A593CF}.Release|Any CPU.Build.0 = Release|Any CPU
		{3D129D9F-D183-47D3-B39E-DB05DEF887A5}.Debug|Any CPU.ActiveCfg = Debug|Any CPU
		{3D129D9F-D183-47D3-B39E-DB05DEF887A5}.Debug|Any CPU.Build.0 = Debug|Any CPU
		{3D129D9F-D183-47D3-B39E-DB05DEF887A5}.Release|Any CPU.ActiveCfg = Release|Any CPU
	EndGlobalSection
	GlobalSection(SolutionProperties) = preSolution
		HideSolutionNode = FALSE
	EndGlobalSection
	GlobalSection(ExtensibilityGlobals) = postSolution
		SolutionGuid = {19AB7D9D-2CA1-44DF-9005-78C9C270C306}
	EndGlobalSection
	GlobalSection(CodealikeProperties) = postSolution
		SolutionGuid = 8f973cf1-f22e-4b16-977f-b5de163346cc
	EndGlobalSection
EndGlobal
