Microsoft Visual Studio Solution File, Format Version 12.00
# Visual Studio Version 17
VisualStudioVersion = 17.0.31903.59
MinimumVisualStudioVersion = 10.0.40219.1
Project("{9A19103F-16F7-4668-BE54-9A1E7A4F7556}") = "Enterprise.Freight", "Freight.Business\Enterprise.Freight.csproj", "{9D53CE73-CF16-49B5-A398-3CBB15D4EF87}"
EndProject
Project("{9A19103F-16F7-4668-BE54-9A1E7A4F7556}") = "Enterprise.Freight.Test", "Freight.Business.Test\Enterprise.Freight.Test.csproj", "{95D6F8B9-5420-45E2-8332-0A8ABFA9D8BC}"
EndProject
Project("{9A19103F-16F7-4668-BE54-9A1E7A4F7556}") = "Enterprise.Freight.DataTransfer", "Freight.DataTransfer\Enterprise.Freight.DataTransfer.csproj", "{F23CF236-29D5-4D8F-AD74-8AA0243A1375}"
EndProject
Project("{9A19103F-16F7-4668-BE54-9A1E7A4F7556}") = "Enterprise.Freight.SailingScheduleDataVendor", "Freight.SailingScheduleDataVendor\Enterprise.Freight.SailingScheduleDataVendor.csproj", "{4595AC83-EF21-40BD-B6FB-02741CF9FC13}"
EndProject
Project("{9A19103F-16F7-4668-BE54-9A1E7A4F7556}") = "Enterprise.Freight.SailingScheduleDataVendor.Test", "Freight.SailingScheduleDataVendor.Test\Enterprise.Freight.SailingScheduleDataVendor.Test.csproj", "{C83261EB-EF9E-4753-ADC5-5E68E212D320}"
EndProject
Project("{9A19103F-16F7-4668-BE54-9A1E7A4F7556}") = "Enterprise.Freight.GUI", "Freight.GUI\Enterprise.Freight.GUI.csproj", "{D1D93A61-0F86-4296-B0DC-4AB0C0B79181}"
EndProject
Project("{9A19103F-16F7-4668-BE54-9A1E7A4F7556}") = "Enterprise.Freight.GUI.Test", "Freight.GUI.Test\Enterprise.Freight.GUI.Test.csproj", "{FF10E635-332B-44E2-A4A2-12ED9A20CC6E}"
EndProject
Project("{9A19103F-16F7-4668-BE54-9A1E7A4F7556}") = "Enterprise.Freight.Module", "Freight.Module\Enterprise.Freight.Module.csproj", "{B5841013-9622-4A3C-8DC8-AEE6A92244F0}"
EndProject
Project("{9A19103F-16F7-4668-BE54-9A1E7A4F7556}") = "Enterprise.Freight.Module.Test", "Freight.Module.Test\Enterprise.Freight.Module.Test.csproj", "{BB74C5A3-229E-4ADF-984E-E048C90C2CAA}"
EndProject
Project("{9A19103F-16F7-4668-BE54-9A1E7A4F7556}") = "Enterprise.Freight.OnlineSailingSchedules", "Freight.OnlineSailingSchedules\Enterprise.Freight.OnlineSailingSchedules.csproj", "{05F56D2D-BD36-4BE8-A45A-B22AC825D60D}"
EndProject
Project("{9A19103F-16F7-4668-BE54-9A1E7A4F7556}") = "Enterprise.Freight.OnlineSailingSchedules.Testing", "Freight.OnlineSailingSchedules.Testing\Enterprise.Freight.OnlineSailingSchedules.Testing.csproj", "{8F17735C-423F-4AD5-BEC3-61D70AC16F22}"
EndProject
Project("{9A19103F-16F7-4668-BE54-9A1E7A4F7556}") = "Enterprise.Freight.GUI.Winzor", "Freight.GUI\Enterprise.Freight.GUI.Winzor.csproj", "{7092E4BE-82D1-428B-B121-2F1FF49EBB40}"
EndProject
Project("{9A19103F-16F7-4668-BE54-9A1E7A4F7556}") = "Enterprise.Freight.GUI.Test.Winzor", "Freight.GUI.Test\Enterprise.Freight.GUI.Test.Winzor.csproj", "{F3F48D23-33F7-4975-85A6-89295FC2A874}"
EndProject
Project("{9A19103F-16F7-4668-BE54-9A1E7A4F7556}") = "Enterprise.Freight.Module.Winzor", "Freight.Module\Enterprise.Freight.Module.Winzor.csproj", "{AEA73078-C674-4028-B89C-F5E630F3A0E9}"
EndProject
Project("{9A19103F-16F7-4668-BE54-9A1E7A4F7556}") = "Enterprise.Freight.DataTransfer.Test", "Freight.DataTransfer.Test\Enterprise.Freight.DataTransfer.Test.csproj", "{8D1E76C6-F1B5-450E-BD36-2AAEC51CA53C}"
EndProject
Project("{9A19103F-16F7-4668-BE54-9A1E7A4F7556}") = "Enterprise.Freight.ApiClient", "Freight.ApiClient\Enterprise.Freight.ApiClient.csproj", "{083D5949-22B9-409D-A909-500E5AC461E7}"
EndProject
Project("{9A19103F-16F7-4668-BE54-9A1E7A4F7556}") = "Enterprise.Freight.ApiClient.Test", "Freight.ApiClient.Test\Enterprise.Freight.ApiClient.Test.csproj", "{25BA47BA-90D9-4E25-9A78-1BAB57614DED}"
EndProject
Project("{9A19103F-16F7-4668-BE54-9A1E7A4F7556}") = "Enterprise.Freight.Module.Test.Winzor", "Freight.Module.Test\Enterprise.Freight.Module.Test.Winzor.csproj", "{203E064C-49BF-4430-9306-DFF608046545}"
EndProject
Project("{FAE04EC0-301F-11D3-BF4B-00C04F79EFBC}") = "Enterprise.Freight.SailingScheduleDataVendor.ServiceTasks", "Freight.SailingScheduleDataVendor.ServiceTasks\Enterprise.Freight.SailingScheduleDataVendor.ServiceTasks.csproj", "{586DAC02-F113-439A-9182-0E0EAD105530}"
EndProject
Project("{FAE04EC0-301F-11D3-BF4B-00C04F79EFBC}") = "Enterprise.Freight.SailingScheduleDataVendor.ServiceTasks.Test", "Freight.SailingScheduleDataVendor.ServiceTasks.Test\Enterprise.Freight.SailingScheduleDataVendor.ServiceTasks.Test.csproj", "{7966BF0E-545E-4CC6-8701-EDB7E6A9B4C3}"
EndProject
Project("{FAE04EC0-301F-11D3-BF4B-00C04F79EFBC}") = "Enterprise.Freight.Business.ServiceTasks", "Enterprise.Freight.Business.ServiceTasks\Enterprise.Freight.Business.ServiceTasks.csproj", "{672FCF54-83CC-4F5F-B019-079B6EA99A75}"
EndProject
Project("{FAE04EC0-301F-11D3-BF4B-00C04F79EFBC}") = "Enterprise.Freight.Business.ServiceTasks.Test", "Enterprise.Freight.Business.ServiceTasks.Test\Enterprise.Freight.Business.ServiceTasks.Test.csproj", "{8D9760FE-3B11-400B-84AE-DFD4DFBCC9CF}"
EndProject
Global
	GlobalSection(SolutionConfigurationPlatforms) = preSolution
		Debug|Any CPU = Debug|Any CPU
		DEBUGFAST|Any CPU = DEBUGFAST|Any CPU
		Release|Any CPU = Release|Any CPU
	EndGlobalSection
	GlobalSection(ProjectConfigurationPlatforms) = postSolution
		{9D53CE73-CF16-49B5-A398-3CBB15D4EF87}.Debug|Any CPU.ActiveCfg = Debug|Any CPU
		{9D53CE73-CF16-49B5-A398-3CBB15D4EF87}.Debug|Any CPU.Build.0 = Debug|Any CPU
		{9D53CE73-CF16-49B5-A398-3CBB15D4EF87}.DEBUGFAST|Any CPU.ActiveCfg = DEBUGFAST|Any CPU
		{9D53CE73-CF16-49B5-A398-3CBB15D4EF87}.DEBUGFAST|Any CPU.Build.0 = DEBUGFAST|Any CPU
		{9D53CE73-CF16-49B5-A398-3CBB15D4EF87}.Release|Any CPU.ActiveCfg = Release|Any CPU
		{9D53CE73-CF16-49B5-A398-3CBB15D4EF87}.Release|Any CPU.Build.0 = Release|Any CPU
		{95D6F8B9-5420-45E2-8332-0A8ABFA9D8BC}.Debug|Any CPU.ActiveCfg = Debug|Any CPU
		{95D6F8B9-5420-45E2-8332-0A8ABFA9D8BC}.Debug|Any CPU.Build.0 = Debug|Any CPU
		{95D6F8B9-5420-45E2-8332-0A8ABFA9D8BC}.DEBUGFAST|Any CPU.ActiveCfg = DEBUGFAST|Any CPU
		{95D6F8B9-5420-45E2-8332-0A8ABFA9D8BC}.DEBUGFAST|Any CPU.Build.0 = DEBUGFAST|Any CPU
		{95D6F8B9-5420-45E2-8332-0A8ABFA9D8BC}.Release|Any CPU.ActiveCfg = Release|Any CPU
		{F23CF236-29D5-4D8F-AD74-8AA0243A1375}.Debug|Any CPU.ActiveCfg = Debug|Any CPU
		{F23CF236-29D5-4D8F-AD74-8AA0243A1375}.Debug|Any CPU.Build.0 = Debug|Any CPU
		{F23CF236-29D5-4D8F-AD74-8AA0243A1375}.DEBUGFAST|Any CPU.ActiveCfg = DEBUGFAST|Any CPU
		{F23CF236-29D5-4D8F-AD74-8AA0243A1375}.DEBUGFAST|Any CPU.Build.0 = DEBUGFAST|Any CPU
		{F23CF236-29D5-4D8F-AD74-8AA0243A1375}.Release|Any CPU.ActiveCfg = Release|Any CPU
		{F23CF236-29D5-4D8F-AD74-8AA0243A1375}.Release|Any CPU.Build.0 = Release|Any CPU
		{4595AC83-EF21-40BD-B6FB-02741CF9FC13}.Debug|Any CPU.ActiveCfg = Debug|Any CPU
		{4595AC83-EF21-40BD-B6FB-02741CF9FC13}.Debug|Any CPU.Build.0 = Debug|Any CPU
		{4595AC83-EF21-40BD-B6FB-02741CF9FC13}.DEBUGFAST|Any CPU.ActiveCfg = DEBUGFAST|Any CPU
		{4595AC83-EF21-40BD-B6FB-02741CF9FC13}.DEBUGFAST|Any CPU.Build.0 = DEBUGFAST|Any CPU
		{4595AC83-EF21-40BD-B6FB-02741CF9FC13}.Release|Any CPU.ActiveCfg = Release|Any CPU
		{4595AC83-EF21-40BD-B6FB-02741CF9FC13}.Release|Any CPU.Build.0 = Release|Any CPU
		{C83261EB-EF9E-4753-ADC5-5E68E212D320}.Debug|Any CPU.ActiveCfg = Debug|Any CPU
		{C83261EB-EF9E-4753-ADC5-5E68E212D320}.Debug|Any CPU.Build.0 = Debug|Any CPU
		{C83261EB-EF9E-4753-ADC5-5E68E212D320}.DEBUGFAST|Any CPU.ActiveCfg = DEBUGFAST|Any CPU
		{C83261EB-EF9E-4753-ADC5-5E68E212D320}.DEBUGFAST|Any CPU.Build.0 = DEBUGFAST|Any CPU
		{C83261EB-EF9E-4753-ADC5-5E68E212D320}.Release|Any CPU.ActiveCfg = Release|Any CPU
		{D1D93A61-0F86-4296-B0DC-4AB0C0B79181}.Debug|Any CPU.ActiveCfg = Debug|Any CPU
		{D1D93A61-0F86-4296-B0DC-4AB0C0B79181}.Debug|Any CPU.Build.0 = Debug|Any CPU
		{D1D93A61-0F86-4296-B0DC-4AB0C0B79181}.DEBUGFAST|Any CPU.ActiveCfg = DEBUGFAST|Any CPU
		{D1D93A61-0F86-4296-B0DC-4AB0C0B79181}.DEBUGFAST|Any CPU.Build.0 = DEBUGFAST|Any CPU
		{D1D93A61-0F86-4296-B0DC-4AB0C0B79181}.Release|Any CPU.ActiveCfg = Release|Any CPU
		{D1D93A61-0F86-4296-B0DC-4AB0C0B79181}.Release|Any CPU.Build.0 = Release|Any CPU
		{FF10E635-332B-44E2-A4A2-12ED9A20CC6E}.Debug|Any CPU.ActiveCfg = Debug|Any CPU
		{FF10E635-332B-44E2-A4A2-12ED9A20CC6E}.Debug|Any CPU.Build.0 = Debug|Any CPU
		{FF10E635-332B-44E2-A4A2-12ED9A20CC6E}.DEBUGFAST|Any CPU.ActiveCfg = DEBUGFAST|Any CPU
		{FF10E635-332B-44E2-A4A2-12ED9A20CC6E}.DEBUGFAST|Any CPU.Build.0 = DEBUGFAST|Any CPU
		{FF10E635-332B-44E2-A4A2-12ED9A20CC6E}.Release|Any CPU.ActiveCfg = Release|Any CPU
		{B5841013-9622-4A3C-8DC8-AEE6A92244F0}.Debug|Any CPU.ActiveCfg = Debug|Any CPU
		{B5841013-9622-4A3C-8DC8-AEE6A92244F0}.Debug|Any CPU.Build.0 = Debug|Any CPU
		{B5841013-9622-4A3C-8DC8-AEE6A92244F0}.DEBUGFAST|Any CPU.ActiveCfg = DEBUGFAST|Any CPU
		{B5841013-9622-4A3C-8DC8-AEE6A92244F0}.DEBUGFAST|Any CPU.Build.0 = DEBUGFAST|Any CPU
		{B5841013-9622-4A3C-8DC8-AEE6A92244F0}.Release|Any CPU.ActiveCfg = Release|Any CPU
		{B5841013-9622-4A3C-8DC8-AEE6A92244F0}.Release|Any CPU.Build.0 = Release|Any CPU
		{BB74C5A3-229E-4ADF-984E-E048C90C2CAA}.Debug|Any CPU.ActiveCfg = Debug|Any CPU
		{BB74C5A3-229E-4ADF-984E-E048C90C2CAA}.Debug|Any CPU.Build.0 = Debug|Any CPU
		{BB74C5A3-229E-4ADF-984E-E048C90C2CAA}.DEBUGFAST|Any CPU.ActiveCfg = DEBUGFAST|Any CPU
		{BB74C5A3-229E-4ADF-984E-E048C90C2CAA}.DEBUGFAST|Any CPU.Build.0 = DEBUGFAST|Any CPU
		{BB74C5A3-229E-4ADF-984E-E048C90C2CAA}.Release|Any CPU.ActiveCfg = Release|Any CPU
		{05F56D2D-BD36-4BE8-A45A-B22AC825D60D}.Debug|Any CPU.ActiveCfg = Debug|Any CPU
		{05F56D2D-BD36-4BE8-A45A-B22AC825D60D}.Debug|Any CPU.Build.0 = Debug|Any CPU
		{05F56D2D-BD36-4BE8-A45A-B22AC825D60D}.DEBUGFAST|Any CPU.ActiveCfg = DEBUGFAST|Any CPU
		{05F56D2D-BD36-4BE8-A45A-B22AC825D60D}.DEBUGFAST|Any CPU.Build.0 = DEBUGFAST|Any CPU
		{05F56D2D-BD36-4BE8-A45A-B22AC825D60D}.Release|Any CPU.ActiveCfg = Release|Any CPU
		{05F56D2D-BD36-4BE8-A45A-B22AC825D60D}.Release|Any CPU.Build.0 = Release|Any CPU
		{8F17735C-423F-4AD5-BEC3-61D70AC16F22}.Debug|Any CPU.ActiveCfg = Debug|Any CPU
		{8F17735C-423F-4AD5-BEC3-61D70AC16F22}.Debug|Any CPU.Build.0 = Debug|Any CPU
		{8F17735C-423F-4AD5-BEC3-61D70AC16F22}.DEBUGFAST|Any CPU.ActiveCfg = DEBUGFAST|Any CPU
		{8F17735C-423F-4AD5-BEC3-61D70AC16F22}.DEBUGFAST|Any CPU.Build.0 = DEBUGFAST|Any CPU
		{8F17735C-423F-4AD5-BEC3-61D70AC16F22}.Release|Any CPU.ActiveCfg = Release|Any CPU
		{7092E4BE-82D1-428B-B121-2F1FF49EBB40}.Debug|Any CPU.ActiveCfg = Debug|Any CPU
		{7092E4BE-82D1-428B-B121-2F1FF49EBB40}.Debug|Any CPU.Build.0 = Debug|Any CPU
		{7092E4BE-82D1-428B-B121-2F1FF49EBB40}.DEBUGFAST|Any CPU.ActiveCfg = DEBUGFAST|Any CPU
		{7092E4BE-82D1-428B-B121-2F1FF49EBB40}.DEBUGFAST|Any CPU.Build.0 = DEBUGFAST|Any CPU
		{7092E4BE-82D1-428B-B121-2F1FF49EBB40}.Release|Any CPU.ActiveCfg = Release|Any CPU
		{7092E4BE-82D1-428B-B121-2F1FF49EBB40}.Release|Any CPU.Build.0 = Release|Any CPU
		{F3F48D23-33F7-4975-85A6-89295FC2A874}.Debug|Any CPU.ActiveCfg = Debug|Any CPU
		{F3F48D23-33F7-4975-85A6-89295FC2A874}.Debug|Any CPU.Build.0 = Debug|Any CPU
		{F3F48D23-33F7-4975-85A6-89295FC2A874}.DEBUGFAST|Any CPU.ActiveCfg = DEBUGFAST|Any CPU
		{F3F48D23-33F7-4975-85A6-89295FC2A874}.DEBUGFAST|Any CPU.Build.0 = DEBUGFAST|Any CPU
		{F3F48D23-33F7-4975-85A6-89295FC2A874}.Release|Any CPU.ActiveCfg = Release|Any CPU
		{AEA73078-C674-4028-B89C-F5E630F3A0E9}.Debug|Any CPU.ActiveCfg = Debug|Any CPU
		{AEA73078-C674-4028-B89C-F5E630F3A0E9}.Debug|Any CPU.Build.0 = Debug|Any CPU
		{AEA73078-C674-4028-B89C-F5E630F3A0E9}.DEBUGFAST|Any CPU.ActiveCfg = DEBUGFAST|Any CPU
		{AEA73078-C674-4028-B89C-F5E630F3A0E9}.DEBUGFAST|Any CPU.Build.0 = DEBUGFAST|Any CPU
		{AEA73078-C674-4028-B89C-F5E630F3A0E9}.Release|Any CPU.ActiveCfg = Release|Any CPU
		{AEA73078-C674-4028-B89C-F5E630F3A0E9}.Release|Any CPU.Build.0 = Release|Any CPU
		{8D1E76C6-F1B5-450E-BD36-2AAEC51CA53C}.Debug|Any CPU.ActiveCfg = Debug|Any CPU
		{8D1E76C6-F1B5-450E-BD36-2AAEC51CA53C}.Debug|Any CPU.Build.0 = Debug|Any CPU
		{8D1E76C6-F1B5-450E-BD36-2AAEC51CA53C}.DEBUGFAST|Any CPU.ActiveCfg = DEBUGFAST|Any CPU
		{8D1E76C6-F1B5-450E-BD36-2AAEC51CA53C}.DEBUGFAST|Any CPU.Build.0 = DEBUGFAST|Any CPU
		{8D1E76C6-F1B5-450E-BD36-2AAEC51CA53C}.Release|Any CPU.ActiveCfg = Release|Any CPU
		{083D5949-22B9-409D-A909-500E5AC461E7}.Debug|Any CPU.ActiveCfg = Debug|Any CPU
		{083D5949-22B9-409D-A909-500E5AC461E7}.Debug|Any CPU.Build.0 = Debug|Any CPU
		{083D5949-22B9-409D-A909-500E5AC461E7}.DEBUGFAST|Any CPU.ActiveCfg = DEBUGFAST|Any CPU
		{083D5949-22B9-409D-A909-500E5AC461E7}.DEBUGFAST|Any CPU.Build.0 = DEBUGFAST|Any CPU
		{083D5949-22B9-409D-A909-500E5AC461E7}.Release|Any CPU.ActiveCfg = Release|Any CPU
		{083D5949-22B9-409D-A909-500E5AC461E7}.Release|Any CPU.Build.0 = Release|Any CPU
		{25BA47BA-90D9-4E25-9A78-1BAB57614DED}.Debug|Any CPU.ActiveCfg = Debug|Any CPU
		{25BA47BA-90D9-4E25-9A78-1BAB57614DED}.Debug|Any CPU.Build.0 = Debug|Any CPU
		{25BA47BA-90D9-4E25-9A78-1BAB57614DED}.DEBUGFAST|Any CPU.ActiveCfg = DEBUGFAST|Any CPU
		{25BA47BA-90D9-4E25-9A78-1BAB57614DED}.DEBUGFAST|Any CPU.Build.0 = DEBUGFAST|Any CPU
		{25BA47BA-90D9-4E25-9A78-1BAB57614DED}.Release|Any CPU.ActiveCfg = Release|Any CPU
		{203E064C-49BF-4430-9306-DFF608046545}.Debug|Any CPU.ActiveCfg = Debug|Any CPU
		{203E064C-49BF-4430-9306-DFF608046545}.Debug|Any CPU.Build.0 = Debug|Any CPU
		{203E064C-49BF-4430-9306-DFF608046545}.DEBUGFAST|Any CPU.ActiveCfg = DEBUGFAST|Any CPU
		{203E064C-49BF-4430-9306-DFF608046545}.DEBUGFAST|Any CPU.Build.0 = DEBUGFAST|Any CPU
		{203E064C-49BF-4430-9306-DFF608046545}.Release|Any CPU.ActiveCfg = Release|Any CPU
		{586DAC02-F113-439A-9182-0E0EAD105530}.Debug|Any CPU.ActiveCfg = Debug|Any CPU
		{586DAC02-F113-439A-9182-0E0EAD105530}.Debug|Any CPU.Build.0 = Debug|Any CPU
		{586DAC02-F113-439A-9182-0E0EAD105530}.DEBUGFAST|Any CPU.ActiveCfg = DEBUGFAST|Any CPU
		{586DAC02-F113-439A-9182-0E0EAD105530}.DEBUGFAST|Any CPU.Build.0 = DEBUGFAST|Any CPU
		{586DAC02-F113-439A-9182-0E0EAD105530}.Release|Any CPU.ActiveCfg = Release|Any CPU
		{586DAC02-F113-439A-9182-0E0EAD105530}.Release|Any CPU.Build.0 = Release|Any CPU
		{7966BF0E-545E-4CC6-8701-EDB7E6A9B4C3}.Debug|Any CPU.ActiveCfg = Debug|Any CPU
		{7966BF0E-545E-4CC6-8701-EDB7E6A9B4C3}.Debug|Any CPU.Build.0 = Debug|Any CPU
		{7966BF0E-545E-4CC6-8701-EDB7E6A9B4C3}.DEBUGFAST|Any CPU.ActiveCfg = DEBUGFAST|Any CPU
		{7966BF0E-545E-4CC6-8701-EDB7E6A9B4C3}.DEBUGFAST|Any CPU.Build.0 = DEBUGFAST|Any CPU
		{7966BF0E-545E-4CC6-8701-EDB7E6A9B4C3}.Release|Any CPU.ActiveCfg = Debug|Any CPU
		{672FCF54-83CC-4F5F-B019-079B6EA99A75}.Debug|Any CPU.ActiveCfg = Debug|Any CPU
		{672FCF54-83CC-4F5F-B019-079B6EA99A75}.Debug|Any CPU.Build.0 = Debug|Any CPU
		{672FCF54-83CC-4F5F-B019-079B6EA99A75}.DEBUGFAST|Any CPU.ActiveCfg = DEBUGFAST|Any CPU
		{672FCF54-83CC-4F5F-B019-079B6EA99A75}.DEBUGFAST|Any CPU.Build.0 = DEBUGFAST|Any CPU
		{672FCF54-83CC-4F5F-B019-079B6EA99A75}.Release|Any CPU.ActiveCfg = Release|Any CPU
		{672FCF54-83CC-4F5F-B019-079B6EA99A75}.Release|Any CPU.Build.0 = Release|Any CPU
		{8D9760FE-3B11-400B-84AE-DFD4DFBCC9CF}.Debug|Any CPU.ActiveCfg = Debug|Any CPU
		{8D9760FE-3B11-400B-84AE-DFD4DFBCC9CF}.Debug|Any CPU.Build.0 = Debug|Any CPU
		{8D9760FE-3B11-400B-84AE-DFD4DFBCC9CF}.DEBUGFAST|Any CPU.ActiveCfg = DEBUGFAST|Any CPU
		{8D9760FE-3B11-400B-84AE-DFD4DFBCC9CF}.DEBUGFAST|Any CPU.Build.0 = DEBUGFAST|Any CPU
		{8D9760FE-3B11-400B-84AE-DFD4DFBCC9CF}.Release|Any CPU.ActiveCfg = Debug|Any CPU
	EndGlobalSection
	GlobalSection(SolutionProperties) = preSolution
		HideSolutionNode = FALSE
	EndGlobalSection
	GlobalSection(ExtensibilityGlobals) = postSolution
		SolutionGuid = {0B0AF0B1-DC97-4CEB-8E66-935E4B6BEA3D}
	EndGlobalSection
	GlobalSection(CodealikeProperties) = postSolution
		SolutionGuid = ec1b0c97-c95b-4721-b961-9cd015c69bbe
	EndGlobalSection
EndGlobal
