
Microsoft Visual Studio Solution File, Format Version 12.00
# Visual Studio Version 17
VisualStudioVersion = 17.3.32929.385
MinimumVisualStudioVersion = 10.0.40219.1
Project("{9A19103F-16F7-4668-BE54-9A1E7A4F7556}") = "CargoWise.Services.Common", "CargoWise.Services.Common\CargoWise.Services.Common.csproj", "{14FB93D5-6AA0-4738-B29D-DCB7DA6C044B}"
EndProject
Project("{9A19103F-16F7-4668-BE54-9A1E7A4F7556}") = "CargoWise.Services.Common.Test", "CargoWise.Services.Common.Test\CargoWise.Services.Common.Test.csproj", "{0671EE06-EF55-4AA8-A69E-DC4A37AC6572}"
EndProject
Global
	GlobalSection(SolutionConfigurationPlatforms) = preSolution
		Debug|Any CPU = Debug|Any CPU
		Release|Any CPU = Release|Any CPU
	EndGlobalSection
	GlobalSection(ProjectConfigurationPlatforms) = postSolution
		{14FB93D5-6AA0-4738-B29D-DCB7DA6C044B}.Debug|Any CPU.ActiveCfg = Debug|Any CPU
		{14FB93D5-6AA0-4738-B29D-DCB7DA6C044B}.Debug|Any CPU.Build.0 = Debug|Any CPU
		{14FB93D5-6AA0-4738-B29D-DCB7DA6C044B}.Release|Any CPU.ActiveCfg = Release|Any CPU
		{14FB93D5-6AA0-4738-B29D-DCB7DA6C044B}.Release|Any CPU.Build.0 = Release|Any CPU
		{0671EE06-EF55-4AA8-A69E-DC4A37AC6572}.Debug|Any CPU.ActiveCfg = Debug|Any CPU
		{0671EE06-EF55-4AA8-A69E-DC4A37AC6572}.Debug|Any CPU.Build.0 = Debug|Any CPU
		{0671EE06-EF55-4AA8-A69E-DC4A37AC6572}.Release|Any CPU.ActiveCfg = Release|Any CPU
	EndGlobalSection
	GlobalSection(SolutionProperties) = preSolution
		HideSolutionNode = FALSE
	EndGlobalSection
	GlobalSection(ExtensibilityGlobals) = postSolution
		SolutionGuid = {2BB99CFC-1551-433F-A036-48C66DB0E71B}
	EndGlobalSection
	GlobalSection(CodealikeProperties) = postSolution
		SolutionGuid = f7ed4fa8-96e1-4dbc-b616-2dda86d1467a
	EndGlobalSection
EndGlobal
