
Microsoft Visual Studio Solution File, Format Version 11.00
# Visual Studio 2013
Project("{2150E333-8FDC-42A3-9474-1A3956D46DE8}") = ".paket", ".paket", "{0FA776C6-130F-4ECC-84C3-898CCE9E65FF}"
	ProjectSection(SolutionItems) = preProject
		..\paket.dependencies = ..\paket.dependencies
	EndProjectSection
EndProject
Project("{FAE04EC0-301F-11D3-BF4B-00C04F79EFBC}") = "BizTalk.Utilities.MSBuild", "BizTalk.Utilities.MSBuild.csproj", "{7D8A2E40-D685-47C5-8B30-6918E7313FD9}"
EndProject
Global
	GlobalSection(TeamFoundationVersionControl) = preSolution
		SccNumberOfProjects = 2
		SccEnterpriseProvider = {4CA58AB2-18FA-4F8D-95D4-32DDF27D184C}
		SccTeamFoundationServer = http://tfs.wtg.zone:8080/tfs/cargowise
		SccLocalPath0 = .
		SccProjectUniqueName1 = BizTalk.Utilities.MSBuild.csproj
		SccLocalPath1 = .
	EndGlobalSection
	GlobalSection(SolutionConfigurationPlatforms) = preSolution
		Debug|Any CPU = Debug|Any CPU
		Release|Any CPU = Release|Any CPU
	EndGlobalSection
	GlobalSection(ProjectConfigurationPlatforms) = postSolution
		{7D8A2E40-D685-47C5-8B30-6918E7313FD9}.Debug|Any CPU.ActiveCfg = Debug|Any CPU
		{7D8A2E40-D685-47C5-8B30-6918E7313FD9}.Debug|Any CPU.Build.0 = Debug|Any CPU
		{7D8A2E40-D685-47C5-8B30-6918E7313FD9}.Release|Any CPU.ActiveCfg = Release|Any CPU
		{7D8A2E40-D685-47C5-8B30-6918E7313FD9}.Release|Any CPU.Build.0 = Release|Any CPU
	EndGlobalSection
	GlobalSection(SolutionProperties) = preSolution
		HideSolutionNode = FALSE
	EndGlobalSection
EndGlobal
