
Microsoft Visual Studio Solution File, Format Version 12.00
# Visual Studio Version 17
VisualStudioVersion = 17.6.33829.357
MinimumVisualStudioVersion = 10.0.40219.1
Project("{9A19103F-16F7-4668-BE54-9A1E7A4F7556}") = "ComplianceListReferenceData.Business", "ComplianceListReferenceData.Business\ComplianceListReferenceData.Business.csproj", "{FE3A30D0-1B60-4FEE-9076-D61C9002AB7D}"
EndProject
Project("{9A19103F-16F7-4668-BE54-9A1E7A4F7556}") = "ComplianceListReferenceData.Test", "ComplianceListReferenceData.Test\ComplianceListReferenceData.Test.csproj", "{9C685231-4E50-43B8-B0C3-2FE098F6B43E}"
	ProjectSection(ProjectDependencies) = postProject
		{FE3A30D0-1B60-4FEE-9076-D61C9002AB7D} = {FE3A30D0-1B60-4FEE-9076-D61C9002AB7D}
	EndProjectSection
EndProject
Project("{9A19103F-16F7-4668-BE54-9A1E7A4F7556}") = "ComplianceListReferenceData.CmdLine", "ComplianceListReferenceData.CmdLine\ComplianceListReferenceData.CmdLine.csproj", "{138D9C5D-F401-4090-8351-0B7538E74E65}"
	ProjectSection(ProjectDependencies) = postProject
		{FE3A30D0-1B60-4FEE-9076-D61C9002AB7D} = {FE3A30D0-1B60-4FEE-9076-D61C9002AB7D}
	EndProjectSection
EndProject
Global
	GlobalSection(SolutionConfigurationPlatforms) = preSolution
		Debug|Any CPU = Debug|Any CPU
		Release|Any CPU = Release|Any CPU
		UAT|Any CPU = UAT|Any CPU
	EndGlobalSection
	GlobalSection(ProjectConfigurationPlatforms) = postSolution
		{FE3A30D0-1B60-4FEE-9076-D61C9002AB7D}.Debug|Any CPU.ActiveCfg = Debug|Any CPU
		{FE3A30D0-1B60-4FEE-9076-D61C9002AB7D}.Debug|Any CPU.Build.0 = Debug|Any CPU
		{FE3A30D0-1B60-4FEE-9076-D61C9002AB7D}.Release|Any CPU.ActiveCfg = Release|Any CPU
		{FE3A30D0-1B60-4FEE-9076-D61C9002AB7D}.Release|Any CPU.Build.0 = Release|Any CPU
		{FE3A30D0-1B60-4FEE-9076-D61C9002AB7D}.UAT|Any CPU.ActiveCfg = UAT|Any CPU
		{FE3A30D0-1B60-4FEE-9076-D61C9002AB7D}.UAT|Any CPU.Build.0 = UAT|Any CPU
		{9C685231-4E50-43B8-B0C3-2FE098F6B43E}.Debug|Any CPU.ActiveCfg = Debug|Any CPU
		{9C685231-4E50-43B8-B0C3-2FE098F6B43E}.Debug|Any CPU.Build.0 = Debug|Any CPU
		{9C685231-4E50-43B8-B0C3-2FE098F6B43E}.Release|Any CPU.ActiveCfg = Debug|Any CPU
		{9C685231-4E50-43B8-B0C3-2FE098F6B43E}.UAT|Any CPU.ActiveCfg = Debug|Any CPU
		{138D9C5D-F401-4090-8351-0B7538E74E65}.Debug|Any CPU.ActiveCfg = DEBUG|Any CPU
		{138D9C5D-F401-4090-8351-0B7538E74E65}.Debug|Any CPU.Build.0 = DEBUG|Any CPU
		{138D9C5D-F401-4090-8351-0B7538E74E65}.Release|Any CPU.ActiveCfg = Release|Any CPU
		{138D9C5D-F401-4090-8351-0B7538E74E65}.Release|Any CPU.Build.0 = Release|Any CPU
		{138D9C5D-F401-4090-8351-0B7538E74E65}.UAT|Any CPU.ActiveCfg = UAT|Any CPU
		{138D9C5D-F401-4090-8351-0B7538E74E65}.UAT|Any CPU.Build.0 = UAT|Any CPU
	EndGlobalSection
	GlobalSection(SolutionProperties) = preSolution
		HideSolutionNode = FALSE
	EndGlobalSection
	GlobalSection(ExtensibilityGlobals) = postSolution
		SolutionGuid = {35D37DCC-6AEC-4C51-8113-84DE54F96F26}
	EndGlobalSection
EndGlobal
