Microsoft Visual Studio Solution File, Format Version 12.00
# Visual Studio Version 17
VisualStudioVersion = 17.0.31903.59
MinimumVisualStudioVersion = 10.0.40219.1
Project("{9A19103F-16F7-4668-BE54-9A1E7A4F7556}") = "ZClientDP2", "ZClientDP2\ZClientDP2.csproj", "{72923CAE-6A5F-4B70-92D3-E00991B3ADA7}"
EndProject
Project("{9A19103F-16F7-4668-BE54-9A1E7A4F7556}") = "ZClientDP2.Test", "ZClientDP2.Test\ZClientDP2.Test.csproj", "{CA288C7F-3088-44D3-90EB-BC2F1C47F494}"
EndProject
Project("{9A19103F-16F7-4668-BE54-9A1E7A4F7556}") = "ZClientDP2.Winzor", "ZClientDP2\ZClientDP2.Winzor.csproj", "{1B6B83DF-2BB7-4B28-91E4-D6473EEBE9A4}"
EndProject
Project("{9A19103F-16F7-4668-BE54-9A1E7A4F7556}") = "ZClientDP2.Test.Winzor", "ZClientDP2.Test\ZClientDP2.Test.Winzor.csproj", "{8A5F6346-3176-4F7D-9D4A-A3A13C37FE9B}"
EndProject
Global
	GlobalSection(SolutionConfigurationPlatforms) = preSolution
		Debug|Any CPU = Debug|Any CPU
		Release|Any CPU = Release|Any CPU
	EndGlobalSection
	GlobalSection(ProjectConfigurationPlatforms) = postSolution
		{72923CAE-6A5F-4B70-92D3-E00991B3ADA7}.Debug|Any CPU.ActiveCfg = Debug|Any CPU
		{72923CAE-6A5F-4B70-92D3-E00991B3ADA7}.Debug|Any CPU.Build.0 = Debug|Any CPU
		{72923CAE-6A5F-4B70-92D3-E00991B3ADA7}.Release|Any CPU.ActiveCfg = Release|Any CPU
		{72923CAE-6A5F-4B70-92D3-E00991B3ADA7}.Release|Any CPU.Build.0 = Release|Any CPU
		{CA288C7F-3088-44D3-90EB-BC2F1C47F494}.Debug|Any CPU.ActiveCfg = Debug|Any CPU
		{CA288C7F-3088-44D3-90EB-BC2F1C47F494}.Debug|Any CPU.Build.0 = Debug|Any CPU
		{CA288C7F-3088-44D3-90EB-BC2F1C47F494}.Release|Any CPU.ActiveCfg = Release|Any CPU
		{1B6B83DF-2BB7-4B28-91E4-D6473EEBE9A4}.Debug|Any CPU.ActiveCfg = Debug|Any CPU
		{1B6B83DF-2BB7-4B28-91E4-D6473EEBE9A4}.Debug|Any CPU.Build.0 = Debug|Any CPU
		{1B6B83DF-2BB7-4B28-91E4-D6473EEBE9A4}.Release|Any CPU.ActiveCfg = Release|Any CPU
		{1B6B83DF-2BB7-4B28-91E4-D6473EEBE9A4}.Release|Any CPU.Build.0 = Release|Any CPU
		{8A5F6346-3176-4F7D-9D4A-A3A13C37FE9B}.Debug|Any CPU.ActiveCfg = Debug|Any CPU
		{8A5F6346-3176-4F7D-9D4A-A3A13C37FE9B}.Debug|Any CPU.Build.0 = Debug|Any CPU
		{8A5F6346-3176-4F7D-9D4A-A3A13C37FE9B}.Release|Any CPU.ActiveCfg = Release|Any CPU
	EndGlobalSection
	GlobalSection(SolutionProperties) = preSolution
		HideSolutionNode = FALSE
	EndGlobalSection
	GlobalSection(ExtensibilityGlobals) = postSolution
		SolutionGuid = {7D4B0A22-2BC0-499E-B78F-73800BD77148}
	EndGlobalSection
EndGlobal
