
Microsoft Visual Studio Solution File, Format Version 12.00
# Visual Studio Version 17
VisualStudioVersion = 17.2.32802.462
MinimumVisualStudioVersion = 10.0.40219.1
Project("{FAE04EC0-301F-11D3-BF4B-00C04F79EFBC}") = "DocumentEngineCore.GUI", "DocumentEngineCore.GUI\DocumentEngineCore.GUI.csproj", "{66B23222-0DB0-45EF-BFDD-B46289E5C4D4}"
EndProject
Project("{FAE04EC0-301F-11D3-BF4B-00C04F79EFBC}") = "DocumentEngineCore.GUI.Test", "DocumentEngineCore.GUI.Test\DocumentEngineCore.GUI.Test.csproj", "{D5680522-294B-42CE-8966-978F4CF03B6F}"
EndProject
Project("{9A19103F-16F7-4668-BE54-9A1E7A4F7556}") = "DocumentEngineCore.GUI.Winzor", "DocumentEngineCore.GUI\DocumentEngineCore.GUI.Winzor.csproj", "{DEC9CBBB-DA6B-415E-8D36-040A7F3D5B8C}"
EndProject
Project("{FAE04EC0-301F-11D3-BF4B-00C04F79EFBC}") = "DocumentEngineCore.GUI.Test.Winzor", "DocumentEngineCore.GUI.Test\DocumentEngineCore.GUI.Test.Winzor.csproj", "{5511AD68-281D-4814-AAD5-6DD027377397}"
EndProject
Global
	GlobalSection(SolutionConfigurationPlatforms) = preSolution
		Debug|Any CPU = Debug|Any CPU
		Release|Any CPU = Release|Any CPU
	EndGlobalSection
	GlobalSection(ProjectConfigurationPlatforms) = postSolution
		{66B23222-0DB0-45EF-BFDD-B46289E5C4D4}.Debug|Any CPU.ActiveCfg = Debug|Any CPU
		{66B23222-0DB0-45EF-BFDD-B46289E5C4D4}.Debug|Any CPU.Build.0 = Debug|Any CPU
		{66B23222-0DB0-45EF-BFDD-B46289E5C4D4}.Release|Any CPU.ActiveCfg = Release|Any CPU
		{66B23222-0DB0-45EF-BFDD-B46289E5C4D4}.Release|Any CPU.Build.0 = Release|Any CPU
		{D5680522-294B-42CE-8966-978F4CF03B6F}.Debug|Any CPU.ActiveCfg = Debug|Any CPU
		{D5680522-294B-42CE-8966-978F4CF03B6F}.Debug|Any CPU.Build.0 = Debug|Any CPU
		{D5680522-294B-42CE-8966-978F4CF03B6F}.Release|Any CPU.ActiveCfg = Release|Any CPU
		{DEC9CBBB-DA6B-415E-8D36-040A7F3D5B8C}.Debug|Any CPU.ActiveCfg = Debug|Any CPU
		{DEC9CBBB-DA6B-415E-8D36-040A7F3D5B8C}.Debug|Any CPU.Build.0 = Debug|Any CPU
		{DEC9CBBB-DA6B-415E-8D36-040A7F3D5B8C}.Release|Any CPU.ActiveCfg = Release|Any CPU
		{DEC9CBBB-DA6B-415E-8D36-040A7F3D5B8C}.Release|Any CPU.Build.0 = Release|Any CPU
		{5511AD68-281D-4814-AAD5-6DD027377397}.Debug|Any CPU.ActiveCfg = Debug|Any CPU
		{5511AD68-281D-4814-AAD5-6DD027377397}.Debug|Any CPU.Build.0 = Debug|Any CPU
		{5511AD68-281D-4814-AAD5-6DD027377397}.Release|Any CPU.ActiveCfg = Release|Any CPU
	EndGlobalSection
	GlobalSection(SolutionProperties) = preSolution
		HideSolutionNode = FALSE
	EndGlobalSection
	GlobalSection(ExtensibilityGlobals) = postSolution
		SolutionGuid = {EAA299C4-AD5D-4CB8-9C4A-B3F15ECF3311}
	EndGlobalSection
	GlobalSection(CodealikeProperties) = postSolution
		SolutionGuid = ae14eb2a-4c48-4d76-9850-9f712d1e4f08
	EndGlobalSection
EndGlobal
