
Microsoft Visual Studio Solution File, Format Version 12.00
# Visual Studio Version 17
VisualStudioVersion = 17.3.32825.248
MinimumVisualStudioVersion = 10.0.40219.1
Project("{9A19103F-16F7-4668-BE54-9A1E7A4F7556}") = "Enterprise.Customs.NZ.Manifest.Business", "Business\Enterprise.Customs.NZ.Manifest.Business.csproj", "{8625F834-5FE1-4A2C-B083-E9ACCC0EEF89}"
EndProject
Project("{9A19103F-16F7-4668-BE54-9A1E7A4F7556}") = "Enterprise.Customs.NZ.Manifest.Business.Test", "Business.Test\Enterprise.Customs.NZ.Manifest.Business.Test.csproj", "{7ECB1B81-F1C1-49A7-89EE-7EE9772AFC81}"
EndProject
Project("{9A19103F-16F7-4668-BE54-9A1E7A4F7556}") = "Enterprise.Customs.NZ.Manifest.GUI", "GUI\Enterprise.Customs.NZ.Manifest.GUI.csproj", "{4BFC924E-289D-4B11-B007-84F5D336CAE9}"
EndProject
Project("{9A19103F-16F7-4668-BE54-9A1E7A4F7556}") = "Enterprise.Customs.NZ.Manifest.GUI.Winzor", "GUI\Enterprise.Customs.NZ.Manifest.GUI.Winzor.csproj", "{FFD9A104-642B-433B-AD23-74D5449156A5}"
EndProject
Project("{9A19103F-16F7-4668-BE54-9A1E7A4F7556}") = "Enterprise.Customs.NZ.Manifest.GUI.Test", "GUI.Test\Enterprise.Customs.NZ.Manifest.GUI.Test.csproj", "{99AC5A49-CBB0-4E60-8849-1C0CBC057AD1}"
EndProject
Project("{9A19103F-16F7-4668-BE54-9A1E7A4F7556}") = "Enterprise.Customs.NZ.Manifest.GUI.Test.Winzor", "GUI.Test\Enterprise.Customs.NZ.Manifest.GUI.Test.Winzor.csproj", "{6BF2A12B-DD22-4BA7-8F64-54A68DAC0105}"
EndProject
Global
	GlobalSection(SolutionConfigurationPlatforms) = preSolution
		Debug|Any CPU = Debug|Any CPU
		Release|Any CPU = Release|Any CPU
	EndGlobalSection
	GlobalSection(ProjectConfigurationPlatforms) = postSolution
		{8625F834-5FE1-4A2C-B083-E9ACCC0EEF89}.Debug|Any CPU.ActiveCfg = Debug|Any CPU
		{8625F834-5FE1-4A2C-B083-E9ACCC0EEF89}.Debug|Any CPU.Build.0 = Debug|Any CPU
		{8625F834-5FE1-4A2C-B083-E9ACCC0EEF89}.Release|Any CPU.ActiveCfg = Release|Any CPU
		{8625F834-5FE1-4A2C-B083-E9ACCC0EEF89}.Release|Any CPU.Build.0 = Release|Any CPU
		{7ECB1B81-F1C1-49A7-89EE-7EE9772AFC81}.Debug|Any CPU.ActiveCfg = Debug|Any CPU
		{7ECB1B81-F1C1-49A7-89EE-7EE9772AFC81}.Debug|Any CPU.Build.0 = Debug|Any CPU
		{7ECB1B81-F1C1-49A7-89EE-7EE9772AFC81}.Release|Any CPU.ActiveCfg = Release|Any CPU
		{4BFC924E-289D-4B11-B007-84F5D336CAE9}.Debug|Any CPU.ActiveCfg = Debug|Any CPU
		{4BFC924E-289D-4B11-B007-84F5D336CAE9}.Debug|Any CPU.Build.0 = Debug|Any CPU
		{4BFC924E-289D-4B11-B007-84F5D336CAE9}.Release|Any CPU.ActiveCfg = Release|Any CPU
		{4BFC924E-289D-4B11-B007-84F5D336CAE9}.Release|Any CPU.Build.0 = Release|Any CPU
		{FFD9A104-642B-433B-AD23-74D5449156A5}.Debug|Any CPU.ActiveCfg = Debug|Any CPU
		{FFD9A104-642B-433B-AD23-74D5449156A5}.Debug|Any CPU.Build.0 = Debug|Any CPU
		{FFD9A104-642B-433B-AD23-74D5449156A5}.Release|Any CPU.ActiveCfg = Release|Any CPU
		{FFD9A104-642B-433B-AD23-74D5449156A5}.Release|Any CPU.Build.0 = Release|Any CPU
		{99AC5A49-CBB0-4E60-8849-1C0CBC057AD1}.Debug|Any CPU.ActiveCfg = Debug|Any CPU
		{99AC5A49-CBB0-4E60-8849-1C0CBC057AD1}.Debug|Any CPU.Build.0 = Debug|Any CPU
		{99AC5A49-CBB0-4E60-8849-1C0CBC057AD1}.Release|Any CPU.ActiveCfg = Release|Any CPU
		{6BF2A12B-DD22-4BA7-8F64-54A68DAC0105}.Debug|Any CPU.ActiveCfg = Debug|Any CPU
		{6BF2A12B-DD22-4BA7-8F64-54A68DAC0105}.Debug|Any CPU.Build.0 = Debug|Any CPU
		{6BF2A12B-DD22-4BA7-8F64-54A68DAC0105}.Release|Any CPU.ActiveCfg = Release|Any CPU
	EndGlobalSection
	GlobalSection(SolutionProperties) = preSolution
		HideSolutionNode = FALSE
	EndGlobalSection
	GlobalSection(ExtensibilityGlobals) = postSolution
		SolutionGuid = {8F5603CD-CA54-4D9A-8D5D-DC745EE5FE22}
	EndGlobalSection
EndGlobal
