Microsoft Visual Studio Solution File, Format Version 12.00
# Visual Studio Version 17
VisualStudioVersion = 17.0.31903.59
MinimumVisualStudioVersion = 10.0.40219.1
Project("{9A19103F-16F7-4668-BE54-9A1E7A4F7556}") = "Enterprise.ZArchitecture.Web.GUI", "GUI\Enterprise.ZArchitecture.Web.GUI.csproj", "{0B7FEBD5-7914-41C4-A881-453D2995BEE9}"
EndProject
Project("{9A19103F-16F7-4668-BE54-9A1E7A4F7556}") = "Enterprise.ZArchitecture.Web.GUI.Test", "GUI.Test\Enterprise.ZArchitecture.Web.GUI.Test.csproj", "{61FF0660-5D30-4367-8442-129C14AD437F}"
EndProject
Project("{9A19103F-16F7-4668-BE54-9A1E7A4F7556}") = "Enterprise.ZArchitecture.Web.Business", "Business\Enterprise.ZArchitecture.Web.Business.csproj", "{4A322079-C730-40B9-AF63-96684B8D3B1F}"
EndProject
Project("{9A19103F-16F7-4668-BE54-9A1E7A4F7556}") = "Enterprise.ZArchitecture.Web.Business.Test", "Business.Test\Enterprise.ZArchitecture.Web.Business.Test.csproj", "{653670CE-8FA7-4AC0-A46A-71F5081EB18C}"
EndProject
Project("{9A19103F-16F7-4668-BE54-9A1E7A4F7556}") = "Enterprise.ZArchitecture.Web.Utilities", "Utilities\Enterprise.ZArchitecture.Web.Utilities.csproj", "{E7ADEDC3-3BFC-441B-B3E8-CAFD7E50B134}"
EndProject
Project("{9A19103F-16F7-4668-BE54-9A1E7A4F7556}") = "Enterprise.ZArchitecture.Web.Utilities.Test", "Utilities.Test\Enterprise.ZArchitecture.Web.Utilities.Test.csproj", "{3F15AFB3-25F4-4A5B-B606-35DE43AFFB84}"
EndProject
Project("{9A19103F-16F7-4668-BE54-9A1E7A4F7556}") = "Enterprise.ZArchitecture.Web.GUI.Ajax", "Ajax\Enterprise.ZArchitecture.Web.GUI.Ajax.csproj", "{72056012-2982-4920-9AE6-5D2224F6E3E5}"
EndProject
Project("{9A19103F-16F7-4668-BE54-9A1E7A4F7556}") = "Enterprise.ZArchitecture.Web.GUI.Ajax.Test", "Ajax.Test\Enterprise.ZArchitecture.Web.GUI.Ajax.Test.csproj", "{53D871DC-5EC2-4C63-845B-2A0F7FBEB797}"
EndProject
Project("{9A19103F-16F7-4668-BE54-9A1E7A4F7556}") = "Enterprise.ZArchitecture.Web.Tests", "Enterprise.ZArchitecture.Web.Tests\Enterprise.ZArchitecture.Web.Tests.csproj", "{FEC68A5E-E0A2-49C8-BCC2-794B3878C948}"
EndProject
Project("{9A19103F-16F7-4668-BE54-9A1E7A4F7556}") = "Enterprise.ZArchitecture.Web.GlobalBase", "GlobalBase\Enterprise.ZArchitecture.Web.GlobalBase.csproj", "{EFFADE5C-A05D-44A3-8359-B4E47B01150C}"
EndProject
Project("{9A19103F-16F7-4668-BE54-9A1E7A4F7556}") = "Enterprise.ZArchitecture.Web.GlobalBase.Tests", "GlobalBase.Tests\Enterprise.ZArchitecture.Web.GlobalBase.Tests.csproj", "{87D6A902-CEE8-4852-B178-2FC2829C9767}"
EndProject
Project("{9A19103F-16F7-4668-BE54-9A1E7A4F7556}") = "Enterprise.ZArchitecture.Web.Common", "Enterprise.ZArchitecture.Web.Common\Enterprise.ZArchitecture.Web.Common.csproj", "{710F7DAF-3FFE-473A-8AEC-582BA84AD3D1}"
EndProject
Project("{9A19103F-16F7-4668-BE54-9A1E7A4F7556}") = "Enterprise.ZArchitecture.Web.Shared", "Shared\Enterprise.ZArchitecture.Web.Shared.csproj", "{DF1500F2-FE6F-4374-801E-36BF2C0E30C7}"
EndProject
Project("{9A19103F-16F7-4668-BE54-9A1E7A4F7556}") = "Enterprise.ZArchitecture.Web.Business.ServiceTasks", "Business.ServiceTasks\Enterprise.ZArchitecture.Web.Business.ServiceTasks.csproj", "{CF1FE055-6AD4-4A84-AEBF-69220833F70D}"
EndProject
Project("{9A19103F-16F7-4668-BE54-9A1E7A4F7556}") = "Enterprise.ZArchitecture.Web.Business.ServiceTasks.Test", "Business.ServiceTasks.Test\Enterprise.ZArchitecture.Web.Business.ServiceTasks.Test.csproj", "{5A0B3053-FDA3-4846-834D-A3CA4530DA19}"
EndProject
Global
	GlobalSection(SolutionConfigurationPlatforms) = preSolution
		Debug|Any CPU = Debug|Any CPU
		Release|Any CPU = Release|Any CPU
	EndGlobalSection
	GlobalSection(ProjectConfigurationPlatforms) = postSolution
		{0B7FEBD5-7914-41C4-A881-453D2995BEE9}.Debug|Any CPU.ActiveCfg = Debug|Any CPU
		{0B7FEBD5-7914-41C4-A881-453D2995BEE9}.Debug|Any CPU.Build.0 = Debug|Any CPU
		{0B7FEBD5-7914-41C4-A881-453D2995BEE9}.Release|Any CPU.ActiveCfg = Release|Any CPU
		{0B7FEBD5-7914-41C4-A881-453D2995BEE9}.Release|Any CPU.Build.0 = Release|Any CPU
		{61FF0660-5D30-4367-8442-129C14AD437F}.Debug|Any CPU.ActiveCfg = Debug|Any CPU
		{61FF0660-5D30-4367-8442-129C14AD437F}.Debug|Any CPU.Build.0 = Debug|Any CPU
		{61FF0660-5D30-4367-8442-129C14AD437F}.Release|Any CPU.ActiveCfg = Release|Any CPU
		{4A322079-C730-40B9-AF63-96684B8D3B1F}.Debug|Any CPU.ActiveCfg = Debug|Any CPU
		{4A322079-C730-40B9-AF63-96684B8D3B1F}.Debug|Any CPU.Build.0 = Debug|Any CPU
		{4A322079-C730-40B9-AF63-96684B8D3B1F}.Release|Any CPU.ActiveCfg = Release|Any CPU
		{4A322079-C730-40B9-AF63-96684B8D3B1F}.Release|Any CPU.Build.0 = Release|Any CPU
		{653670CE-8FA7-4AC0-A46A-71F5081EB18C}.Debug|Any CPU.ActiveCfg = Debug|Any CPU
		{653670CE-8FA7-4AC0-A46A-71F5081EB18C}.Debug|Any CPU.Build.0 = Debug|Any CPU
		{653670CE-8FA7-4AC0-A46A-71F5081EB18C}.Release|Any CPU.ActiveCfg = Release|Any CPU
		{E7ADEDC3-3BFC-441B-B3E8-CAFD7E50B134}.Debug|Any CPU.ActiveCfg = Debug|Any CPU
		{E7ADEDC3-3BFC-441B-B3E8-CAFD7E50B134}.Debug|Any CPU.Build.0 = Debug|Any CPU
		{E7ADEDC3-3BFC-441B-B3E8-CAFD7E50B134}.Release|Any CPU.ActiveCfg = Release|Any CPU
		{E7ADEDC3-3BFC-441B-B3E8-CAFD7E50B134}.Release|Any CPU.Build.0 = Release|Any CPU
		{3F15AFB3-25F4-4A5B-B606-35DE43AFFB84}.Debug|Any CPU.ActiveCfg = Debug|Any CPU
		{3F15AFB3-25F4-4A5B-B606-35DE43AFFB84}.Debug|Any CPU.Build.0 = Debug|Any CPU
		{3F15AFB3-25F4-4A5B-B606-35DE43AFFB84}.Release|Any CPU.ActiveCfg = Release|Any CPU
		{72056012-2982-4920-9AE6-5D2224F6E3E5}.Debug|Any CPU.ActiveCfg = Debug|Any CPU
		{72056012-2982-4920-9AE6-5D2224F6E3E5}.Debug|Any CPU.Build.0 = Debug|Any CPU
		{72056012-2982-4920-9AE6-5D2224F6E3E5}.Release|Any CPU.ActiveCfg = Release|Any CPU
		{72056012-2982-4920-9AE6-5D2224F6E3E5}.Release|Any CPU.Build.0 = Release|Any CPU
		{53D871DC-5EC2-4C63-845B-2A0F7FBEB797}.Debug|Any CPU.ActiveCfg = Debug|Any CPU
		{53D871DC-5EC2-4C63-845B-2A0F7FBEB797}.Debug|Any CPU.Build.0 = Debug|Any CPU
		{53D871DC-5EC2-4C63-845B-2A0F7FBEB797}.Release|Any CPU.ActiveCfg = Release|Any CPU
		{FEC68A5E-E0A2-49C8-BCC2-794B3878C948}.Debug|Any CPU.ActiveCfg = Debug|Any CPU
		{FEC68A5E-E0A2-49C8-BCC2-794B3878C948}.Debug|Any CPU.Build.0 = Debug|Any CPU
		{FEC68A5E-E0A2-49C8-BCC2-794B3878C948}.Release|Any CPU.ActiveCfg = Release|Any CPU
		{EFFADE5C-A05D-44A3-8359-B4E47B01150C}.Debug|Any CPU.ActiveCfg = Debug|Any CPU
		{EFFADE5C-A05D-44A3-8359-B4E47B01150C}.Debug|Any CPU.Build.0 = Debug|Any CPU
		{EFFADE5C-A05D-44A3-8359-B4E47B01150C}.Release|Any CPU.ActiveCfg = Release|Any CPU
		{EFFADE5C-A05D-44A3-8359-B4E47B01150C}.Release|Any CPU.Build.0 = Release|Any CPU
		{87D6A902-CEE8-4852-B178-2FC2829C9767}.Debug|Any CPU.ActiveCfg = Debug|Any CPU
		{87D6A902-CEE8-4852-B178-2FC2829C9767}.Debug|Any CPU.Build.0 = Debug|Any CPU
		{87D6A902-CEE8-4852-B178-2FC2829C9767}.Release|Any CPU.ActiveCfg = Release|Any CPU
		{710F7DAF-3FFE-473A-8AEC-582BA84AD3D1}.Debug|Any CPU.ActiveCfg = Debug|Any CPU
		{710F7DAF-3FFE-473A-8AEC-582BA84AD3D1}.Debug|Any CPU.Build.0 = Debug|Any CPU
		{710F7DAF-3FFE-473A-8AEC-582BA84AD3D1}.Release|Any CPU.ActiveCfg = Release|Any CPU
		{710F7DAF-3FFE-473A-8AEC-582BA84AD3D1}.Release|Any CPU.Build.0 = Release|Any CPU
		{DF1500F2-FE6F-4374-801E-36BF2C0E30C7}.Debug|Any CPU.ActiveCfg = Debug|Any CPU
		{DF1500F2-FE6F-4374-801E-36BF2C0E30C7}.Debug|Any CPU.Build.0 = Debug|Any CPU
		{DF1500F2-FE6F-4374-801E-36BF2C0E30C7}.Release|Any CPU.ActiveCfg = Release|Any CPU
		{DF1500F2-FE6F-4374-801E-36BF2C0E30C7}.Release|Any CPU.Build.0 = Release|Any CPU
		{CF1FE055-6AD4-4A84-AEBF-69220833F70D}.Debug|Any CPU.ActiveCfg = Debug|Any CPU
		{CF1FE055-6AD4-4A84-AEBF-69220833F70D}.Debug|Any CPU.Build.0 = Debug|Any CPU
		{CF1FE055-6AD4-4A84-AEBF-69220833F70D}.Release|Any CPU.ActiveCfg = Release|Any CPU
		{CF1FE055-6AD4-4A84-AEBF-69220833F70D}.Release|Any CPU.Build.0 = Release|Any CPU
		{5A0B3053-FDA3-4846-834D-A3CA4530DA19}.Debug|Any CPU.ActiveCfg = Debug|Any CPU
		{5A0B3053-FDA3-4846-834D-A3CA4530DA19}.Debug|Any CPU.Build.0 = Debug|Any CPU
		{5A0B3053-FDA3-4846-834D-A3CA4530DA19}.Release|Any CPU.ActiveCfg = Release|Any CPU
	EndGlobalSection
	GlobalSection(SolutionProperties) = preSolution
		HideSolutionNode = FALSE
	EndGlobalSection
	GlobalSection(ExtensibilityGlobals) = postSolution
		SolutionGuid = {52F164BE-2072-4642-B1D5-51F90DBD7571}
	EndGlobalSection
	GlobalSection(CodealikeProperties) = postSolution
		SolutionGuid = b3aa59eb-62dc-43bf-bf26-492347e9fa2b
	EndGlobalSection
EndGlobal
