
Microsoft Visual Studio Solution File, Format Version 12.00
# Visual Studio Version 17
VisualStudioVersion = 17.2.32602.215
MinimumVisualStudioVersion = 10.0.40219.1
Project("{9A19103F-16F7-4668-BE54-9A1E7A4F7556}") = "Enterprise.ZArchitecture.Web.Shared.Test", "Shared.Test\Enterprise.ZArchitecture.Web.Shared.Test.csproj", "{92556145-F1EF-4101-9053-3982107407BC}"
EndProject
Project("{9A19103F-16F7-4668-BE54-9A1E7A4F7556}") = "Enterprise.ZArchitecture.Web.Shared.Test.Common", "Shared.Test.Common\Enterprise.ZArchitecture.Web.Shared.Test.Common.csproj", "{3B052693-0289-4CAA-B2AD-98959C871354}"
	ProjectSection(ProjectDependencies) = postProject
		{E7A48CEC-D845-4CBE-BD66-CB14FA7E0394} = {E7A48CEC-D845-4CBE-BD66-CB14FA7E0394}
	EndProjectSection
EndProject
Project("{9A19103F-16F7-4668-BE54-9A1E7A4F7556}") = "Enterprise.ZArchitecture.Web.Shared.Tester", "Shared.Tester\Enterprise.ZArchitecture.Web.Shared.Tester.csproj", "{FE9BAF22-A05D-4F27-8F1F-103202EE277A}"
EndProject
Project("{9A19103F-16F7-4668-BE54-9A1E7A4F7556}") = "Enterprise.ZArchitecture.Web.Shared.Test.Common.Strong", "Shared.Test.Common.Strong\Enterprise.ZArchitecture.Web.Shared.Test.Common.Strong.csproj", "{E7A48CEC-D845-4CBE-BD66-CB14FA7E0394}"
EndProject
Global
	GlobalSection(SolutionConfigurationPlatforms) = preSolution
		Debug|Any CPU = Debug|Any CPU
		Release|Any CPU = Release|Any CPU
	EndGlobalSection
	GlobalSection(ProjectConfigurationPlatforms) = postSolution
		{92556145-F1EF-4101-9053-3982107407BC}.Debug|Any CPU.ActiveCfg = Debug|Any CPU
		{92556145-F1EF-4101-9053-3982107407BC}.Debug|Any CPU.Build.0 = Debug|Any CPU
		{92556145-F1EF-4101-9053-3982107407BC}.Release|Any CPU.ActiveCfg = Release|Any CPU
		{3B052693-0289-4CAA-B2AD-98959C871354}.Debug|Any CPU.ActiveCfg = Debug|Any CPU
		{3B052693-0289-4CAA-B2AD-98959C871354}.Debug|Any CPU.Build.0 = Debug|Any CPU
		{3B052693-0289-4CAA-B2AD-98959C871354}.Release|Any CPU.ActiveCfg = Release|Any CPU
		{FE9BAF22-A05D-4F27-8F1F-103202EE277A}.Debug|Any CPU.ActiveCfg = Debug|Any CPU
		{FE9BAF22-A05D-4F27-8F1F-103202EE277A}.Debug|Any CPU.Build.0 = Debug|Any CPU
		{FE9BAF22-A05D-4F27-8F1F-103202EE277A}.Release|Any CPU.ActiveCfg = Release|Any CPU
		{FE9BAF22-A05D-4F27-8F1F-103202EE277A}.Release|Any CPU.Build.0 = Release|Any CPU
		{E7A48CEC-D845-4CBE-BD66-CB14FA7E0394}.Debug|Any CPU.ActiveCfg = Debug|Any CPU
		{E7A48CEC-D845-4CBE-BD66-CB14FA7E0394}.Debug|Any CPU.Build.0 = Debug|Any CPU
		{E7A48CEC-D845-4CBE-BD66-CB14FA7E0394}.Release|Any CPU.ActiveCfg = Release|Any CPU
	EndGlobalSection
	GlobalSection(SolutionProperties) = preSolution
		HideSolutionNode = FALSE
	EndGlobalSection
	GlobalSection(ExtensibilityGlobals) = postSolution
		SolutionGuid = {7E8DD474-8D79-42DA-AB7F-B165272478F3}
	EndGlobalSection
EndGlobal
