
Microsoft Visual Studio Solution File, Format Version 12.00
# Visual Studio Version 17
VisualStudioVersion = 17.4.33213.308
MinimumVisualStudioVersion = 10.0.40219.1
Project("{FAE04EC0-301F-11D3-BF4B-00C04F79EFBC}") = "eServices.eHubAdmin", "eHubAdmin\eServices.eHubAdmin.csproj", "{8602F622-7746-4C1E-B215-4BF119621684}"
EndProject
Project("{FAE04EC0-301F-11D3-BF4B-00C04F79EFBC}") = "eServices.eHubAdmin.Tests", "Tests\eServices.eHubAdmin.Tests.csproj", "{DFFAA8AA-50D6-4B6E-99D3-EC051117AAAC}"
EndProject
Project("{2150E333-8FDC-42A3-9474-1A3956D46DE8}") = "Referenced Projects", "Referenced Projects", "{7C9779CB-67E7-45E4-AC43-9E094EFFAD12}"
EndProject
Project("{FAE04EC0-301F-11D3-BF4B-00C04F79EFBC}") = "eServices.eHubAdmin.IntegrationTests", "IntegrationTests\eServices.eHubAdmin.IntegrationTests.csproj", "{DF3E4B95-52AE-411D-AE01-09D3F32E8110}"
EndProject
Global
	GlobalSection(SolutionConfigurationPlatforms) = preSolution
		Debug Default Settings|Any CPU = Debug Default Settings|Any CPU
		Debug|Any CPU = Debug|Any CPU
		Release Default Settings|Any CPU = Release Default Settings|Any CPU
		Release|Any CPU = Release|Any CPU
	EndGlobalSection
	GlobalSection(ProjectConfigurationPlatforms) = postSolution
		{8602F622-7746-4C1E-B215-4BF119621684}.Debug Default Settings|Any CPU.ActiveCfg = Debug Default Settings|Any CPU
		{8602F622-7746-4C1E-B215-4BF119621684}.Debug Default Settings|Any CPU.Build.0 = Debug Default Settings|Any CPU
		{8602F622-7746-4C1E-B215-4BF119621684}.Debug|Any CPU.ActiveCfg = Debug|Any CPU
		{8602F622-7746-4C1E-B215-4BF119621684}.Debug|Any CPU.Build.0 = Debug|Any CPU
		{8602F622-7746-4C1E-B215-4BF119621684}.Release Default Settings|Any CPU.ActiveCfg = Release Default Settings|Any CPU
		{8602F622-7746-4C1E-B215-4BF119621684}.Release Default Settings|Any CPU.Build.0 = Release Default Settings|Any CPU
		{8602F622-7746-4C1E-B215-4BF119621684}.Release|Any CPU.ActiveCfg = Release|Any CPU
		{8602F622-7746-4C1E-B215-4BF119621684}.Release|Any CPU.Build.0 = Release|Any CPU
		{DFFAA8AA-50D6-4B6E-99D3-EC051117AAAC}.Debug Default Settings|Any CPU.ActiveCfg = Debug|Any CPU
		{DFFAA8AA-50D6-4B6E-99D3-EC051117AAAC}.Debug Default Settings|Any CPU.Build.0 = Debug|Any CPU
		{DFFAA8AA-50D6-4B6E-99D3-EC051117AAAC}.Debug|Any CPU.ActiveCfg = Debug|Any CPU
		{DFFAA8AA-50D6-4B6E-99D3-EC051117AAAC}.Debug|Any CPU.Build.0 = Debug|Any CPU
		{DFFAA8AA-50D6-4B6E-99D3-EC051117AAAC}.Release Default Settings|Any CPU.ActiveCfg = Release|Any CPU
		{DFFAA8AA-50D6-4B6E-99D3-EC051117AAAC}.Release Default Settings|Any CPU.Build.0 = Release|Any CPU
		{DFFAA8AA-50D6-4B6E-99D3-EC051117AAAC}.Release|Any CPU.ActiveCfg = Release|Any CPU
		{DFFAA8AA-50D6-4B6E-99D3-EC051117AAAC}.Release|Any CPU.Build.0 = Release|Any CPU
		{DF3E4B95-52AE-411D-AE01-09D3F32E8110}.Debug Default Settings|Any CPU.ActiveCfg = Debug|Any CPU
		{DF3E4B95-52AE-411D-AE01-09D3F32E8110}.Debug Default Settings|Any CPU.Build.0 = Debug|Any CPU
		{DF3E4B95-52AE-411D-AE01-09D3F32E8110}.Debug|Any CPU.ActiveCfg = Debug|Any CPU
		{DF3E4B95-52AE-411D-AE01-09D3F32E8110}.Debug|Any CPU.Build.0 = Debug|Any CPU
		{DF3E4B95-52AE-411D-AE01-09D3F32E8110}.Release Default Settings|Any CPU.ActiveCfg = Release|Any CPU
		{DF3E4B95-52AE-411D-AE01-09D3F32E8110}.Release Default Settings|Any CPU.Build.0 = Release|Any CPU
		{DF3E4B95-52AE-411D-AE01-09D3F32E8110}.Release|Any CPU.ActiveCfg = Release|Any CPU
		{DF3E4B95-52AE-411D-AE01-09D3F32E8110}.Release|Any CPU.Build.0 = Release|Any CPU
	EndGlobalSection
	GlobalSection(SolutionProperties) = preSolution
		HideSolutionNode = FALSE
	EndGlobalSection
	GlobalSection(ExtensibilityGlobals) = postSolution
		SolutionGuid = {49EFF586-AFD4-4AB2-916E-54006FB28AF4}
	EndGlobalSection
EndGlobal
