Microsoft Visual Studio Solution File, Format Version 12.00
# Visual Studio Version 17
VisualStudioVersion = 17.0.31903.59
MinimumVisualStudioVersion = 10.0.40219.1
Project("{9A19103F-16F7-4668-BE54-9A1E7A4F7556}") = "Registration", "Registration\Registration.csproj", "{04B1DA92-468C-4028-8B24-BA7CB5617F8A}"
EndProject
Project("{9A19103F-16F7-4668-BE54-9A1E7A4F7556}") = "Registration.Test", "Registration.Test\Registration.Test.csproj", "{98A6978F-0751-4215-B4C9-4D1060D7750D}"
EndProject
Project("{9A19103F-16F7-4668-BE54-9A1E7A4F7556}") = "AnalysisServices", "AnalysisServices\AnalysisServices.csproj", "{69D0E645-D2AB-4F8F-BA2A-7C6497097944}"
EndProject
Project("{9A19103F-16F7-4668-BE54-9A1E7A4F7556}") = "ReportingServices", "ReportingServices\ReportingServices.csproj", "{CCF5EB09-E8D2-4D70-9057-C9DCA2D0F946}"
EndProject
Project("{9A19103F-16F7-4668-BE54-9A1E7A4F7556}") = "ReportingServices.Test", "ReportingServices.Test\ReportingServices.Test.csproj", "{4875661E-0012-44A8-8E27-E8811212D490}"
EndProject
Project("{9A19103F-16F7-4668-BE54-9A1E7A4F7556}") = "BusinessIntelligence.Testing", "BusinessIntelligence.Testing\BusinessIntelligence.Testing.csproj", "{8D1CDF1B-9393-4C3E-BBEF-189253316EFE}"
EndProject
Global
	GlobalSection(SolutionConfigurationPlatforms) = preSolution
		Debug|Any CPU = Debug|Any CPU
		Release|Any CPU = Release|Any CPU
	EndGlobalSection
	GlobalSection(ProjectConfigurationPlatforms) = postSolution
		{04B1DA92-468C-4028-8B24-BA7CB5617F8A}.Debug|Any CPU.ActiveCfg = Debug|Any CPU
		{04B1DA92-468C-4028-8B24-BA7CB5617F8A}.Debug|Any CPU.Build.0 = Debug|Any CPU
		{04B1DA92-468C-4028-8B24-BA7CB5617F8A}.Release|Any CPU.ActiveCfg = Release|Any CPU
		{04B1DA92-468C-4028-8B24-BA7CB5617F8A}.Release|Any CPU.Build.0 = Release|Any CPU
		{98A6978F-0751-4215-B4C9-4D1060D7750D}.Debug|Any CPU.ActiveCfg = Debug|Any CPU
		{98A6978F-0751-4215-B4C9-4D1060D7750D}.Debug|Any CPU.Build.0 = Debug|Any CPU
		{98A6978F-0751-4215-B4C9-4D1060D7750D}.Release|Any CPU.ActiveCfg = Release|Any CPU
		{69D0E645-D2AB-4F8F-BA2A-7C6497097944}.Debug|Any CPU.ActiveCfg = Debug|Any CPU
		{69D0E645-D2AB-4F8F-BA2A-7C6497097944}.Debug|Any CPU.Build.0 = Debug|Any CPU
		{69D0E645-D2AB-4F8F-BA2A-7C6497097944}.Release|Any CPU.ActiveCfg = Release|Any CPU
		{69D0E645-D2AB-4F8F-BA2A-7C6497097944}.Release|Any CPU.Build.0 = Release|Any CPU
		{CCF5EB09-E8D2-4D70-9057-C9DCA2D0F946}.Debug|Any CPU.ActiveCfg = Debug|Any CPU
		{CCF5EB09-E8D2-4D70-9057-C9DCA2D0F946}.Debug|Any CPU.Build.0 = Debug|Any CPU
		{CCF5EB09-E8D2-4D70-9057-C9DCA2D0F946}.Release|Any CPU.ActiveCfg = Release|Any CPU
		{CCF5EB09-E8D2-4D70-9057-C9DCA2D0F946}.Release|Any CPU.Build.0 = Release|Any CPU
		{4875661E-0012-44A8-8E27-E8811212D490}.Debug|Any CPU.ActiveCfg = Debug|Any CPU
		{4875661E-0012-44A8-8E27-E8811212D490}.Debug|Any CPU.Build.0 = Debug|Any CPU
		{4875661E-0012-44A8-8E27-E8811212D490}.Release|Any CPU.ActiveCfg = Release|Any CPU
		{8D1CDF1B-9393-4C3E-BBEF-189253316EFE}.Debug|Any CPU.ActiveCfg = Debug|Any CPU
		{8D1CDF1B-9393-4C3E-BBEF-189253316EFE}.Debug|Any CPU.Build.0 = Debug|Any CPU
		{8D1CDF1B-9393-4C3E-BBEF-189253316EFE}.Release|Any CPU.ActiveCfg = Release|Any CPU
	EndGlobalSection
	GlobalSection(SolutionProperties) = preSolution
		HideSolutionNode = FALSE
	EndGlobalSection
	GlobalSection(ExtensibilityGlobals) = postSolution
		SolutionGuid = {EA68A519-B1F1-44DE-8577-791DB13A44B8}
	EndGlobalSection
	GlobalSection(CodealikeProperties) = postSolution
		SolutionGuid = b45d652a-6c14-41e0-8358-099431161fbe
	EndGlobalSection
EndGlobal
