
Microsoft Visual Studio Solution File, Format Version 12.00
# Visual Studio Version 17
VisualStudioVersion = 17.3.32929.385
MinimumVisualStudioVersion = 10.0.40219.1
Project("{9A19103F-16F7-4668-BE54-9A1E7A4F7556}") = "Enterprise.ArchiveManager.Service", "Service\Enterprise.ArchiveManager.Service.csproj", "{5D95307A-B173-4365-90FF-94FC10146278}"
EndProject
Project("{9A19103F-16F7-4668-BE54-9A1E7A4F7556}") = "Enterprise.ArchiveManager.Service.Test", "Service.Test\Enterprise.ArchiveManager.Service.Test.csproj", "{2E23FB0C-1B5C-42E6-8390-3D1839BE5869}"
EndProject
Global
	GlobalSection(SolutionConfigurationPlatforms) = preSolution
		Debug|Any CPU = Debug|Any CPU
		Release|Any CPU = Release|Any CPU
	EndGlobalSection
	GlobalSection(ProjectConfigurationPlatforms) = postSolution
		{5D95307A-B173-4365-90FF-94FC10146278}.Debug|Any CPU.ActiveCfg = Debug|Any CPU
		{5D95307A-B173-4365-90FF-94FC10146278}.Debug|Any CPU.Build.0 = Debug|Any CPU
		{5D95307A-B173-4365-90FF-94FC10146278}.Release|Any CPU.ActiveCfg = Release|Any CPU
		{5D95307A-B173-4365-90FF-94FC10146278}.Release|Any CPU.Build.0 = Release|Any CPU
		{2E23FB0C-1B5C-42E6-8390-3D1839BE5869}.Debug|Any CPU.ActiveCfg = Debug|Any CPU
		{2E23FB0C-1B5C-42E6-8390-3D1839BE5869}.Debug|Any CPU.Build.0 = Debug|Any CPU
		{2E23FB0C-1B5C-42E6-8390-3D1839BE5869}.Release|Any CPU.ActiveCfg = Release|Any CPU
	EndGlobalSection
	GlobalSection(SolutionProperties) = preSolution
		HideSolutionNode = FALSE
	EndGlobalSection
	GlobalSection(ExtensibilityGlobals) = postSolution
		SolutionGuid = {DC54AFCE-E2BD-4924-B941-02B857855AA0}
	EndGlobalSection
	GlobalSection(CodealikeProperties) = postSolution
		SolutionGuid = 13a699e0-fe1a-43d5-b858-af59ce6b030f
	EndGlobalSection
EndGlobal
