Microsoft Visual Studio Solution File, Format Version 12.00
# Visual Studio Version 17
VisualStudioVersion = 17.0.31903.59
MinimumVisualStudioVersion = 10.0.40219.1
Project("{9A19103F-16F7-4668-BE54-9A1E7A4F7556}") = "Enterprise.Customs.ES.Business", "Business\Enterprise.Customs.ES.Business.csproj", "{6CE342F9-D2E5-430F-9478-2C45907C9D61}"
EndProject
Project("{9A19103F-16F7-4668-BE54-9A1E7A4F7556}") = "Enterprise.Customs.ES.GUI", "GUI\Enterprise.Customs.ES.GUI.csproj", "{01BA65BC-E6F3-42F6-9B3E-EE7E16098086}"
EndProject
Project("{9A19103F-16F7-4668-BE54-9A1E7A4F7556}") = "Enterprise.Customs.ES.Module", "Module\Enterprise.Customs.ES.Module.csproj", "{DC209F42-CE4E-44AC-A46C-0FC984E67453}"
EndProject
Project("{9A19103F-16F7-4668-BE54-9A1E7A4F7556}") = "Enterprise.Customs.ES.Business.Test", "Business.Test\Enterprise.Customs.ES.Business.Test.csproj", "{B73730F2-A14C-408E-A107-35C656520E55}"
EndProject
Project("{9A19103F-16F7-4668-BE54-9A1E7A4F7556}") = "Enterprise.Customs.ES.GUI.Test", "GUI.Test\Enterprise.Customs.ES.GUI.Test.csproj", "{6CF1AD83-2F9C-4529-9A4D-2C6273A16B3D}"
EndProject
Project("{9A19103F-16F7-4668-BE54-9A1E7A4F7556}") = "Enterprise.Customs.ES.Module.Test", "Module.Test\Enterprise.Customs.ES.Module.Test.csproj", "{25415A48-9882-4C02-ADA0-51D7DAECCE50}"
EndProject
Project("{9A19103F-16F7-4668-BE54-9A1E7A4F7556}") = "Enterprise.Customs.ES.Messaging", "Messaging\Enterprise.Customs.ES.Messaging.csproj", "{94CD1A31-8C46-46F8-814E-2B7B4A9B8832}"
EndProject
Project("{9A19103F-16F7-4668-BE54-9A1E7A4F7556}") = "Enterprise.Customs.ES.Messaging.Test", "Messaging.Test\Enterprise.Customs.ES.Messaging.Test.csproj", "{2AAD3DAE-7F7A-40A7-9148-508C74BEB51D}"
EndProject
Project("{9A19103F-16F7-4668-BE54-9A1E7A4F7556}") = "Enterprise.Customs.ES.ServiceTasks", "ServiceTasks\Enterprise.Customs.ES.ServiceTasks.csproj", "{1EE58BAB-6277-46F8-9E50-C6188EB5D303}"
EndProject
Project("{9A19103F-16F7-4668-BE54-9A1E7A4F7556}") = "Enterprise.Customs.ES.ServiceTasks.Test", "ServiceTasks.Test\Enterprise.Customs.ES.ServiceTasks.Test.csproj", "{9867E782-EE91-442A-8BC8-58F28E73D797}"
EndProject
Project("{9A19103F-16F7-4668-BE54-9A1E7A4F7556}") = "Enterprise.Customs.ES.GUI.Winzor", "GUI\Enterprise.Customs.ES.GUI.Winzor.csproj", "{CDE19EE2-9E40-4FF9-A56D-D376AF7BE7BE}"
EndProject
Project("{9A19103F-16F7-4668-BE54-9A1E7A4F7556}") = "Enterprise.Customs.ES.Module.Winzor", "Module\Enterprise.Customs.ES.Module.Winzor.csproj", "{79D97EF9-40A4-467E-8B1E-B0AE10886E20}"
EndProject
Project("{9A19103F-16F7-4668-BE54-9A1E7A4F7556}") = "Enterprise.Customs.ES.DataTransfer", "DataTransfer\Enterprise.Customs.ES.DataTransfer.csproj", "{4AB58773-7869-459B-9947-A22E1A2980F1}"
EndProject
Project("{9A19103F-16F7-4668-BE54-9A1E7A4F7556}") = "Enterprise.Customs.ES.DataTransfer.Test", "DataTransfer.Test\Enterprise.Customs.ES.DataTransfer.Test.csproj", "{E37DED78-64FD-45C0-9D82-5C7284CF6F33}"
EndProject
Project("{9A19103F-16F7-4668-BE54-9A1E7A4F7556}") = "Enterprise.Customs.ES.GUI.Test.Winzor", "GUI.Test\Enterprise.Customs.ES.GUI.Test.Winzor.csproj", "{47EC652C-82A3-4F3D-B078-A9E8BDDF6BB5}"
EndProject
Project("{9A19103F-16F7-4668-BE54-9A1E7A4F7556}") = "Enterprise.Customs.ES.Module.Test.Winzor", "Module.Test\Enterprise.Customs.ES.Module.Test.Winzor.csproj", "{7C4C16F6-BFF2-478F-8A55-949E302FE96D}"
EndProject
Global
	GlobalSection(SolutionConfigurationPlatforms) = preSolution
		Debug|Any CPU = Debug|Any CPU
		Release|Any CPU = Release|Any CPU
	EndGlobalSection
	GlobalSection(ProjectConfigurationPlatforms) = postSolution
		{6CE342F9-D2E5-430F-9478-2C45907C9D61}.Debug|Any CPU.ActiveCfg = Debug|Any CPU
		{6CE342F9-D2E5-430F-9478-2C45907C9D61}.Debug|Any CPU.Build.0 = Debug|Any CPU
		{6CE342F9-D2E5-430F-9478-2C45907C9D61}.Release|Any CPU.ActiveCfg = Release|Any CPU
		{6CE342F9-D2E5-430F-9478-2C45907C9D61}.Release|Any CPU.Build.0 = Release|Any CPU
		{01BA65BC-E6F3-42F6-9B3E-EE7E16098086}.Debug|Any CPU.ActiveCfg = Debug|Any CPU
		{01BA65BC-E6F3-42F6-9B3E-EE7E16098086}.Debug|Any CPU.Build.0 = Debug|Any CPU
		{01BA65BC-E6F3-42F6-9B3E-EE7E16098086}.Release|Any CPU.ActiveCfg = Release|Any CPU
		{01BA65BC-E6F3-42F6-9B3E-EE7E16098086}.Release|Any CPU.Build.0 = Release|Any CPU
		{DC209F42-CE4E-44AC-A46C-0FC984E67453}.Debug|Any CPU.ActiveCfg = Debug|Any CPU
		{DC209F42-CE4E-44AC-A46C-0FC984E67453}.Debug|Any CPU.Build.0 = Debug|Any CPU
		{DC209F42-CE4E-44AC-A46C-0FC984E67453}.Release|Any CPU.ActiveCfg = Release|Any CPU
		{DC209F42-CE4E-44AC-A46C-0FC984E67453}.Release|Any CPU.Build.0 = Release|Any CPU
		{B73730F2-A14C-408E-A107-35C656520E55}.Debug|Any CPU.ActiveCfg = Debug|Any CPU
		{B73730F2-A14C-408E-A107-35C656520E55}.Debug|Any CPU.Build.0 = Debug|Any CPU
		{B73730F2-A14C-408E-A107-35C656520E55}.Release|Any CPU.ActiveCfg = Release|Any CPU
		{6CF1AD83-2F9C-4529-9A4D-2C6273A16B3D}.Debug|Any CPU.ActiveCfg = Debug|Any CPU
		{6CF1AD83-2F9C-4529-9A4D-2C6273A16B3D}.Debug|Any CPU.Build.0 = Debug|Any CPU
		{6CF1AD83-2F9C-4529-9A4D-2C6273A16B3D}.Release|Any CPU.ActiveCfg = Release|Any CPU
		{25415A48-9882-4C02-ADA0-51D7DAECCE50}.Debug|Any CPU.ActiveCfg = Debug|Any CPU
		{25415A48-9882-4C02-ADA0-51D7DAECCE50}.Debug|Any CPU.Build.0 = Debug|Any CPU
		{25415A48-9882-4C02-ADA0-51D7DAECCE50}.Release|Any CPU.ActiveCfg = Release|Any CPU
		{94CD1A31-8C46-46F8-814E-2B7B4A9B8832}.Debug|Any CPU.ActiveCfg = Debug|Any CPU
		{94CD1A31-8C46-46F8-814E-2B7B4A9B8832}.Debug|Any CPU.Build.0 = Debug|Any CPU
		{94CD1A31-8C46-46F8-814E-2B7B4A9B8832}.Release|Any CPU.ActiveCfg = Release|Any CPU
		{94CD1A31-8C46-46F8-814E-2B7B4A9B8832}.Release|Any CPU.Build.0 = Release|Any CPU
		{2AAD3DAE-7F7A-40A7-9148-508C74BEB51D}.Debug|Any CPU.ActiveCfg = Debug|Any CPU
		{2AAD3DAE-7F7A-40A7-9148-508C74BEB51D}.Debug|Any CPU.Build.0 = Debug|Any CPU
		{2AAD3DAE-7F7A-40A7-9148-508C74BEB51D}.Release|Any CPU.ActiveCfg = Release|Any CPU
		{1EE58BAB-6277-46F8-9E50-C6188EB5D303}.Debug|Any CPU.ActiveCfg = Debug|Any CPU
		{1EE58BAB-6277-46F8-9E50-C6188EB5D303}.Debug|Any CPU.Build.0 = Debug|Any CPU
		{1EE58BAB-6277-46F8-9E50-C6188EB5D303}.Release|Any CPU.ActiveCfg = Release|Any CPU
		{1EE58BAB-6277-46F8-9E50-C6188EB5D303}.Release|Any CPU.Build.0 = Release|Any CPU
		{9867E782-EE91-442A-8BC8-58F28E73D797}.Debug|Any CPU.ActiveCfg = Debug|Any CPU
		{9867E782-EE91-442A-8BC8-58F28E73D797}.Debug|Any CPU.Build.0 = Debug|Any CPU
		{9867E782-EE91-442A-8BC8-58F28E73D797}.Release|Any CPU.ActiveCfg = Release|Any CPU
		{CDE19EE2-9E40-4FF9-A56D-D376AF7BE7BE}.Debug|Any CPU.ActiveCfg = Debug|Any CPU
		{CDE19EE2-9E40-4FF9-A56D-D376AF7BE7BE}.Debug|Any CPU.Build.0 = Debug|Any CPU
		{CDE19EE2-9E40-4FF9-A56D-D376AF7BE7BE}.Release|Any CPU.ActiveCfg = Release|Any CPU
		{CDE19EE2-9E40-4FF9-A56D-D376AF7BE7BE}.Release|Any CPU.Build.0 = Release|Any CPU
		{79D97EF9-40A4-467E-8B1E-B0AE10886E20}.Debug|Any CPU.ActiveCfg = Debug|Any CPU
		{79D97EF9-40A4-467E-8B1E-B0AE10886E20}.Debug|Any CPU.Build.0 = Debug|Any CPU
		{79D97EF9-40A4-467E-8B1E-B0AE10886E20}.Release|Any CPU.ActiveCfg = Release|Any CPU
		{79D97EF9-40A4-467E-8B1E-B0AE10886E20}.Release|Any CPU.Build.0 = Release|Any CPU
		{4AB58773-7869-459B-9947-A22E1A2980F1}.Debug|Any CPU.ActiveCfg = Debug|Any CPU
		{4AB58773-7869-459B-9947-A22E1A2980F1}.Debug|Any CPU.Build.0 = Debug|Any CPU
		{4AB58773-7869-459B-9947-A22E1A2980F1}.Release|Any CPU.ActiveCfg = Release|Any CPU
		{4AB58773-7869-459B-9947-A22E1A2980F1}.Release|Any CPU.Build.0 = Release|Any CPU
		{E37DED78-64FD-45C0-9D82-5C7284CF6F33}.Debug|Any CPU.ActiveCfg = Debug|Any CPU
		{E37DED78-64FD-45C0-9D82-5C7284CF6F33}.Debug|Any CPU.Build.0 = Debug|Any CPU
		{E37DED78-64FD-45C0-9D82-5C7284CF6F33}.Release|Any CPU.ActiveCfg = Release|Any CPU
		{47EC652C-82A3-4F3D-B078-A9E8BDDF6BB5}.Debug|Any CPU.ActiveCfg = Debug|Any CPU
		{47EC652C-82A3-4F3D-B078-A9E8BDDF6BB5}.Debug|Any CPU.Build.0 = Debug|Any CPU
		{47EC652C-82A3-4F3D-B078-A9E8BDDF6BB5}.Release|Any CPU.ActiveCfg = Release|Any CPU
		{7C4C16F6-BFF2-478F-8A55-949E302FE96D}.Debug|Any CPU.ActiveCfg = Debug|Any CPU
		{7C4C16F6-BFF2-478F-8A55-949E302FE96D}.Debug|Any CPU.Build.0 = Debug|Any CPU
		{7C4C16F6-BFF2-478F-8A55-949E302FE96D}.Release|Any CPU.ActiveCfg = Release|Any CPU
	EndGlobalSection
	GlobalSection(SolutionProperties) = preSolution
		HideSolutionNode = FALSE
	EndGlobalSection
	GlobalSection(ExtensibilityGlobals) = postSolution
		SolutionGuid = {11A77E6F-2BC6-4480-AD79-8D425CF693FD}
	EndGlobalSection
	GlobalSection(CodealikeProperties) = postSolution
		SolutionGuid = 8580158c-1c81-4b73-bc52-2531133f16a0
	EndGlobalSection
EndGlobal
