Microsoft Visual Studio Solution File, Format Version 12.00
# Visual Studio Version 17
VisualStudioVersion = 17.9.34622.214
MinimumVisualStudioVersion = 10.0.40219.1
Project("{9A19103F-16F7-4668-BE54-9A1E7A4F7556}") = "ComplianceRisk.Business.Test", "ComplianceRisk.Business.Test\ComplianceRisk.Business.Test.csproj", "{B0F88054-C233-441F-8F78-64110EDAFC4C}"
EndProject
Project("{9A19103F-16F7-4668-BE54-9A1E7A4F7556}") = "ComplianceRisk.GUI", "ComplianceRisk.GUI\ComplianceRisk.GUI.csproj", "{264D782C-C201-4B17-A85E-3426A22C3466}"
EndProject
Project("{9A19103F-16F7-4668-BE54-9A1E7A4F7556}") = "ComplianceRisk.GUI.Test", "ComplianceRisk.GUI.Test\ComplianceRisk.GUI.Test.csproj", "{DBBBEC0A-6C59-4C7F-B8EC-7C2E97F801D9}"
EndProject
Project("{9A19103F-16F7-4668-BE54-9A1E7A4F7556}") = "ComplianceRisk.Integration", "ComplianceRisk.Integration\ComplianceRisk.Integration.csproj", "{556B9F8D-49AC-4AA2-98C7-AFD7AF7AE160}"
EndProject
Project("{9A19103F-16F7-4668-BE54-9A1E7A4F7556}") = "ComplianceRisk.Integration.Test", "ComplianceRisk.Integration.Test\ComplianceRisk.Integration.Test.csproj", "{8C715050-766A-4684-8C37-39C75594ED70}"
EndProject
Project("{9A19103F-16F7-4668-BE54-9A1E7A4F7556}") = "ComplianceRisk.ServiceTasks", "ComplianceRisk.ServiceTasks\ComplianceRisk.ServiceTasks.csproj", "{4F218EB1-7770-4928-BB95-F380DB60B842}"
EndProject
Project("{9A19103F-16F7-4668-BE54-9A1E7A4F7556}") = "ComplianceRisk.ServiceTasks.Test", "ComplianceRisk.ServiceTasks.Test\ComplianceRisk.ServiceTasks.Test.csproj", "{7101BC2C-498C-413A-80CA-18901537E6D9}"
EndProject
Project("{9A19103F-16F7-4668-BE54-9A1E7A4F7556}") = "ComplianceRisk.Business", "ComplianceRisk.Business\ComplianceRisk.Business.csproj", "{E68FBC0D-2E2C-4F62-ABFB-DCC1C7FE672D}"
EndProject
Project("{9A19103F-16F7-4668-BE54-9A1E7A4F7556}") = "ComplianceRisk.GUI.Winzor", "ComplianceRisk.GUI\ComplianceRisk.GUI.Winzor.csproj", "{79EAA759-1E9D-47A5-A81D-A20537071CF1}"
EndProject
Project("{9A19103F-16F7-4668-BE54-9A1E7A4F7556}") = "ComplianceRisk.GUI.Test.Winzor", "ComplianceRisk.GUI.Test\ComplianceRisk.GUI.Test.Winzor.csproj", "{F8EAE884-88CB-45A1-AB13-F9A7D2010694}"
EndProject
Global
	GlobalSection(SolutionConfigurationPlatforms) = preSolution
		Debug|Any CPU = Debug|Any CPU
		Release|Any CPU = Release|Any CPU
	EndGlobalSection
	GlobalSection(ProjectConfigurationPlatforms) = postSolution
		{B0F88054-C233-441F-8F78-64110EDAFC4C}.Debug|Any CPU.ActiveCfg = Debug|Any CPU
		{B0F88054-C233-441F-8F78-64110EDAFC4C}.Debug|Any CPU.Build.0 = Debug|Any CPU
		{B0F88054-C233-441F-8F78-64110EDAFC4C}.Release|Any CPU.ActiveCfg = Release|Any CPU
		{264D782C-C201-4B17-A85E-3426A22C3466}.Debug|Any CPU.ActiveCfg = Debug|Any CPU
		{264D782C-C201-4B17-A85E-3426A22C3466}.Debug|Any CPU.Build.0 = Debug|Any CPU
		{264D782C-C201-4B17-A85E-3426A22C3466}.Release|Any CPU.ActiveCfg = Release|Any CPU
		{264D782C-C201-4B17-A85E-3426A22C3466}.Release|Any CPU.Build.0 = Release|Any CPU
		{DBBBEC0A-6C59-4C7F-B8EC-7C2E97F801D9}.Debug|Any CPU.ActiveCfg = Debug|Any CPU
		{DBBBEC0A-6C59-4C7F-B8EC-7C2E97F801D9}.Debug|Any CPU.Build.0 = Debug|Any CPU
		{DBBBEC0A-6C59-4C7F-B8EC-7C2E97F801D9}.Release|Any CPU.ActiveCfg = Release|Any CPU
		{556B9F8D-49AC-4AA2-98C7-AFD7AF7AE160}.Debug|Any CPU.ActiveCfg = Debug|Any CPU
		{556B9F8D-49AC-4AA2-98C7-AFD7AF7AE160}.Debug|Any CPU.Build.0 = Debug|Any CPU
		{556B9F8D-49AC-4AA2-98C7-AFD7AF7AE160}.Release|Any CPU.ActiveCfg = Release|Any CPU
		{556B9F8D-49AC-4AA2-98C7-AFD7AF7AE160}.Release|Any CPU.Build.0 = Release|Any CPU
		{8C715050-766A-4684-8C37-39C75594ED70}.Debug|Any CPU.ActiveCfg = Debug|Any CPU
		{8C715050-766A-4684-8C37-39C75594ED70}.Debug|Any CPU.Build.0 = Debug|Any CPU
		{8C715050-766A-4684-8C37-39C75594ED70}.Release|Any CPU.ActiveCfg = Release|Any CPU
		{4F218EB1-7770-4928-BB95-F380DB60B842}.Debug|Any CPU.ActiveCfg = Debug|Any CPU
		{4F218EB1-7770-4928-BB95-F380DB60B842}.Debug|Any CPU.Build.0 = Debug|Any CPU
		{4F218EB1-7770-4928-BB95-F380DB60B842}.Release|Any CPU.ActiveCfg = Release|Any CPU
		{4F218EB1-7770-4928-BB95-F380DB60B842}.Release|Any CPU.Build.0 = Release|Any CPU
		{7101BC2C-498C-413A-80CA-18901537E6D9}.Debug|Any CPU.ActiveCfg = Debug|Any CPU
		{7101BC2C-498C-413A-80CA-18901537E6D9}.Debug|Any CPU.Build.0 = Debug|Any CPU
		{7101BC2C-498C-413A-80CA-18901537E6D9}.Release|Any CPU.ActiveCfg = Release|Any CPU
		{E68FBC0D-2E2C-4F62-ABFB-DCC1C7FE672D}.Debug|Any CPU.ActiveCfg = Debug|Any CPU
		{E68FBC0D-2E2C-4F62-ABFB-DCC1C7FE672D}.Debug|Any CPU.Build.0 = Debug|Any CPU
		{E68FBC0D-2E2C-4F62-ABFB-DCC1C7FE672D}.Release|Any CPU.ActiveCfg = Release|Any CPU
		{E68FBC0D-2E2C-4F62-ABFB-DCC1C7FE672D}.Release|Any CPU.Build.0 = Release|Any CPU
		{79EAA759-1E9D-47A5-A81D-A20537071CF1}.Debug|Any CPU.ActiveCfg = Debug|Any CPU
		{79EAA759-1E9D-47A5-A81D-A20537071CF1}.Debug|Any CPU.Build.0 = Debug|Any CPU
		{79EAA759-1E9D-47A5-A81D-A20537071CF1}.Release|Any CPU.ActiveCfg = Release|Any CPU
		{79EAA759-1E9D-47A5-A81D-A20537071CF1}.Release|Any CPU.Build.0 = Release|Any CPU
		{F8EAE884-88CB-45A1-AB13-F9A7D2010694}.Debug|Any CPU.ActiveCfg = Debug|Any CPU
		{F8EAE884-88CB-45A1-AB13-F9A7D2010694}.Debug|Any CPU.Build.0 = Debug|Any CPU
		{F8EAE884-88CB-45A1-AB13-F9A7D2010694}.Release|Any CPU.ActiveCfg = Release|Any CPU
	EndGlobalSection
	GlobalSection(SolutionProperties) = preSolution
		HideSolutionNode = FALSE
	EndGlobalSection
	GlobalSection(ExtensibilityGlobals) = postSolution
		SolutionGuid = {4355A6E1-5D58-44FF-95AF-0DDED5915CBC}
	EndGlobalSection
EndGlobal
