
Microsoft Visual Studio Solution File, Format Version 12.00
# Visual Studio Version 17
VisualStudioVersion = 17.1.32210.238
MinimumVisualStudioVersion = 10.0.40219.1
Project("{FAE04EC0-301F-11D3-BF4B-00C04F79EFBC}") = "CargoWise.EntityFramework", "CargoWise.EntityFramework\CargoWise.EntityFramework.csproj", "{12D0DA8E-23D7-4120-8E47-323CAFC1BAE0}"
EndProject
Project("{FAE04EC0-301F-11D3-BF4B-00C04F79EFBC}") = "CargoWise.EntityFramework.Testing", "CargoWise.EntityFramework.Testing\CargoWise.EntityFramework.Testing.csproj", "{C773EFCD-C5EA-4EFC-A617-EDCD75F43C8F}"
EndProject
Global
	GlobalSection(SolutionConfigurationPlatforms) = preSolution
		Debug|Any CPU = Debug|Any CPU
		Release|Any CPU = Release|Any CPU
	EndGlobalSection
	GlobalSection(ProjectConfigurationPlatforms) = postSolution
		{12D0DA8E-23D7-4120-8E47-323CAFC1BAE0}.Debug|Any CPU.ActiveCfg = Debug|Any CPU
		{12D0DA8E-23D7-4120-8E47-323CAFC1BAE0}.Debug|Any CPU.Build.0 = Debug|Any CPU
		{12D0DA8E-23D7-4120-8E47-323CAFC1BAE0}.Release|Any CPU.ActiveCfg = Release|Any CPU
		{12D0DA8E-23D7-4120-8E47-323CAFC1BAE0}.Release|Any CPU.Build.0 = Release|Any CPU
		{C773EFCD-C5EA-4EFC-A617-EDCD75F43C8F}.Debug|Any CPU.ActiveCfg = Debug|Any CPU
		{C773EFCD-C5EA-4EFC-A617-EDCD75F43C8F}.Debug|Any CPU.Build.0 = Debug|Any CPU
		{C773EFCD-C5EA-4EFC-A617-EDCD75F43C8F}.Release|Any CPU.ActiveCfg = Release|Any CPU
	EndGlobalSection
	GlobalSection(SolutionProperties) = preSolution
		HideSolutionNode = FALSE
	EndGlobalSection
	GlobalSection(CodealikeProperties) = postSolution
		SolutionGuid = fcdf3026-3442-4d16-859c-928f3631ea64
	EndGlobalSection
EndGlobal
