
Microsoft Visual Studio Solution File, Format Version 12.00
# Visual Studio Version 17
VisualStudioVersion = 17.3.32929.385
MinimumVisualStudioVersion = 10.0.40219.1
Project("{9A19103F-16F7-4668-BE54-9A1E7A4F7556}") = "Enterprise.ZArchitecture.GUI", "Enterprise.ZArchitecture.GUI\Enterprise.ZArchitecture.GUI.csproj", "{F148E16A-FC3A-44DF-840A-6AEB2E37BEBD}"
EndProject
Project("{9A19103F-16F7-4668-BE54-9A1E7A4F7556}") = "Enterprise.ZArchitecture.GUI.Test", "Enterprise.ZArchitecture.GUI.Test\Enterprise.ZArchitecture.GUI.Test.csproj", "{86A11BB4-2FFC-49D3-895A-8D6707027D52}"
EndProject
Project("{9A19103F-16F7-4668-BE54-9A1E7A4F7556}") = "Enterprise.ZArchitecture.GUI.BrowserInterop.Tests", "Enterprise.ZArchitecture.GUI.BrowserInterop.Tests\Enterprise.ZArchitecture.GUI.BrowserInterop.Tests.csproj", "{B0469B38-5730-45F5-9FFE-EF0841830860}"
EndProject
Project("{9A19103F-16F7-4668-BE54-9A1E7A4F7556}") = "Enterprise.ZArchitecture.GUI.BrowserInterop", "Enterprise.ZArchitecture.GUI.BrowserInterop\Enterprise.ZArchitecture.GUI.BrowserInterop.csproj", "{E52C6648-AA40-471B-924E-56C260E98A7A}"
EndProject
Project("{9A19103F-16F7-4668-BE54-9A1E7A4F7556}") = "Enterprise.ZArchitecture.GUI.BrowserInterop.Winzor", "Enterprise.ZArchitecture.GUI.BrowserInterop\Enterprise.ZArchitecture.GUI.BrowserInterop.Winzor.csproj", "{2B7500C8-5E6C-4873-B623-EF401D162C44}"
EndProject
Project("{9A19103F-16F7-4668-BE54-9A1E7A4F7556}") = "Enterprise.ZArchitecture.GUI.BrowserInterop.Tests.Winzor", "Enterprise.ZArchitecture.GUI.BrowserInterop.Tests\Enterprise.ZArchitecture.GUI.BrowserInterop.Tests.Winzor.csproj", "{94F2BB84-6E0C-46BF-A96D-46F08CC82370}"
EndProject
Global
	GlobalSection(SolutionConfigurationPlatforms) = preSolution
		Debug|Any CPU = Debug|Any CPU
		Release|Any CPU = Release|Any CPU
	EndGlobalSection
	GlobalSection(ProjectConfigurationPlatforms) = postSolution
		{F148E16A-FC3A-44DF-840A-6AEB2E37BEBD}.Debug|Any CPU.ActiveCfg = Debug|Any CPU
		{F148E16A-FC3A-44DF-840A-6AEB2E37BEBD}.Debug|Any CPU.Build.0 = Debug|Any CPU
		{F148E16A-FC3A-44DF-840A-6AEB2E37BEBD}.Release|Any CPU.ActiveCfg = Release|Any CPU
		{F148E16A-FC3A-44DF-840A-6AEB2E37BEBD}.Release|Any CPU.Build.0 = Release|Any CPU
		{86A11BB4-2FFC-49D3-895A-8D6707027D52}.Debug|Any CPU.ActiveCfg = Debug|Any CPU
		{86A11BB4-2FFC-49D3-895A-8D6707027D52}.Debug|Any CPU.Build.0 = Debug|Any CPU
		{86A11BB4-2FFC-49D3-895A-8D6707027D52}.Release|Any CPU.ActiveCfg = Release|Any CPU
		{B0469B38-5730-45F5-9FFE-EF0841830860}.Debug|Any CPU.ActiveCfg = Debug|Any CPU
		{B0469B38-5730-45F5-9FFE-EF0841830860}.Debug|Any CPU.Build.0 = Debug|Any CPU
		{B0469B38-5730-45F5-9FFE-EF0841830860}.Release|Any CPU.ActiveCfg = Release|Any CPU
		{E52C6648-AA40-471B-924E-56C260E98A7A}.Debug|Any CPU.ActiveCfg = Debug|Any CPU
		{E52C6648-AA40-471B-924E-56C260E98A7A}.Debug|Any CPU.Build.0 = Debug|Any CPU
		{E52C6648-AA40-471B-924E-56C260E98A7A}.Release|Any CPU.ActiveCfg = Release|Any CPU
		{E52C6648-AA40-471B-924E-56C260E98A7A}.Release|Any CPU.Build.0 = Release|Any CPU
		{2B7500C8-5E6C-4873-B623-EF401D162C44}.Debug|Any CPU.ActiveCfg = Debug|Any CPU
		{2B7500C8-5E6C-4873-B623-EF401D162C44}.Debug|Any CPU.Build.0 = Debug|Any CPU
		{2B7500C8-5E6C-4873-B623-EF401D162C44}.Release|Any CPU.ActiveCfg = Release|Any CPU
		{2B7500C8-5E6C-4873-B623-EF401D162C44}.Release|Any CPU.Build.0 = Release|Any CPU
		{94F2BB84-6E0C-46BF-A96D-46F08CC82370}.Debug|Any CPU.ActiveCfg = Debug|Any CPU
		{94F2BB84-6E0C-46BF-A96D-46F08CC82370}.Debug|Any CPU.Build.0 = Debug|Any CPU
		{94F2BB84-6E0C-46BF-A96D-46F08CC82370}.Release|Any CPU.ActiveCfg = Release|Any CPU
	EndGlobalSection
	GlobalSection(SolutionProperties) = preSolution
		HideSolutionNode = FALSE
	EndGlobalSection
	GlobalSection(ExtensibilityGlobals) = postSolution
		SolutionGuid = {8850F5BE-5E30-4EDB-BD9F-A933F35E470F}
	EndGlobalSection
	GlobalSection(CodealikeProperties) = postSolution
		SolutionGuid = 4d6d791c-6c29-46a2-9619-5b4e01aad176
	EndGlobalSection
EndGlobal
