
Microsoft Visual Studio Solution File, Format Version 12.00
# Visual Studio Version 17
VisualStudioVersion = 17.13.35825.156
MinimumVisualStudioVersion = 10.0.40219.1
Project("{FAE04EC0-301F-11D3-BF4B-00C04F79EFBC}") = "eServices.eHubPortal", "eHubPortal\eServices.eHubPortal.csproj", "{12351718-F7F7-D601-71B5-79DB1E9A7C60}"
EndProject
Project("{2150E333-8FDC-42A3-9474-1A3956D46DE8}") = "Solution Items", "Solution Items", "{8EC462FD-D22E-90A8-E5CE-7E832BA40C5D}"
	ProjectSection(SolutionItems) = preProject
		Build.Deploy.xml = Build.Deploy.xml
		Build.xml = Build.xml
		Directory.Build.props = Directory.Build.props
		Directory.Packages.props = Directory.Packages.props
		.config\dotnet-tools.json = .config\dotnet-tools.json
		nuget.config = nuget.config
	EndProjectSection
EndProject
Project("{FAE04EC0-301F-11D3-BF4B-00C04F79EFBC}") = "eServices.eHubPortal.Tests", "eHubPortal.Tests\eServices.eHubPortal.Tests.csproj", "{EBE39F38-D9D0-4D77-8D5A-42073B4F91E1}"
EndProject
Global
	GlobalSection(SolutionConfigurationPlatforms) = preSolution
		Debug|Any CPU = Debug|Any CPU
		Debug|x64 = Debug|x64
		Debug|x86 = Debug|x86
		Release|Any CPU = Release|Any CPU
		Release|x64 = Release|x64
		Release|x86 = Release|x86
	EndGlobalSection
	GlobalSection(ProjectConfigurationPlatforms) = postSolution
		{12351718-F7F7-D601-71B5-79DB1E9A7C60}.Debug|Any CPU.ActiveCfg = Debug|Any CPU
		{12351718-F7F7-D601-71B5-79DB1E9A7C60}.Debug|Any CPU.Build.0 = Debug|Any CPU
		{12351718-F7F7-D601-71B5-79DB1E9A7C60}.Debug|x64.ActiveCfg = Debug|Any CPU
		{12351718-F7F7-D601-71B5-79DB1E9A7C60}.Debug|x64.Build.0 = Debug|Any CPU
		{12351718-F7F7-D601-71B5-79DB1E9A7C60}.Debug|x86.ActiveCfg = Debug|Any CPU
		{12351718-F7F7-D601-71B5-79DB1E9A7C60}.Debug|x86.Build.0 = Debug|Any CPU
		{12351718-F7F7-D601-71B5-79DB1E9A7C60}.Release|Any CPU.ActiveCfg = Release|Any CPU
		{12351718-F7F7-D601-71B5-79DB1E9A7C60}.Release|Any CPU.Build.0 = Release|Any CPU
		{12351718-F7F7-D601-71B5-79DB1E9A7C60}.Release|x64.ActiveCfg = Release|Any CPU
		{12351718-F7F7-D601-71B5-79DB1E9A7C60}.Release|x64.Build.0 = Release|Any CPU
		{12351718-F7F7-D601-71B5-79DB1E9A7C60}.Release|x86.ActiveCfg = Release|Any CPU
		{12351718-F7F7-D601-71B5-79DB1E9A7C60}.Release|x86.Build.0 = Release|Any CPU
		{EBE39F38-D9D0-4D77-8D5A-42073B4F91E1}.Debug|Any CPU.ActiveCfg = Debug|Any CPU
		{EBE39F38-D9D0-4D77-8D5A-42073B4F91E1}.Debug|Any CPU.Build.0 = Debug|Any CPU
		{EBE39F38-D9D0-4D77-8D5A-42073B4F91E1}.Debug|x64.ActiveCfg = Debug|Any CPU
		{EBE39F38-D9D0-4D77-8D5A-42073B4F91E1}.Debug|x64.Build.0 = Debug|Any CPU
		{EBE39F38-D9D0-4D77-8D5A-42073B4F91E1}.Debug|x86.ActiveCfg = Debug|Any CPU
		{EBE39F38-D9D0-4D77-8D5A-42073B4F91E1}.Debug|x86.Build.0 = Debug|Any CPU
		{EBE39F38-D9D0-4D77-8D5A-42073B4F91E1}.Release|Any CPU.ActiveCfg = Release|Any CPU
		{EBE39F38-D9D0-4D77-8D5A-42073B4F91E1}.Release|Any CPU.Build.0 = Release|Any CPU
		{EBE39F38-D9D0-4D77-8D5A-42073B4F91E1}.Release|x64.ActiveCfg = Release|Any CPU
		{EBE39F38-D9D0-4D77-8D5A-42073B4F91E1}.Release|x64.Build.0 = Release|Any CPU
		{EBE39F38-D9D0-4D77-8D5A-42073B4F91E1}.Release|x86.ActiveCfg = Release|Any CPU
		{EBE39F38-D9D0-4D77-8D5A-42073B4F91E1}.Release|x86.Build.0 = Release|Any CPU
	EndGlobalSection
	GlobalSection(SolutionProperties) = preSolution
		HideSolutionNode = FALSE
	EndGlobalSection
	GlobalSection(ExtensibilityGlobals) = postSolution
		SolutionGuid = {44EDBD5C-B92C-4616-8D57-DCBC7D347B25}
	EndGlobalSection
EndGlobal
