
Microsoft Visual Studio Solution File, Format Version 12.00
# Visual Studio Version 17
VisualStudioVersion = 17.1.32407.343
MinimumVisualStudioVersion = 10.0.40219.1
Project("{9A19103F-16F7-4668-BE54-9A1E7A4F7556}") = "Enterprise.ZArchitecture.Business.Benchmark.Test", "Enterprise.ZArchitecture.Business.Benchmark.Test\Enterprise.ZArchitecture.Business.Benchmark.Test.csproj", "{E50652AD-0838-4555-A468-7CD892787665}"
EndProject
Project("{2150E333-8FDC-42A3-9474-1A3956D46DE8}") = "Solution Items", "Solution Items", "{220949EA-98E0-400F-B09B-F4A9EF40ACDB}"
	ProjectSection(SolutionItems) = preProject
		!ReadMe.md = !ReadMe.md
	EndProjectSection
EndProject
Project("{9A19103F-16F7-4668-BE54-9A1E7A4F7556}") = "Enterprise.ZArchitecture.Benchmark.Framework", "Enterprise.ZArchitecture.Benchmark.Framework\Enterprise.ZArchitecture.Benchmark.Framework.csproj", "{DA7747E1-DA60-4E3E-8765-27803B9E40BD}"
EndProject
Project("{9A19103F-16F7-4668-BE54-9A1E7A4F7556}") = "Enterprise.ZArchitecture.Benchmark.Framework.Test", "Enterprise.ZArchitecture.Benchmark.Framework.Test\Enterprise.ZArchitecture.Benchmark.Framework.Test.csproj", "{4B216BF3-017E-48B2-A216-85315FC2112F}"
EndProject
Global
	GlobalSection(SolutionConfigurationPlatforms) = preSolution
		Debug|Any CPU = Debug|Any CPU
		Release|Any CPU = Release|Any CPU
	EndGlobalSection
	GlobalSection(ProjectConfigurationPlatforms) = postSolution
		{E50652AD-0838-4555-A468-7CD892787665}.Debug|Any CPU.ActiveCfg = Debug|Any CPU
		{E50652AD-0838-4555-A468-7CD892787665}.Debug|Any CPU.Build.0 = Debug|Any CPU
		{E50652AD-0838-4555-A468-7CD892787665}.Release|Any CPU.ActiveCfg = Release|Any CPU
		{DA7747E1-DA60-4E3E-8765-27803B9E40BD}.Debug|Any CPU.ActiveCfg = Debug|Any CPU
		{DA7747E1-DA60-4E3E-8765-27803B9E40BD}.Debug|Any CPU.Build.0 = Debug|Any CPU
		{DA7747E1-DA60-4E3E-8765-27803B9E40BD}.Release|Any CPU.ActiveCfg = Release|Any CPU
		{4B216BF3-017E-48B2-A216-85315FC2112F}.Debug|Any CPU.ActiveCfg = Debug|Any CPU
		{4B216BF3-017E-48B2-A216-85315FC2112F}.Debug|Any CPU.Build.0 = Debug|Any CPU
		{4B216BF3-017E-48B2-A216-85315FC2112F}.Release|Any CPU.ActiveCfg = Release|Any CPU
	EndGlobalSection
	GlobalSection(SolutionProperties) = preSolution
		HideSolutionNode = FALSE
	EndGlobalSection
	GlobalSection(ExtensibilityGlobals) = postSolution
		SolutionGuid = {2EBFA56A-5D0D-4DD2-99F5-8710878634A8}
	EndGlobalSection
EndGlobal
