
Microsoft Visual Studio Solution File, Format Version 12.00
# Visual Studio Version 17
VisualStudioVersion = 17.3.32929.385
MinimumVisualStudioVersion = 10.0.40219.1
Project("{9A19103F-16F7-4668-BE54-9A1E7A4F7556}") = "DataTransfer.Native.ConcreteUnitTesting", "ConcreteUnitTesting\DataTransfer.Native.ConcreteUnitTesting.csproj", "{98EDA4CD-CD15-4FB2-A7DF-DABE49F1038C}"
EndProject
Global
	GlobalSection(SolutionConfigurationPlatforms) = preSolution
		Debug|Any CPU = Debug|Any CPU
		Release|Any CPU = Release|Any CPU
	EndGlobalSection
	GlobalSection(ProjectConfigurationPlatforms) = postSolution
		{98EDA4CD-CD15-4FB2-A7DF-DABE49F1038C}.Debug|Any CPU.ActiveCfg = Debug|Any CPU
		{98EDA4CD-CD15-4FB2-A7DF-DABE49F1038C}.Debug|Any CPU.Build.0 = Debug|Any CPU
		{98EDA4CD-CD15-4FB2-A7DF-DABE49F1038C}.Release|Any CPU.ActiveCfg = Release|Any CPU
	EndGlobalSection
	GlobalSection(SolutionProperties) = preSolution
		HideSolutionNode = FALSE
	EndGlobalSection
	GlobalSection(ExtensibilityGlobals) = postSolution
		SolutionGuid = {B8121A86-5E10-4B5F-8F88-1241B98867D3}
	EndGlobalSection
	GlobalSection(CodealikeProperties) = postSolution
		SolutionGuid = 35cf4d89-eba5-4e9e-aa29-a750e2cd28a7
	EndGlobalSection
EndGlobal
