Microsoft Visual Studio Solution File, Format Version 12.00
# Visual Studio Version 17
VisualStudioVersion = 17.0.31903.59
MinimumVisualStudioVersion = 10.0.40219.1
Project("{9A19103F-16F7-4668-BE54-9A1E7A4F7556}") = "Enterprise.Customs.JP.Common", "Common\Enterprise.Customs.JP.Common.csproj", "{F69561FA-CA30-4591-956C-10A406CA8979}"
EndProject
Project("{9A19103F-16F7-4668-BE54-9A1E7A4F7556}") = "Enterprise.Customs.JP.Common.Test", "Common.Test\Enterprise.Customs.JP.Common.Test.csproj", "{F1EF51A0-3CF4-40E2-B429-6C090052DCDB}"
EndProject
Project("{9A19103F-16F7-4668-BE54-9A1E7A4F7556}") = "Enterprise.Customs.JP.Shared.GUI", "GUI\Enterprise.Customs.JP.Shared.GUI.csproj", "{2D46F3C2-4E54-4C38-85F4-14B39B63547F}"
EndProject
Project("{9A19103F-16F7-4668-BE54-9A1E7A4F7556}") = "Enterprise.Customs.JP.Shared.GUI.Winzor", "GUI\Enterprise.Customs.JP.Shared.GUI.Winzor.csproj", "{757F4EDD-6DF3-4064-ABC1-C847A2D66FF7}"
EndProject
Project("{9A19103F-16F7-4668-BE54-9A1E7A4F7556}") = "Enterprise.Customs.JP.Shared.GUI.Test", "GUI.Test\Enterprise.Customs.JP.Shared.GUI.Test.csproj", "{5B377BA0-F08D-41EB-96E8-7014471DA346}"
EndProject
Project("{9A19103F-16F7-4668-BE54-9A1E7A4F7556}") = "Enterprise.Customs.JP.Shared.GUI.Test.Winzor", "GUI.Test\Enterprise.Customs.JP.Shared.GUI.Test.Winzor.csproj", "{09E6A7B9-5DAD-4F9F-B768-2D50E69D9ADE}"
EndProject
Global
	GlobalSection(SolutionConfigurationPlatforms) = preSolution
		Debug|Any CPU = Debug|Any CPU
		Release|Any CPU = Release|Any CPU
	EndGlobalSection
	GlobalSection(ProjectConfigurationPlatforms) = postSolution
		{F69561FA-CA30-4591-956C-10A406CA8979}.Debug|Any CPU.ActiveCfg = Debug|Any CPU
		{F69561FA-CA30-4591-956C-10A406CA8979}.Debug|Any CPU.Build.0 = Debug|Any CPU
		{F69561FA-CA30-4591-956C-10A406CA8979}.Release|Any CPU.ActiveCfg = Release|Any CPU
		{F69561FA-CA30-4591-956C-10A406CA8979}.Release|Any CPU.Build.0 = Release|Any CPU
		{F1EF51A0-3CF4-40E2-B429-6C090052DCDB}.Debug|Any CPU.ActiveCfg = Debug|Any CPU
		{F1EF51A0-3CF4-40E2-B429-6C090052DCDB}.Debug|Any CPU.Build.0 = Debug|Any CPU
		{F1EF51A0-3CF4-40E2-B429-6C090052DCDB}.Release|Any CPU.ActiveCfg = Release|Any CPU
		{2D46F3C2-4E54-4C38-85F4-14B39B63547F}.Debug|Any CPU.ActiveCfg = Debug|Any CPU
		{2D46F3C2-4E54-4C38-85F4-14B39B63547F}.Debug|Any CPU.Build.0 = Debug|Any CPU
		{2D46F3C2-4E54-4C38-85F4-14B39B63547F}.Release|Any CPU.ActiveCfg = Release|Any CPU
		{2D46F3C2-4E54-4C38-85F4-14B39B63547F}.Release|Any CPU.Build.0 = Release|Any CPU
		{757F4EDD-6DF3-4064-ABC1-C847A2D66FF7}.Debug|Any CPU.ActiveCfg = Debug|Any CPU
		{757F4EDD-6DF3-4064-ABC1-C847A2D66FF7}.Debug|Any CPU.Build.0 = Debug|Any CPU
		{757F4EDD-6DF3-4064-ABC1-C847A2D66FF7}.Release|Any CPU.ActiveCfg = Release|Any CPU
		{757F4EDD-6DF3-4064-ABC1-C847A2D66FF7}.Release|Any CPU.Build.0 = Release|Any CPU
		{5B377BA0-F08D-41EB-96E8-7014471DA346}.Debug|Any CPU.ActiveCfg = Debug|Any CPU
		{5B377BA0-F08D-41EB-96E8-7014471DA346}.Debug|Any CPU.Build.0 = Debug|Any CPU
		{5B377BA0-F08D-41EB-96E8-7014471DA346}.Release|Any CPU.ActiveCfg = Release|Any CPU
		{09E6A7B9-5DAD-4F9F-B768-2D50E69D9ADE}.Debug|Any CPU.ActiveCfg = Debug|Any CPU
		{09E6A7B9-5DAD-4F9F-B768-2D50E69D9ADE}.Debug|Any CPU.Build.0 = Debug|Any CPU
		{09E6A7B9-5DAD-4F9F-B768-2D50E69D9ADE}.Release|Any CPU.ActiveCfg = Release|Any CPU
	EndGlobalSection
	GlobalSection(SolutionProperties) = preSolution
		HideSolutionNode = FALSE
	EndGlobalSection
	GlobalSection(ExtensibilityGlobals) = postSolution
		SolutionGuid = {bda0457a-4785-4ef2-a0e1-99c3dac276f5}
	EndGlobalSection
	GlobalSection(CodealikeProperties) = postSolution
		SolutionGuid = fe5065e3-72f9-49d5-b48b-73d85c5c27c0
	EndGlobalSection
EndGlobal
