Microsoft Visual Studio Solution File, Format Version 12.00
# Visual Studio Version 17
VisualStudioVersion = 17.1.32414.318
MinimumVisualStudioVersion = 10.0.40219.1
Project("{9A19103F-16F7-4668-BE54-9A1E7A4F7556}") = "Enterprise.Customs.EU.EMCS.Business", "Business\Enterprise.Customs.EU.EMCS.Business.csproj", "{E19F44F5-79E3-4555-85E7-B13A719FAA3D}"
EndProject
Project("{9A19103F-16F7-4668-BE54-9A1E7A4F7556}") = "Enterprise.Customs.EU.EMCS.Business.Test", "Business.Test\Enterprise.Customs.EU.EMCS.Business.Test.csproj", "{D2EBB27F-DE07-4836-9259-7E46D78C0E6A}"
EndProject
Project("{9A19103F-16F7-4668-BE54-9A1E7A4F7556}") = "Enterprise.Customs.EU.EMCS.GUI", "GUI\Enterprise.Customs.EU.EMCS.GUI.csproj", "{C38D66A2-9020-4524-AFDD-1AB005F74DD9}"
EndProject
Project("{9A19103F-16F7-4668-BE54-9A1E7A4F7556}") = "Enterprise.Customs.EU.EMCS.GUI.Test", "GUI.Test\Enterprise.Customs.EU.EMCS.GUI.Test.csproj", "{65D6F767-964D-4684-B3AA-2925A56C8D9D}"
EndProject
Project("{9A19103F-16F7-4668-BE54-9A1E7A4F7556}") = "Enterprise.Customs.EU.EMCS.Messaging", "Messaging\Enterprise.Customs.EU.EMCS.Messaging.csproj", "{19D51995-69AA-49E4-8DFC-354D463AC2AB}"
EndProject
Project("{9A19103F-16F7-4668-BE54-9A1E7A4F7556}") = "Enterprise.Customs.EU.EMCS.Messaging.Test", "Messaging.Test\Enterprise.Customs.EU.EMCS.Messaging.Test.csproj", "{C7A6898E-A7EB-45AA-A854-186E29AEB0E5}"
EndProject
Project("{9A19103F-16F7-4668-BE54-9A1E7A4F7556}") = "Enterprise.Customs.EU.EMCS.Module", "Module\Enterprise.Customs.EU.EMCS.Module.csproj", "{2505EB49-8171-47F4-9DD8-A3EB1014010F}"
EndProject
Project("{9A19103F-16F7-4668-BE54-9A1E7A4F7556}") = "Enterprise.Customs.EU.EMCS.Module.Test", "Module.Test\Enterprise.Customs.EU.EMCS.Module.Test.csproj", "{1B6F6E79-C282-4813-AF99-94A3F6F0F530}"
EndProject
Project("{9A19103F-16F7-4668-BE54-9A1E7A4F7556}") = "Enterprise.Customs.EU.EMCS.DataTransfer", "DataTransfer\Enterprise.Customs.EU.EMCS.DataTransfer.csproj", "{859C2811-0B79-4DC8-8448-176944523CAA}"
EndProject
Project("{9A19103F-16F7-4668-BE54-9A1E7A4F7556}") = "Enterprise.Customs.EU.EMCS.DataTransfer.Test", "DataTransfer.Test\Enterprise.Customs.EU.EMCS.DataTransfer.Test.csproj", "{284D9867-F970-414B-81F8-13E8161BD797}"
EndProject
Project("{9A19103F-16F7-4668-BE54-9A1E7A4F7556}") = "Enterprise.Customs.EU.EMCS.GUI.Winzor", "GUI\Enterprise.Customs.EU.EMCS.GUI.Winzor.csproj", "{1B76D17B-9E85-4F9C-AE54-58FED89FCEA7}"
EndProject
Project("{9A19103F-16F7-4668-BE54-9A1E7A4F7556}") = "Enterprise.Customs.EU.EMCS.Module.Winzor", "Module\Enterprise.Customs.EU.EMCS.Module.Winzor.csproj", "{B2EB6D36-6D57-4308-AC61-1A5584BC2AC3}"
EndProject
Project("{9A19103F-16F7-4668-BE54-9A1E7A4F7556}") = "Enterprise.Customs.EU.EMCS.GUI.Test.Winzor", "GUI.Test\Enterprise.Customs.EU.EMCS.GUI.Test.Winzor.csproj", "{7310EAA4-6D81-47DD-A2D9-DDA05A90106E}"
EndProject
Project("{9A19103F-16F7-4668-BE54-9A1E7A4F7556}") = "Enterprise.Customs.EU.EMCS.Module.Test.Winzor", "Module.Test\Enterprise.Customs.EU.EMCS.Module.Test.Winzor.csproj", "{282592C0-F32D-4320-9E1A-5A8ABFCF8120}"
EndProject
Global
	GlobalSection(SolutionConfigurationPlatforms) = preSolution
		Debug|Any CPU = Debug|Any CPU
		Release|Any CPU = Release|Any CPU
	EndGlobalSection
	GlobalSection(ProjectConfigurationPlatforms) = postSolution
		{E19F44F5-79E3-4555-85E7-B13A719FAA3D}.Debug|Any CPU.ActiveCfg = Debug|Any CPU
		{E19F44F5-79E3-4555-85E7-B13A719FAA3D}.Debug|Any CPU.Build.0 = Debug|Any CPU
		{E19F44F5-79E3-4555-85E7-B13A719FAA3D}.Release|Any CPU.ActiveCfg = Release|Any CPU
		{E19F44F5-79E3-4555-85E7-B13A719FAA3D}.Release|Any CPU.Build.0 = Release|Any CPU
		{D2EBB27F-DE07-4836-9259-7E46D78C0E6A}.Debug|Any CPU.ActiveCfg = Debug|Any CPU
		{D2EBB27F-DE07-4836-9259-7E46D78C0E6A}.Debug|Any CPU.Build.0 = Debug|Any CPU
		{D2EBB27F-DE07-4836-9259-7E46D78C0E6A}.Release|Any CPU.ActiveCfg = Release|Any CPU
		{C38D66A2-9020-4524-AFDD-1AB005F74DD9}.Debug|Any CPU.ActiveCfg = Debug|Any CPU
		{C38D66A2-9020-4524-AFDD-1AB005F74DD9}.Debug|Any CPU.Build.0 = Debug|Any CPU
		{C38D66A2-9020-4524-AFDD-1AB005F74DD9}.Release|Any CPU.ActiveCfg = Release|Any CPU
		{C38D66A2-9020-4524-AFDD-1AB005F74DD9}.Release|Any CPU.Build.0 = Release|Any CPU
		{65D6F767-964D-4684-B3AA-2925A56C8D9D}.Debug|Any CPU.ActiveCfg = Debug|Any CPU
		{65D6F767-964D-4684-B3AA-2925A56C8D9D}.Debug|Any CPU.Build.0 = Debug|Any CPU
		{65D6F767-964D-4684-B3AA-2925A56C8D9D}.Release|Any CPU.ActiveCfg = Release|Any CPU
		{19D51995-69AA-49E4-8DFC-354D463AC2AB}.Debug|Any CPU.ActiveCfg = Debug|Any CPU
		{19D51995-69AA-49E4-8DFC-354D463AC2AB}.Debug|Any CPU.Build.0 = Debug|Any CPU
		{19D51995-69AA-49E4-8DFC-354D463AC2AB}.Release|Any CPU.ActiveCfg = Release|Any CPU
		{19D51995-69AA-49E4-8DFC-354D463AC2AB}.Release|Any CPU.Build.0 = Release|Any CPU
		{C7A6898E-A7EB-45AA-A854-186E29AEB0E5}.Debug|Any CPU.ActiveCfg = Debug|Any CPU
		{C7A6898E-A7EB-45AA-A854-186E29AEB0E5}.Debug|Any CPU.Build.0 = Debug|Any CPU
		{C7A6898E-A7EB-45AA-A854-186E29AEB0E5}.Release|Any CPU.ActiveCfg = Release|Any CPU
		{2505EB49-8171-47F4-9DD8-A3EB1014010F}.Debug|Any CPU.ActiveCfg = Debug|Any CPU
		{2505EB49-8171-47F4-9DD8-A3EB1014010F}.Debug|Any CPU.Build.0 = Debug|Any CPU
		{2505EB49-8171-47F4-9DD8-A3EB1014010F}.Release|Any CPU.ActiveCfg = Release|Any CPU
		{2505EB49-8171-47F4-9DD8-A3EB1014010F}.Release|Any CPU.Build.0 = Release|Any CPU
		{1B6F6E79-C282-4813-AF99-94A3F6F0F530}.Debug|Any CPU.ActiveCfg = Debug|Any CPU
		{1B6F6E79-C282-4813-AF99-94A3F6F0F530}.Debug|Any CPU.Build.0 = Debug|Any CPU
		{1B6F6E79-C282-4813-AF99-94A3F6F0F530}.Release|Any CPU.ActiveCfg = Release|Any CPU
		{859C2811-0B79-4DC8-8448-176944523CAA}.Debug|Any CPU.ActiveCfg = Debug|Any CPU
		{859C2811-0B79-4DC8-8448-176944523CAA}.Debug|Any CPU.Build.0 = Debug|Any CPU
		{859C2811-0B79-4DC8-8448-176944523CAA}.Release|Any CPU.ActiveCfg = Release|Any CPU
		{859C2811-0B79-4DC8-8448-176944523CAA}.Release|Any CPU.Build.0 = Release|Any CPU
		{284D9867-F970-414B-81F8-13E8161BD797}.Debug|Any CPU.ActiveCfg = Debug|Any CPU
		{284D9867-F970-414B-81F8-13E8161BD797}.Debug|Any CPU.Build.0 = Debug|Any CPU
		{284D9867-F970-414B-81F8-13E8161BD797}.Release|Any CPU.ActiveCfg = Release|Any CPU
		{1B76D17B-9E85-4F9C-AE54-58FED89FCEA7}.Debug|Any CPU.ActiveCfg = Debug|Any CPU
		{1B76D17B-9E85-4F9C-AE54-58FED89FCEA7}.Debug|Any CPU.Build.0 = Debug|Any CPU
		{1B76D17B-9E85-4F9C-AE54-58FED89FCEA7}.Release|Any CPU.ActiveCfg = Release|Any CPU
		{1B76D17B-9E85-4F9C-AE54-58FED89FCEA7}.Release|Any CPU.Build.0 = Release|Any CPU
		{B2EB6D36-6D57-4308-AC61-1A5584BC2AC3}.Debug|Any CPU.ActiveCfg = Debug|Any CPU
		{B2EB6D36-6D57-4308-AC61-1A5584BC2AC3}.Debug|Any CPU.Build.0 = Debug|Any CPU
		{B2EB6D36-6D57-4308-AC61-1A5584BC2AC3}.Release|Any CPU.ActiveCfg = Release|Any CPU
		{B2EB6D36-6D57-4308-AC61-1A5584BC2AC3}.Release|Any CPU.Build.0 = Release|Any CPU
		{7310EAA4-6D81-47DD-A2D9-DDA05A90106E}.Debug|Any CPU.ActiveCfg = Debug|Any CPU
		{7310EAA4-6D81-47DD-A2D9-DDA05A90106E}.Debug|Any CPU.Build.0 = Debug|Any CPU
		{7310EAA4-6D81-47DD-A2D9-DDA05A90106E}.Release|Any CPU.ActiveCfg = Release|Any CPU
		{282592C0-F32D-4320-9E1A-5A8ABFCF8120}.Debug|Any CPU.ActiveCfg = Debug|Any CPU
		{282592C0-F32D-4320-9E1A-5A8ABFCF8120}.Debug|Any CPU.Build.0 = Debug|Any CPU
		{282592C0-F32D-4320-9E1A-5A8ABFCF8120}.Release|Any CPU.ActiveCfg = Release|Any CPU
	EndGlobalSection
	GlobalSection(SolutionProperties) = preSolution
		HideSolutionNode = FALSE
	EndGlobalSection
	GlobalSection(ExtensibilityGlobals) = postSolution
		SolutionGuid = {F25D8EA5-AFEF-462F-BC00-579F230019BC}
	EndGlobalSection
EndGlobal
