
Microsoft Visual Studio Solution File, Format Version 12.00
# Visual Studio Version 17
VisualStudioVersion = = 17.8.4
MinimumVisualStudioVersion = 10.0.40219.1
Project("{FAE04EC0-301F-11D3-BF4B-00C04F79EFBC}") = "CargoWise.eHub.Products.GBCustoms.CDS.CredentialWebSite", "CredentialWebSite\CargoWise.eHub.Products.GBCustoms.CDS.CredentialWebSite.csproj", "{937C21D5-CFBC-47C7-B2D0-22F3F1B513C4}"
EndProject
Project("{FAE04EC0-301F-11D3-BF4B-00C04F79EFBC}") = "CargoWise.eHub.Products.GBCustoms.CDS.CredentialWebSite.Tests", "Tests\CargoWise.eHub.Products.GBCustoms.CDS.CredentialWebSite.Tests.csproj", "{3F46533B-FCD6-411C-9A43-B27CA62D982F}"
EndProject
Global
	GlobalSection(SolutionConfigurationPlatforms) = preSolution
		Debug|Any CPU = Debug|Any CPU
		Release|Any CPU = Release|Any CPU
	EndGlobalSection
	GlobalSection(ProjectConfigurationPlatforms) = postSolution
		{937C21D5-CFBC-47C7-B2D0-22F3F1B513C4}.Debug|Any CPU.ActiveCfg = Debug|Any CPU
		{937C21D5-CFBC-47C7-B2D0-22F3F1B513C4}.Debug|Any CPU.Build.0 = Debug|Any CPU
		{937C21D5-CFBC-47C7-B2D0-22F3F1B513C4}.Release|Any CPU.ActiveCfg = Release|Any CPU
		{937C21D5-CFBC-47C7-B2D0-22F3F1B513C4}.Release|Any CPU.Build.0 = Release|Any CPU
		{3F46533B-FCD6-411C-9A43-B27CA62D982F}.Debug|Any CPU.ActiveCfg = Debug|Any CPU
		{3F46533B-FCD6-411C-9A43-B27CA62D982F}.Debug|Any CPU.Build.0 = Debug|Any CPU
		{3F46533B-FCD6-411C-9A43-B27CA62D982F}.Release|Any CPU.ActiveCfg = Release|Any CPU
		{3F46533B-FCD6-411C-9A43-B27CA62D982F}.Release|Any CPU.Build.0 = Release|Any CPU
	EndGlobalSection
	GlobalSection(SolutionProperties) = preSolution
		HideSolutionNode = FALSE
	EndGlobalSection
	GlobalSection(ExtensibilityGlobals) = postSolution
		SolutionGuid = {2C51BD58-DABB-41DB-BDE9-C69770076FA3}
	EndGlobalSection
EndGlobal
