Microsoft Visual Studio Solution File, Format Version 12.00
# Visual Studio Version 17
VisualStudioVersion = 17.0.31903.59
MinimumVisualStudioVersion = 10.0.40219.1
Project("{9A19103F-16F7-4668-BE54-9A1E7A4F7556}") = "Enterprise.Recruiter.GUI", "Recruiter.GUI\Enterprise.Recruiter.GUI.csproj", "{2851A2FE-CEC4-458D-BD8F-EB93BD131296}"
EndProject
Project("{9A19103F-16F7-4668-BE54-9A1E7A4F7556}") = "Enterprise.Recruiter.GUI.Test", "Recruiter.GUI.Test\Enterprise.Recruiter.GUI.Test.csproj", "{B0987CC6-777C-43EB-BF27-D61AD3078984}"
EndProject
Project("{9A19103F-16F7-4668-BE54-9A1E7A4F7556}") = "Enterprise.Recruiter.Module", "Recruiter.Module\Enterprise.Recruiter.Module.csproj", "{8DC1AC74-5470-468C-B753-59225714F80C}"
EndProject
Project("{9A19103F-16F7-4668-BE54-9A1E7A4F7556}") = "Enterprise.Recruiter.Module.Test", "Recruiter.Module.Test\Enterprise.Recruiter.Module.Test.csproj", "{5A182783-07F3-4D2C-B4BE-E8F1C1BDDDE4}"
EndProject
Project("{9A19103F-16F7-4668-BE54-9A1E7A4F7556}") = "Enterprise.Recruiter.Business", "Recruiter.Business\Enterprise.Recruiter.Business.csproj", "{C9459136-F662-4970-8CFF-3D001619EB11}"
EndProject
Project("{9A19103F-16F7-4668-BE54-9A1E7A4F7556}") = "Enterprise.Recruiter.Integration", "Recruiter.Integration\Enterprise.Recruiter.Integration.csproj", "{9FC7A321-C695-4E4D-B047-296FE5260D55}"
EndProject
Project("{9A19103F-16F7-4668-BE54-9A1E7A4F7556}") = "Enterprise.Recruiter.GUI.Winzor", "Recruiter.GUI\Enterprise.Recruiter.GUI.Winzor.csproj", "{36C630C4-4330-496E-B59F-B8EDAE2187BD}"
EndProject
Project("{9A19103F-16F7-4668-BE54-9A1E7A4F7556}") = "Enterprise.Recruiter.Module.Winzor", "Recruiter.Module\Enterprise.Recruiter.Module.Winzor.csproj", "{89B90904-4F02-4EAA-A583-CC49A7836B0E}"
EndProject
Project("{9A19103F-16F7-4668-BE54-9A1E7A4F7556}") = "Enterprise.Recruiter.Module.Test.Winzor", "Recruiter.Module.Test\Enterprise.Recruiter.Module.Test.Winzor.csproj", "{4FC37A8C-2C26-4FD7-A5A2-6F0E7C1BA03A}"
EndProject
Project("{9A19103F-16F7-4668-BE54-9A1E7A4F7556}") = "Enterprise.Recruiter.GUI.Test.Winzor", "Recruiter.GUI.Test\Enterprise.Recruiter.GUI.Test.Winzor.csproj", "{8F6A6020-F8BF-4970-A02B-0529F7EB8D9F}"
EndProject
Project("{9A19103F-16F7-4668-BE54-9A1E7A4F7556}") = "Enterprise.Recruiter.Business.Test", "Recruiter.Business.Test\Enterprise.Recruiter.Business.Test.csproj", "{D276CF43-FF0E-4BAA-A826-E8CB405743D6}"
EndProject
Project("{9A19103F-16F7-4668-BE54-9A1E7A4F7556}") = "Enterprise.Recruiter.AutomatedRejection", "Recruiter.AutomatedRejection\Enterprise.Recruiter.AutomatedRejection.csproj", "{668C41B7-1302-47F2-9E8B-7518B9514149}"
EndProject
Project("{9A19103F-16F7-4668-BE54-9A1E7A4F7556}") = "Enterprise.Recruiter.AutomatedRejection.Test", "Recruiter.AutomatedRejection.Test\Enterprise.Recruiter.AutomatedRejection.Test.csproj", "{464AB49F-A7DF-460B-80B0-99012404932C}"
EndProject
Project("{FAE04EC0-301F-11D3-BF4B-00C04F79EFBC}") = "Enterprise.Recruiter.ServiceTasks", "Recruiter.ServiceTasks\Enterprise.Recruiter.ServiceTasks.csproj", "{5D3A80C2-6DAE-4230-AC25-16934A440ED9}"
EndProject
Project("{FAE04EC0-301F-11D3-BF4B-00C04F79EFBC}") = "Enterprise.Recruiter.ServiceTasks.Test", "Recruiter.ServiceTasks.Test\Enterprise.Recruiter.ServiceTasks.Test.csproj", "{54249C85-5507-4768-A113-83B3B4DE4939}"
EndProject
Global
	GlobalSection(SolutionConfigurationPlatforms) = preSolution
		Debug|Any CPU = Debug|Any CPU
		Release|Any CPU = Release|Any CPU
	EndGlobalSection
	GlobalSection(ProjectConfigurationPlatforms) = postSolution
		{2851A2FE-CEC4-458D-BD8F-EB93BD131296}.Debug|Any CPU.ActiveCfg = Debug|Any CPU
		{2851A2FE-CEC4-458D-BD8F-EB93BD131296}.Debug|Any CPU.Build.0 = Debug|Any CPU
		{2851A2FE-CEC4-458D-BD8F-EB93BD131296}.Release|Any CPU.ActiveCfg = Release|Any CPU
		{2851A2FE-CEC4-458D-BD8F-EB93BD131296}.Release|Any CPU.Build.0 = Release|Any CPU
		{B0987CC6-777C-43EB-BF27-D61AD3078984}.Debug|Any CPU.ActiveCfg = Debug|Any CPU
		{B0987CC6-777C-43EB-BF27-D61AD3078984}.Debug|Any CPU.Build.0 = Debug|Any CPU
		{B0987CC6-777C-43EB-BF27-D61AD3078984}.Release|Any CPU.ActiveCfg = Release|Any CPU
		{8DC1AC74-5470-468C-B753-59225714F80C}.Debug|Any CPU.ActiveCfg = Debug|Any CPU
		{8DC1AC74-5470-468C-B753-59225714F80C}.Debug|Any CPU.Build.0 = Debug|Any CPU
		{8DC1AC74-5470-468C-B753-59225714F80C}.Release|Any CPU.ActiveCfg = Release|Any CPU
		{8DC1AC74-5470-468C-B753-59225714F80C}.Release|Any CPU.Build.0 = Release|Any CPU
		{5A182783-07F3-4D2C-B4BE-E8F1C1BDDDE4}.Debug|Any CPU.ActiveCfg = Debug|Any CPU
		{5A182783-07F3-4D2C-B4BE-E8F1C1BDDDE4}.Debug|Any CPU.Build.0 = Debug|Any CPU
		{5A182783-07F3-4D2C-B4BE-E8F1C1BDDDE4}.Release|Any CPU.ActiveCfg = Release|Any CPU
		{C9459136-F662-4970-8CFF-3D001619EB11}.Debug|Any CPU.ActiveCfg = Debug|Any CPU
		{C9459136-F662-4970-8CFF-3D001619EB11}.Debug|Any CPU.Build.0 = Debug|Any CPU
		{C9459136-F662-4970-8CFF-3D001619EB11}.Release|Any CPU.ActiveCfg = Release|Any CPU
		{C9459136-F662-4970-8CFF-3D001619EB11}.Release|Any CPU.Build.0 = Release|Any CPU
		{9FC7A321-C695-4E4D-B047-296FE5260D55}.Debug|Any CPU.ActiveCfg = Debug|Any CPU
		{9FC7A321-C695-4E4D-B047-296FE5260D55}.Debug|Any CPU.Build.0 = Debug|Any CPU
		{9FC7A321-C695-4E4D-B047-296FE5260D55}.Release|Any CPU.ActiveCfg = Release|Any CPU
		{9FC7A321-C695-4E4D-B047-296FE5260D55}.Release|Any CPU.Build.0 = Release|Any CPU
		{36C630C4-4330-496E-B59F-B8EDAE2187BD}.Debug|Any CPU.ActiveCfg = Debug|Any CPU
		{36C630C4-4330-496E-B59F-B8EDAE2187BD}.Debug|Any CPU.Build.0 = Debug|Any CPU
		{36C630C4-4330-496E-B59F-B8EDAE2187BD}.Release|Any CPU.ActiveCfg = Release|Any CPU
		{36C630C4-4330-496E-B59F-B8EDAE2187BD}.Release|Any CPU.Build.0 = Release|Any CPU
		{89B90904-4F02-4EAA-A583-CC49A7836B0E}.Debug|Any CPU.ActiveCfg = Debug|Any CPU
		{89B90904-4F02-4EAA-A583-CC49A7836B0E}.Debug|Any CPU.Build.0 = Debug|Any CPU
		{89B90904-4F02-4EAA-A583-CC49A7836B0E}.Release|Any CPU.ActiveCfg = Release|Any CPU
		{89B90904-4F02-4EAA-A583-CC49A7836B0E}.Release|Any CPU.Build.0 = Release|Any CPU
		{4FC37A8C-2C26-4FD7-A5A2-6F0E7C1BA03A}.Debug|Any CPU.ActiveCfg = Debug|Any CPU
		{4FC37A8C-2C26-4FD7-A5A2-6F0E7C1BA03A}.Debug|Any CPU.Build.0 = Debug|Any CPU
		{4FC37A8C-2C26-4FD7-A5A2-6F0E7C1BA03A}.Release|Any CPU.ActiveCfg = Release|Any CPU
		{8F6A6020-F8BF-4970-A02B-0529F7EB8D9F}.Debug|Any CPU.ActiveCfg = Debug|Any CPU
		{8F6A6020-F8BF-4970-A02B-0529F7EB8D9F}.Debug|Any CPU.Build.0 = Debug|Any CPU
		{8F6A6020-F8BF-4970-A02B-0529F7EB8D9F}.Release|Any CPU.ActiveCfg = Release|Any CPU
		{D276CF43-FF0E-4BAA-A826-E8CB405743D6}.Debug|Any CPU.ActiveCfg = Debug|Any CPU
		{D276CF43-FF0E-4BAA-A826-E8CB405743D6}.Debug|Any CPU.Build.0 = Debug|Any CPU
		{D276CF43-FF0E-4BAA-A826-E8CB405743D6}.Release|Any CPU.ActiveCfg = Release|Any CPU
		{668C41B7-1302-47F2-9E8B-7518B9514149}.Debug|Any CPU.ActiveCfg = Debug|Any CPU
		{668C41B7-1302-47F2-9E8B-7518B9514149}.Debug|Any CPU.Build.0 = Debug|Any CPU
		{668C41B7-1302-47F2-9E8B-7518B9514149}.Release|Any CPU.ActiveCfg = Release|Any CPU
		{668C41B7-1302-47F2-9E8B-7518B9514149}.Release|Any CPU.Build.0 = Release|Any CPU
		{464AB49F-A7DF-460B-80B0-99012404932C}.Debug|Any CPU.ActiveCfg = Debug|Any CPU
		{464AB49F-A7DF-460B-80B0-99012404932C}.Debug|Any CPU.Build.0 = Debug|Any CPU
		{464AB49F-A7DF-460B-80B0-99012404932C}.Release|Any CPU.ActiveCfg = Release|Any CPU
		{5D3A80C2-6DAE-4230-AC25-16934A440ED9}.Debug|Any CPU.ActiveCfg = Debug|Any CPU
		{5D3A80C2-6DAE-4230-AC25-16934A440ED9}.Debug|Any CPU.Build.0 = Debug|Any CPU
		{5D3A80C2-6DAE-4230-AC25-16934A440ED9}.Release|Any CPU.ActiveCfg = Release|Any CPU
		{5D3A80C2-6DAE-4230-AC25-16934A440ED9}.Release|Any CPU.Build.0 = Release|Any CPU
		{54249C85-5507-4768-A113-83B3B4DE4939}.Debug|Any CPU.ActiveCfg = Debug|Any CPU
		{54249C85-5507-4768-A113-83B3B4DE4939}.Debug|Any CPU.Build.0 = Debug|Any CPU
		{54249C85-5507-4768-A113-83B3B4DE4939}.Release|Any CPU.ActiveCfg = Release|Any CPU
	EndGlobalSection
	GlobalSection(SolutionProperties) = preSolution
		HideSolutionNode = FALSE
	EndGlobalSection
	GlobalSection(ExtensibilityGlobals) = postSolution
		SolutionGuid = {EB5D5C28-5D66-4646-8663-6989E161CE6A}
	EndGlobalSection
	GlobalSection(Performance) = preSolution
		HasPerformanceSessions = true
	EndGlobalSection
	GlobalSection(CodealikeProperties) = postSolution
		SolutionGuid = db77c24d-029b-404e-a449-04dec3110b92
	EndGlobalSection
EndGlobal
