
Microsoft Visual Studio Solution File, Format Version 12.00
# Visual Studio Version 16
VisualStudioVersion = 16.0.29609.76
MinimumVisualStudioVersion = 10.0.40219.1
Project("{FAE04EC0-301F-11D3-BF4B-00C04F79EFBC}") = "CargoWise.eHub.Clients.TLX.Orchestrations", "Orchestrations\CargoWise.eHub.Clients.TLX.Orchestrations.btproj", "{A2C60811-7CA1-4A07-AB95-68DAAE044257}"
EndProject
Project("{FAE04EC0-301F-11D3-BF4B-00C04F79EFBC}") = "CargoWise.eHub.Clients.TLX.Schemas", "Schemas\CargoWise.eHub.Clients.TLX.Schemas.btproj", "{AD94C9EF-52D8-42D6-BF93-B9CA02A36051}"
EndProject
Global
	GlobalSection(SolutionConfigurationPlatforms) = preSolution
		Debug|Any CPU = Debug|Any CPU
		Release|Any CPU = Release|Any CPU
	EndGlobalSection
	GlobalSection(ProjectConfigurationPlatforms) = postSolution
		{A2C60811-7CA1-4A07-AB95-68DAAE044257}.Debug|Any CPU.ActiveCfg = Debug|Any CPU
		{A2C60811-7CA1-4A07-AB95-68DAAE044257}.Debug|Any CPU.Build.0 = Debug|Any CPU
		{A2C60811-7CA1-4A07-AB95-68DAAE044257}.Debug|Any CPU.Deploy.0 = Debug|Any CPU
		{A2C60811-7CA1-4A07-AB95-68DAAE044257}.Release|Any CPU.ActiveCfg = Release|Any CPU
		{A2C60811-7CA1-4A07-AB95-68DAAE044257}.Release|Any CPU.Build.0 = Release|Any CPU
		{A2C60811-7CA1-4A07-AB95-68DAAE044257}.Release|Any CPU.Deploy.0 = Release|Any CPU
		{AD94C9EF-52D8-42D6-BF93-B9CA02A36051}.Debug|Any CPU.ActiveCfg = Debug|Any CPU
		{AD94C9EF-52D8-42D6-BF93-B9CA02A36051}.Debug|Any CPU.Build.0 = Debug|Any CPU
		{AD94C9EF-52D8-42D6-BF93-B9CA02A36051}.Debug|Any CPU.Deploy.0 = Debug|Any CPU
		{AD94C9EF-52D8-42D6-BF93-B9CA02A36051}.Release|Any CPU.ActiveCfg = Release|Any CPU
		{AD94C9EF-52D8-42D6-BF93-B9CA02A36051}.Release|Any CPU.Build.0 = Release|Any CPU
		{AD94C9EF-52D8-42D6-BF93-B9CA02A36051}.Release|Any CPU.Deploy.0 = Release|Any CPU
	EndGlobalSection
	GlobalSection(SolutionProperties) = preSolution
		HideSolutionNode = FALSE
	EndGlobalSection
	GlobalSection(TeamFoundationVersionControl) = preSolution
		SccNumberOfProjects = 3
		SccEnterpriseProvider = {4CA58AB2-18FA-4F8D-95D4-32DDF27D184C}
		SccTeamFoundationServer = http://tfs.wtg.zone:8080/tfs/cargowise
		SccLocalPath0 = .
		SccProjectUniqueName1 = Orchestrations\\CargoWise.eHub.Clients.TLX.Orchestrations.btproj
		SccProjectName1 = Orchestrations
		SccLocalPath1 = Orchestrations
		SccProjectUniqueName2 = Schemas\\CargoWise.eHub.Clients.TLX.Schemas.btproj
		SccProjectName2 = Schemas
		SccLocalPath2 = Schemas
	EndGlobalSection
EndGlobal
