
Microsoft Visual Studio Solution File, Format Version 12.00
# Visual Studio Version 17
VisualStudioVersion = 17.0.31903.59
MinimumVisualStudioVersion = 10.0.40219.1
Project("{FAE04EC0-301F-11D3-BF4B-00C04F79EFBC}") = "CargoWise.eHub.Shared.Mime", "Mime\CargoWise.eHub.Shared.Mime.csproj", "{A4B65AB3-7562-44E5-ACFB-2E36CF27C2AC}"
EndProject
Project("{FAE04EC0-301F-11D3-BF4B-00C04F79EFBC}") = "CargoWise.eHub.Shared.Mime.Tests", "Tests\CargoWise.eHub.Shared.Mime.Tests.csproj", "{98D237C6-EFF2-43C7-BE72-9ABE3C95E30B}"
EndProject
Project("{2150E333-8FDC-42A3-9474-1A3956D46DE8}") = "Solution Items", "Solution Items", "{BA341BFC-F135-43E5-9787-2FCA9A8D9F01}"
	ProjectSection(SolutionItems) = preProject
		CargoWise.eHub.Shared.Mime.vsmdi = CargoWise.eHub.Shared.Mime.vsmdi
		Local.testsettings = Local.testsettings
		TraceAndTestImpact.testsettings = TraceAndTestImpact.testsettings
	EndProjectSection
EndProject
Global
	GlobalSection(SolutionConfigurationPlatforms) = preSolution
		Debug|Any CPU = Debug|Any CPU
		Release|Any CPU = Release|Any CPU
	EndGlobalSection
	GlobalSection(ProjectConfigurationPlatforms) = postSolution
		{A4B65AB3-7562-44E5-ACFB-2E36CF27C2AC}.Debug|Any CPU.ActiveCfg = Debug|Any CPU
		{A4B65AB3-7562-44E5-ACFB-2E36CF27C2AC}.Debug|Any CPU.Build.0 = Debug|Any CPU
		{A4B65AB3-7562-44E5-ACFB-2E36CF27C2AC}.Release|Any CPU.ActiveCfg = Release|Any CPU
		{A4B65AB3-7562-44E5-ACFB-2E36CF27C2AC}.Release|Any CPU.Build.0 = Release|Any CPU
		{98D237C6-EFF2-43C7-BE72-9ABE3C95E30B}.Debug|Any CPU.ActiveCfg = Debug|Any CPU
		{98D237C6-EFF2-43C7-BE72-9ABE3C95E30B}.Debug|Any CPU.Build.0 = Debug|Any CPU
		{98D237C6-EFF2-43C7-BE72-9ABE3C95E30B}.Release|Any CPU.ActiveCfg = Release|Any CPU
		{98D237C6-EFF2-43C7-BE72-9ABE3C95E30B}.Release|Any CPU.Build.0 = Release|Any CPU
	EndGlobalSection
	GlobalSection(SolutionProperties) = preSolution
		HideSolutionNode = FALSE
	EndGlobalSection
	GlobalSection(ExtensibilityGlobals) = postSolution
		SolutionGuid = {D9F5B580-879A-4030-9D5F-E5D85AF24377}
	EndGlobalSection
	GlobalSection(TestCaseManagementSettings) = postSolution
		CategoryFile = CargoWise.eHub.Shared.Mime.vsmdi
	EndGlobalSection
EndGlobal
