Microsoft Visual Studio Solution File, Format Version 12.00
# Visual Studio Version 17
VisualStudioVersion = 17.8.34330.188
MinimumVisualStudioVersion = 10.0.40219.1
Project("{9A19103F-16F7-4668-BE54-9A1E7A4F7556}") = "AUReferenceData.Services", "AUReferenceData.Services\AUReferenceData.Services.csproj", "{6E51AAA5-66B3-45DD-B213-99B50982777D}"
EndProject
Project("{9A19103F-16F7-4668-BE54-9A1E7A4F7556}") = "AUReferenceData.Tests", "AUReferenceData.Tests\AUReferenceData.Tests.csproj", "{CA5B6D34-F0B5-45D2-87DB-CB555C794952}"
	ProjectSection(ProjectDependencies) = postProject
		{6E51AAA5-66B3-45DD-B213-99B50982777D} = {6E51AAA5-66B3-45DD-B213-99B50982777D}
		{FEF550C6-0487-45F6-9B66-F95EAFF7D5C8} = {FEF550C6-0487-45F6-9B66-F95EAFF7D5C8}
	EndProjectSection
EndProject
Project("{9A19103F-16F7-4668-BE54-9A1E7A4F7556}") = "AUReferenceData.CmdLine", "AUReferenceData.CmdLine\AUReferenceData.CmdLine.csproj", "{ADBABC3B-24BB-4116-BB1E-E63E60BA2624}"
	ProjectSection(ProjectDependencies) = postProject
		{6E51AAA5-66B3-45DD-B213-99B50982777D} = {6E51AAA5-66B3-45DD-B213-99B50982777D}
		{FEF550C6-0487-45F6-9B66-F95EAFF7D5C8} = {FEF550C6-0487-45F6-9B66-F95EAFF7D5C8}
	EndProjectSection
EndProject
Project("{9A19103F-16F7-4668-BE54-9A1E7A4F7556}") = "AUReferenceData.Business", "AUReferenceData.Business\AUReferenceData.Business.csproj", "{FEF550C6-0487-45F6-9B66-F95EAFF7D5C8}"
	ProjectSection(ProjectDependencies) = postProject
		{6E51AAA5-66B3-45DD-B213-99B50982777D} = {6E51AAA5-66B3-45DD-B213-99B50982777D}
	EndProjectSection
EndProject
Global
	GlobalSection(SolutionConfigurationPlatforms) = preSolution
		Debug|Any CPU = Debug|Any CPU
		Release|Any CPU = Release|Any CPU
		UAT|Any CPU = UAT|Any CPU
	EndGlobalSection
	GlobalSection(ProjectConfigurationPlatforms) = postSolution
		{6E51AAA5-66B3-45DD-B213-99B50982777D}.Debug|Any CPU.ActiveCfg = Debug|Any CPU
		{6E51AAA5-66B3-45DD-B213-99B50982777D}.Debug|Any CPU.Build.0 = Debug|Any CPU
		{6E51AAA5-66B3-45DD-B213-99B50982777D}.Release|Any CPU.ActiveCfg = Release|Any CPU
		{6E51AAA5-66B3-45DD-B213-99B50982777D}.Release|Any CPU.Build.0 = Release|Any CPU
		{6E51AAA5-66B3-45DD-B213-99B50982777D}.UAT|Any CPU.ActiveCfg = UAT|Any CPU
		{6E51AAA5-66B3-45DD-B213-99B50982777D}.UAT|Any CPU.Build.0 = UAT|Any CPU
		{CA5B6D34-F0B5-45D2-87DB-CB555C794952}.Debug|Any CPU.ActiveCfg = Debug|Any CPU
		{CA5B6D34-F0B5-45D2-87DB-CB555C794952}.Debug|Any CPU.Build.0 = Debug|Any CPU
		{CA5B6D34-F0B5-45D2-87DB-CB555C794952}.Release|Any CPU.ActiveCfg = Release|Any CPU
		{CA5B6D34-F0B5-45D2-87DB-CB555C794952}.UAT|Any CPU.ActiveCfg = Release|Any CPU
		{ADBABC3B-24BB-4116-BB1E-E63E60BA2624}.Debug|Any CPU.ActiveCfg = Debug|Any CPU
		{ADBABC3B-24BB-4116-BB1E-E63E60BA2624}.Debug|Any CPU.Build.0 = Debug|Any CPU
		{ADBABC3B-24BB-4116-BB1E-E63E60BA2624}.Release|Any CPU.ActiveCfg = Release|Any CPU
		{ADBABC3B-24BB-4116-BB1E-E63E60BA2624}.Release|Any CPU.Build.0 = Release|Any CPU
		{ADBABC3B-24BB-4116-BB1E-E63E60BA2624}.UAT|Any CPU.ActiveCfg = UAT|Any CPU
		{ADBABC3B-24BB-4116-BB1E-E63E60BA2624}.UAT|Any CPU.Build.0 = UAT|Any CPU
		{FEF550C6-0487-45F6-9B66-F95EAFF7D5C8}.Debug|Any CPU.ActiveCfg = Debug|Any CPU
		{FEF550C6-0487-45F6-9B66-F95EAFF7D5C8}.Debug|Any CPU.Build.0 = Debug|Any CPU
		{FEF550C6-0487-45F6-9B66-F95EAFF7D5C8}.Release|Any CPU.ActiveCfg = Release|Any CPU
		{FEF550C6-0487-45F6-9B66-F95EAFF7D5C8}.Release|Any CPU.Build.0 = Release|Any CPU
		{FEF550C6-0487-45F6-9B66-F95EAFF7D5C8}.UAT|Any CPU.ActiveCfg = UAT|Any CPU
		{FEF550C6-0487-45F6-9B66-F95EAFF7D5C8}.UAT|Any CPU.Build.0 = UAT|Any CPU
	EndGlobalSection
	GlobalSection(SolutionProperties) = preSolution
		HideSolutionNode = FALSE
	EndGlobalSection
	GlobalSection(ExtensibilityGlobals) = postSolution
		SolutionGuid = {0A48488D-4EE4-412A-9ED3-CE235C07907A}
	EndGlobalSection
EndGlobal
