Microsoft Visual Studio Solution File, Format Version 12.00
# Visual Studio Version 17
VisualStudioVersion = 17.8.34330.188
MinimumVisualStudioVersion = 10.0.40219.1
Project("{9A19103F-16F7-4668-BE54-9A1E7A4F7556}") = "EUReferenceData.Tests", "EUReferenceData.Tests\EUReferenceData.Tests.csproj", "{21C50F5E-E03E-4196-8E36-24C7FBCCAC59}"
EndProject
Project("{9A19103F-16F7-4668-BE54-9A1E7A4F7556}") = "EUReferenceData.Business", "EUReferenceData.Business\EUReferenceData.Business.csproj", "{BB1C8FA6-A5F3-4B19-9B02-E572B393E7E6}"
EndProject
Project("{9A19103F-16F7-4668-BE54-9A1E7A4F7556}") = "EUReferenceData.CmdLine", "EUReferenceData.CmdLine\EUReferenceData.CmdLine.csproj", "{CF8E23DD-66E1-4468-87C4-00F69BF3BE25}"
EndProject
Project("{9A19103F-16F7-4668-BE54-9A1E7A4F7556}") = "EUReferenceData.Services", "EUReferenceData.Services\EUReferenceData.Services.csproj", "{6CFECF35-6EDA-4BD6-B581-0685A45D110B}"
EndProject
Project("{9A19103F-16F7-4668-BE54-9A1E7A4F7556}") = "EUNCommonImportTariffPopulator", "EUNCommonImportTariffPopulator\EUNCommonImportTariffPopulator.csproj", "{5330C190-C5A0-4003-83A1-89E26E936935}"
EndProject
Project("{9A19103F-16F7-4668-BE54-9A1E7A4F7556}") = "EUNCommonImportTariffPopulator.Test", "EUNCommonImportTariffPopulator.Test\EUNCommonImportTariffPopulator.Test.csproj", "{451FBA31-54AC-42C3-AB6C-7FD831E1593E}"
	ProjectSection(ProjectDependencies) = postProject
		{5330C190-C5A0-4003-83A1-89E26E936935} = {5330C190-C5A0-4003-83A1-89E26E936935}
	EndProjectSection
EndProject
Project("{9A19103F-16F7-4668-BE54-9A1E7A4F7556}") = "EUNDailyImportTariffPopulator", "EUNDailyImportTariffPopulator\EUNDailyImportTariffPopulator.csproj", "{6B76F75A-E6EB-45E2-A5BE-0FD1FA79F1BC}"
EndProject
Project("{9A19103F-16F7-4668-BE54-9A1E7A4F7556}") = "EUNDailyImportTariffPopulator.Test", "EUNDailyImportTariffPopulator.Test\EUNDailyImportTariffPopulator.Test.csproj", "{2B6E0EC0-B5DF-468E-8B65-AE0481105E2B}"
EndProject
Project("{9A19103F-16F7-4668-BE54-9A1E7A4F7556}") = "EUNMonthlyImportTariffPopulator", "EUNMonthlyImportTariffPopulator\EUNMonthlyImportTariffPopulator.csproj", "{E4F5AA7D-C6B3-4253-AF3F-6AC42211FFF7}"
EndProject
Project("{9A19103F-16F7-4668-BE54-9A1E7A4F7556}") = "EUNMonthlyImportTariffPopulator.Test", "EUNMonthlyImportTariffPopulator.Test\EUNMonthlyImportTariffPopulator.Test.csproj", "{2D7EB468-2507-4C8B-8B32-079BC2DFDF3F}"
EndProject
Project("{9A19103F-16F7-4668-BE54-9A1E7A4F7556}") = "EUNTariffDataProducer", "EUNTariffDataProducer\EUNTariffDataProducer.csproj", "{8EE1E6FB-E16F-4C8C-BA9C-ED09C8E640A3}"
EndProject
Project("{9A19103F-16F7-4668-BE54-9A1E7A4F7556}") = "EUNTariffDataProducer.Test", "EUNTariffDataProducer.Test\EUNTariffDataProducer.Test.csproj", "{B3CE9C80-D008-4E37-BBDE-11C508DB6135}"
EndProject
Project("{9A19103F-16F7-4668-BE54-9A1E7A4F7556}") = "EUNTariffEndDateFinder", "EUNTariffEndDateFinder\EUNTariffEndDateFinder.csproj", "{653B3679-7A69-4A08-BD01-B1F473312958}"
EndProject
Project("{9A19103F-16F7-4668-BE54-9A1E7A4F7556}") = "EUNTariffEndDateFinder.Test", "EUNTariffEndDateFinder.Test\EUNTariffEndDateFinder.Test.csproj", "{35241A9D-A88D-4A95-BF5C-7227BA946FD4}"
EndProject
Project("{9A19103F-16F7-4668-BE54-9A1E7A4F7556}") = "EUNTariffPopulator", "EUNTariffPopulator\EUNTariffPopulator.csproj", "{86913A15-A92F-40E5-B23C-C7650E07B509}"
EndProject
Project("{9A19103F-16F7-4668-BE54-9A1E7A4F7556}") = "EUNTariffPopulator.Test", "EUNTariffPopulator.Test\EUNTariffPopulator.Test.csproj", "{E2CDA50C-5814-41FF-B0C9-F64E587D80DD}"
EndProject
Global
	GlobalSection(SolutionConfigurationPlatforms) = preSolution
		DEBUG|Any CPU = DEBUG|Any CPU
		Release|Any CPU = Release|Any CPU
		UAT|Any CPU = UAT|Any CPU
	EndGlobalSection
	GlobalSection(ProjectConfigurationPlatforms) = postSolution
		{21C50F5E-E03E-4196-8E36-24C7FBCCAC59}.DEBUG|Any CPU.ActiveCfg = DEBUG|Any CPU
		{21C50F5E-E03E-4196-8E36-24C7FBCCAC59}.DEBUG|Any CPU.Build.0 = DEBUG|Any CPU
		{21C50F5E-E03E-4196-8E36-24C7FBCCAC59}.Release|Any CPU.ActiveCfg = DEBUG|Any CPU
		{21C50F5E-E03E-4196-8E36-24C7FBCCAC59}.UAT|Any CPU.ActiveCfg = DEBUG|Any CPU
		{BB1C8FA6-A5F3-4B19-9B02-E572B393E7E6}.DEBUG|Any CPU.ActiveCfg = DEBUG|Any CPU
		{BB1C8FA6-A5F3-4B19-9B02-E572B393E7E6}.DEBUG|Any CPU.Build.0 = DEBUG|Any CPU
		{BB1C8FA6-A5F3-4B19-9B02-E572B393E7E6}.Release|Any CPU.ActiveCfg = Release|Any CPU
		{BB1C8FA6-A5F3-4B19-9B02-E572B393E7E6}.Release|Any CPU.Build.0 = Release|Any CPU
		{BB1C8FA6-A5F3-4B19-9B02-E572B393E7E6}.UAT|Any CPU.ActiveCfg = UAT|Any CPU
		{BB1C8FA6-A5F3-4B19-9B02-E572B393E7E6}.UAT|Any CPU.Build.0 = UAT|Any CPU
		{CF8E23DD-66E1-4468-87C4-00F69BF3BE25}.DEBUG|Any CPU.ActiveCfg = DEBUG|Any CPU
		{CF8E23DD-66E1-4468-87C4-00F69BF3BE25}.DEBUG|Any CPU.Build.0 = DEBUG|Any CPU
		{CF8E23DD-66E1-4468-87C4-00F69BF3BE25}.Release|Any CPU.ActiveCfg = Release|Any CPU
		{CF8E23DD-66E1-4468-87C4-00F69BF3BE25}.Release|Any CPU.Build.0 = Release|Any CPU
		{CF8E23DD-66E1-4468-87C4-00F69BF3BE25}.UAT|Any CPU.ActiveCfg = UAT|Any CPU
		{CF8E23DD-66E1-4468-87C4-00F69BF3BE25}.UAT|Any CPU.Build.0 = UAT|Any CPU
		{6CFECF35-6EDA-4BD6-B581-0685A45D110B}.DEBUG|Any CPU.ActiveCfg = Debug|Any CPU
		{6CFECF35-6EDA-4BD6-B581-0685A45D110B}.DEBUG|Any CPU.Build.0 = Debug|Any CPU
		{6CFECF35-6EDA-4BD6-B581-0685A45D110B}.Release|Any CPU.ActiveCfg = Release|Any CPU
		{6CFECF35-6EDA-4BD6-B581-0685A45D110B}.Release|Any CPU.Build.0 = Release|Any CPU
		{6CFECF35-6EDA-4BD6-B581-0685A45D110B}.UAT|Any CPU.ActiveCfg = UAT|Any CPU
		{6CFECF35-6EDA-4BD6-B581-0685A45D110B}.UAT|Any CPU.Build.0 = UAT|Any CPU
		{5330C190-C5A0-4003-83A1-89E26E936935}.DEBUG|Any CPU.ActiveCfg = Debug|Any CPU
		{5330C190-C5A0-4003-83A1-89E26E936935}.DEBUG|Any CPU.Build.0 = Debug|Any CPU
		{5330C190-C5A0-4003-83A1-89E26E936935}.Release|Any CPU.ActiveCfg = Release|Any CPU
		{5330C190-C5A0-4003-83A1-89E26E936935}.Release|Any CPU.Build.0 = Release|Any CPU
		{5330C190-C5A0-4003-83A1-89E26E936935}.UAT|Any CPU.ActiveCfg = UAT|Any CPU
		{5330C190-C5A0-4003-83A1-89E26E936935}.UAT|Any CPU.Build.0 = UAT|Any CPU
		{451FBA31-54AC-42C3-AB6C-7FD831E1593E}.DEBUG|Any CPU.ActiveCfg = Debug|Any CPU
		{451FBA31-54AC-42C3-AB6C-7FD831E1593E}.DEBUG|Any CPU.Build.0 = Debug|Any CPU
		{451FBA31-54AC-42C3-AB6C-7FD831E1593E}.Release|Any CPU.ActiveCfg = Debug|Any CPU
		{451FBA31-54AC-42C3-AB6C-7FD831E1593E}.UAT|Any CPU.ActiveCfg = Debug|Any CPU
		{6B76F75A-E6EB-45E2-A5BE-0FD1FA79F1BC}.DEBUG|Any CPU.ActiveCfg = Debug|Any CPU
		{6B76F75A-E6EB-45E2-A5BE-0FD1FA79F1BC}.DEBUG|Any CPU.Build.0 = Debug|Any CPU
		{6B76F75A-E6EB-45E2-A5BE-0FD1FA79F1BC}.Release|Any CPU.ActiveCfg = Release|Any CPU
		{6B76F75A-E6EB-45E2-A5BE-0FD1FA79F1BC}.Release|Any CPU.Build.0 = Release|Any CPU
		{6B76F75A-E6EB-45E2-A5BE-0FD1FA79F1BC}.UAT|Any CPU.ActiveCfg = UAT|Any CPU
		{6B76F75A-E6EB-45E2-A5BE-0FD1FA79F1BC}.UAT|Any CPU.Build.0 = UAT|Any CPU
		{2B6E0EC0-B5DF-468E-8B65-AE0481105E2B}.DEBUG|Any CPU.ActiveCfg = Debug|Any CPU
		{2B6E0EC0-B5DF-468E-8B65-AE0481105E2B}.DEBUG|Any CPU.Build.0 = Debug|Any CPU
		{2B6E0EC0-B5DF-468E-8B65-AE0481105E2B}.Release|Any CPU.ActiveCfg = Debug|Any CPU
		{2B6E0EC0-B5DF-468E-8B65-AE0481105E2B}.UAT|Any CPU.ActiveCfg = Debug|Any CPU
		{E4F5AA7D-C6B3-4253-AF3F-6AC42211FFF7}.DEBUG|Any CPU.ActiveCfg = Debug|Any CPU
		{E4F5AA7D-C6B3-4253-AF3F-6AC42211FFF7}.DEBUG|Any CPU.Build.0 = Debug|Any CPU
		{E4F5AA7D-C6B3-4253-AF3F-6AC42211FFF7}.Release|Any CPU.ActiveCfg = Release|Any CPU
		{E4F5AA7D-C6B3-4253-AF3F-6AC42211FFF7}.Release|Any CPU.Build.0 = Release|Any CPU
		{E4F5AA7D-C6B3-4253-AF3F-6AC42211FFF7}.UAT|Any CPU.ActiveCfg = UAT|Any CPU
		{E4F5AA7D-C6B3-4253-AF3F-6AC42211FFF7}.UAT|Any CPU.Build.0 = UAT|Any CPU
		{2D7EB468-2507-4C8B-8B32-079BC2DFDF3F}.DEBUG|Any CPU.ActiveCfg = Debug|Any CPU
		{2D7EB468-2507-4C8B-8B32-079BC2DFDF3F}.DEBUG|Any CPU.Build.0 = Debug|Any CPU
		{2D7EB468-2507-4C8B-8B32-079BC2DFDF3F}.Release|Any CPU.ActiveCfg = Debug|Any CPU
		{2D7EB468-2507-4C8B-8B32-079BC2DFDF3F}.UAT|Any CPU.ActiveCfg = Debug|Any CPU
		{8EE1E6FB-E16F-4C8C-BA9C-ED09C8E640A3}.DEBUG|Any CPU.ActiveCfg = Debug|Any CPU
		{8EE1E6FB-E16F-4C8C-BA9C-ED09C8E640A3}.DEBUG|Any CPU.Build.0 = Debug|Any CPU
		{8EE1E6FB-E16F-4C8C-BA9C-ED09C8E640A3}.Release|Any CPU.ActiveCfg = Release|Any CPU
		{8EE1E6FB-E16F-4C8C-BA9C-ED09C8E640A3}.Release|Any CPU.Build.0 = Release|Any CPU
		{8EE1E6FB-E16F-4C8C-BA9C-ED09C8E640A3}.UAT|Any CPU.ActiveCfg = UAT|Any CPU
		{8EE1E6FB-E16F-4C8C-BA9C-ED09C8E640A3}.UAT|Any CPU.Build.0 = UAT|Any CPU
		{B3CE9C80-D008-4E37-BBDE-11C508DB6135}.DEBUG|Any CPU.ActiveCfg = Debug|Any CPU
		{B3CE9C80-D008-4E37-BBDE-11C508DB6135}.DEBUG|Any CPU.Build.0 = Debug|Any CPU
		{B3CE9C80-D008-4E37-BBDE-11C508DB6135}.Release|Any CPU.ActiveCfg = Debug|Any CPU
		{B3CE9C80-D008-4E37-BBDE-11C508DB6135}.UAT|Any CPU.ActiveCfg = Debug|Any CPU
		{653B3679-7A69-4A08-BD01-B1F473312958}.DEBUG|Any CPU.ActiveCfg = Debug|Any CPU
		{653B3679-7A69-4A08-BD01-B1F473312958}.DEBUG|Any CPU.Build.0 = Debug|Any CPU
		{653B3679-7A69-4A08-BD01-B1F473312958}.Release|Any CPU.ActiveCfg = Release|Any CPU
		{653B3679-7A69-4A08-BD01-B1F473312958}.Release|Any CPU.Build.0 = Release|Any CPU
		{653B3679-7A69-4A08-BD01-B1F473312958}.UAT|Any CPU.ActiveCfg = UAT|Any CPU
		{653B3679-7A69-4A08-BD01-B1F473312958}.UAT|Any CPU.Build.0 = UAT|Any CPU
		{35241A9D-A88D-4A95-BF5C-7227BA946FD4}.DEBUG|Any CPU.ActiveCfg = Debug|Any CPU
		{35241A9D-A88D-4A95-BF5C-7227BA946FD4}.DEBUG|Any CPU.Build.0 = Debug|Any CPU
		{35241A9D-A88D-4A95-BF5C-7227BA946FD4}.Release|Any CPU.ActiveCfg = Debug|Any CPU
		{35241A9D-A88D-4A95-BF5C-7227BA946FD4}.UAT|Any CPU.ActiveCfg = Debug|Any CPU
		{86913A15-A92F-40E5-B23C-C7650E07B509}.DEBUG|Any CPU.ActiveCfg = Debug|Any CPU
		{86913A15-A92F-40E5-B23C-C7650E07B509}.DEBUG|Any CPU.Build.0 = Debug|Any CPU
		{86913A15-A92F-40E5-B23C-C7650E07B509}.Release|Any CPU.ActiveCfg = Release|Any CPU
		{86913A15-A92F-40E5-B23C-C7650E07B509}.Release|Any CPU.Build.0 = Release|Any CPU
		{86913A15-A92F-40E5-B23C-C7650E07B509}.UAT|Any CPU.ActiveCfg = UAT|Any CPU
		{86913A15-A92F-40E5-B23C-C7650E07B509}.UAT|Any CPU.Build.0 = UAT|Any CPU
		{E2CDA50C-5814-41FF-B0C9-F64E587D80DD}.DEBUG|Any CPU.ActiveCfg = Debug|Any CPU
		{E2CDA50C-5814-41FF-B0C9-F64E587D80DD}.DEBUG|Any CPU.Build.0 = Debug|Any CPU
		{E2CDA50C-5814-41FF-B0C9-F64E587D80DD}.Release|Any CPU.ActiveCfg = Debug|Any CPU
		{E2CDA50C-5814-41FF-B0C9-F64E587D80DD}.UAT|Any CPU.ActiveCfg = Debug|Any CPU
	EndGlobalSection
	GlobalSection(SolutionProperties) = preSolution
		HideSolutionNode = FALSE
	EndGlobalSection
	GlobalSection(ExtensibilityGlobals) = postSolution
		SolutionGuid = {CE0FD772-5FC6-4972-8F9F-D64D7BD874C1}
	EndGlobalSection
EndGlobal
