Microsoft Visual Studio Solution File, Format Version 12.00
# Visual Studio Version 17
VisualStudioVersion = 17.2.32802.462
MinimumVisualStudioVersion = 10.0.40219.1
Project("{9A19103F-16F7-4668-BE54-9A1E7A4F7556}") = "Enterprise.Customs.NL.NCTS.Business", "Business\Enterprise.Customs.NL.NCTS.Business.csproj", "{D99AE048-4622-47FF-BB42-EA6484E0C2AA}"
EndProject
Project("{9A19103F-16F7-4668-BE54-9A1E7A4F7556}") = "Enterprise.Customs.NL.NCTS.Business.Test", "Business.Test\Enterprise.Customs.NL.NCTS.Business.Test.csproj", "{61CF1FA3-81EA-4875-84C7-FCAE2B531FD1}"
EndProject
Project("{9A19103F-16F7-4668-BE54-9A1E7A4F7556}") = "Enterprise.Customs.NL.NCTS.GUI", "GUI\Enterprise.Customs.NL.NCTS.GUI.csproj", "{9DCDE58E-7660-4E9A-95D0-69E6FAC97690}"
EndProject
Project("{9A19103F-16F7-4668-BE54-9A1E7A4F7556}") = "Enterprise.Customs.NL.NCTS.GUI.Winzor", "GUI\Enterprise.Customs.NL.NCTS.GUI.Winzor.csproj", "{BFD2C498-A27E-43F9-9012-24684D3B60D7}"
EndProject
Project("{9A19103F-16F7-4668-BE54-9A1E7A4F7556}") = "Enterprise.Customs.NL.NCTS.GUI.Test", "GUI.Test\Enterprise.Customs.NL.NCTS.GUI.Test.csproj", "{C50A6268-291D-45B4-BE37-A3C977837A7B}"
EndProject
Project("{9A19103F-16F7-4668-BE54-9A1E7A4F7556}") = "Enterprise.Customs.NL.NCTS.GUI.Test.Winzor", "GUI.Test\Enterprise.Customs.NL.NCTS.GUI.Test.Winzor.csproj", "{70F9B5D1-3736-4422-97F4-5DBC916F6BA4}"
EndProject
Project("{9A19103F-16F7-4668-BE54-9A1E7A4F7556}") = "Enterprise.Customs.NL.NCTS.Module", "Module\Enterprise.Customs.NL.NCTS.Module.csproj", "{478013CE-F448-48FF-88BD-1A125826AE4A}"
EndProject
Project("{9A19103F-16F7-4668-BE54-9A1E7A4F7556}") = "Enterprise.Customs.NL.NCTS.Module.Winzor", "Module\Enterprise.Customs.NL.NCTS.Module.Winzor.csproj", "{D47E0923-F8C4-4E4F-8B75-B21172F44217}"
EndProject
Project("{9A19103F-16F7-4668-BE54-9A1E7A4F7556}") = "Enterprise.Customs.NL.NCTS.Module.Test", "Module.Test\Enterprise.Customs.NL.NCTS.Module.Test.csproj", "{B23911C5-7D62-4D7D-AEA3-37D6F9DA6079}"
EndProject
Project("{9A19103F-16F7-4668-BE54-9A1E7A4F7556}") = "Enterprise.Customs.NL.NCTS.Module.Test.Winzor", "Module.Test\Enterprise.Customs.NL.NCTS.Module.Test.Winzor.csproj", "{1FEC41F0-688B-4B7E-8983-A636DC7FFF77}"
EndProject
Global
	GlobalSection(SolutionConfigurationPlatforms) = preSolution
		Debug|Any CPU = Debug|Any CPU
		Release|Any CPU = Release|Any CPU
	EndGlobalSection
	GlobalSection(ProjectConfigurationPlatforms) = postSolution
		{D99AE048-4622-47FF-BB42-EA6484E0C2AA}.Debug|Any CPU.ActiveCfg = Debug|Any CPU
		{D99AE048-4622-47FF-BB42-EA6484E0C2AA}.Debug|Any CPU.Build.0 = Debug|Any CPU
		{D99AE048-4622-47FF-BB42-EA6484E0C2AA}.Release|Any CPU.ActiveCfg = Release|Any CPU
		{D99AE048-4622-47FF-BB42-EA6484E0C2AA}.Release|Any CPU.Build.0 = Release|Any CPU
		{61CF1FA3-81EA-4875-84C7-FCAE2B531FD1}.Debug|Any CPU.ActiveCfg = Debug|Any CPU
		{61CF1FA3-81EA-4875-84C7-FCAE2B531FD1}.Debug|Any CPU.Build.0 = Debug|Any CPU
		{61CF1FA3-81EA-4875-84C7-FCAE2B531FD1}.Release|Any CPU.ActiveCfg = Release|Any CPU
		{9DCDE58E-7660-4E9A-95D0-69E6FAC97690}.Debug|Any CPU.ActiveCfg = Debug|Any CPU
		{9DCDE58E-7660-4E9A-95D0-69E6FAC97690}.Debug|Any CPU.Build.0 = Debug|Any CPU
		{9DCDE58E-7660-4E9A-95D0-69E6FAC97690}.Release|Any CPU.ActiveCfg = Release|Any CPU
		{9DCDE58E-7660-4E9A-95D0-69E6FAC97690}.Release|Any CPU.Build.0 = Release|Any CPU
		{BFD2C498-A27E-43F9-9012-24684D3B60D7}.Debug|Any CPU.ActiveCfg = Debug|Any CPU
		{BFD2C498-A27E-43F9-9012-24684D3B60D7}.Debug|Any CPU.Build.0 = Debug|Any CPU
		{BFD2C498-A27E-43F9-9012-24684D3B60D7}.Release|Any CPU.ActiveCfg = Release|Any CPU
		{BFD2C498-A27E-43F9-9012-24684D3B60D7}.Release|Any CPU.Build.0 = Release|Any CPU
		{C50A6268-291D-45B4-BE37-A3C977837A7B}.Debug|Any CPU.ActiveCfg = Debug|Any CPU
		{C50A6268-291D-45B4-BE37-A3C977837A7B}.Debug|Any CPU.Build.0 = Debug|Any CPU
		{C50A6268-291D-45B4-BE37-A3C977837A7B}.Release|Any CPU.ActiveCfg = Release|Any CPU
		{70F9B5D1-3736-4422-97F4-5DBC916F6BA4}.Debug|Any CPU.ActiveCfg = Debug|Any CPU
		{70F9B5D1-3736-4422-97F4-5DBC916F6BA4}.Debug|Any CPU.Build.0 = Debug|Any CPU
		{70F9B5D1-3736-4422-97F4-5DBC916F6BA4}.Release|Any CPU.ActiveCfg = Release|Any CPU
		{478013CE-F448-48FF-88BD-1A125826AE4A}.Debug|Any CPU.ActiveCfg = Debug|Any CPU
		{478013CE-F448-48FF-88BD-1A125826AE4A}.Debug|Any CPU.Build.0 = Debug|Any CPU
		{478013CE-F448-48FF-88BD-1A125826AE4A}.Release|Any CPU.ActiveCfg = Release|Any CPU
		{478013CE-F448-48FF-88BD-1A125826AE4A}.Release|Any CPU.Build.0 = Release|Any CPU
		{D47E0923-F8C4-4E4F-8B75-B21172F44217}.Debug|Any CPU.ActiveCfg = Debug|Any CPU
		{D47E0923-F8C4-4E4F-8B75-B21172F44217}.Debug|Any CPU.Build.0 = Debug|Any CPU
		{D47E0923-F8C4-4E4F-8B75-B21172F44217}.Release|Any CPU.ActiveCfg = Release|Any CPU
		{D47E0923-F8C4-4E4F-8B75-B21172F44217}.Release|Any CPU.Build.0 = Release|Any CPU
		{B23911C5-7D62-4D7D-AEA3-37D6F9DA6079}.Debug|Any CPU.ActiveCfg = Debug|Any CPU
		{B23911C5-7D62-4D7D-AEA3-37D6F9DA6079}.Debug|Any CPU.Build.0 = Debug|Any CPU
		{B23911C5-7D62-4D7D-AEA3-37D6F9DA6079}.Release|Any CPU.ActiveCfg = Release|Any CPU
		{1FEC41F0-688B-4B7E-8983-A636DC7FFF77}.Debug|Any CPU.ActiveCfg = Debug|Any CPU
		{1FEC41F0-688B-4B7E-8983-A636DC7FFF77}.Debug|Any CPU.Build.0 = Debug|Any CPU
		{1FEC41F0-688B-4B7E-8983-A636DC7FFF77}.Release|Any CPU.ActiveCfg = Release|Any CPU
	EndGlobalSection
	GlobalSection(SolutionProperties) = preSolution
		HideSolutionNode = FALSE
	EndGlobalSection
	GlobalSection(ExtensibilityGlobals) = postSolution
		SolutionGuid = {B8F0AC5B-960E-45AD-B79E-85BB8D6C2631}
	EndGlobalSection
EndGlobal
