
Microsoft Visual Studio Solution File, Format Version 12.00
# Visual Studio Version 17
VisualStudioVersion = 17.0.31903.59
MinimumVisualStudioVersion = 10.0.40219.1
Project("{9A19103F-16F7-4668-BE54-9A1E7A4F7556}") = "Enterprise.Customs.Forwarding.Business", "Business\Enterprise.Customs.Forwarding.Business.csproj", "{C53DBC86-6D71-49EF-9FAD-CEBC93B6E623}"
EndProject
Project("{9A19103F-16F7-4668-BE54-9A1E7A4F7556}") = "Enterprise.Customs.Forwarding.Business.Test", "Business.Test\Enterprise.Customs.Forwarding.Business.Test.csproj", "{BB865493-9BDE-4ADE-BB66-525F6BF82C7F}"
EndProject
Project("{9A19103F-16F7-4668-BE54-9A1E7A4F7556}") = "Enterprise.Customs.Forwarding.GUI", "GUI\Enterprise.Customs.Forwarding.GUI.csproj", "{4072496D-DE34-47F7-9902-3B746399C60F}"
EndProject
Project("{9A19103F-16F7-4668-BE54-9A1E7A4F7556}") = "Enterprise.Customs.Forwarding.GUI.Test", "GUI.Test\Enterprise.Customs.Forwarding.GUI.Test.csproj", "{66ECCD64-51FC-4E8E-93F1-BC472D270C3F}"
EndProject
Project("{FAE04EC0-301F-11D3-BF4B-00C04F79EFBC}") = "Enterprise.Customs.Forwarding.Module", "Module\Enterprise.Customs.Forwarding.Module.csproj", "{FA4ED608-FDC8-45D4-BEE9-101E5F1296E4}"
EndProject
Project("{9A19103F-16F7-4668-BE54-9A1E7A4F7556}") = "Enterprise.Customs.Forwarding.Module.Test", "Module.Test\Enterprise.Customs.Forwarding.Module.Test.csproj", "{80AD7DA7-C2D1-4F07-B952-E3C68B94058F}"
EndProject
Project("{9A19103F-16F7-4668-BE54-9A1E7A4F7556}") = "Enterprise.Customs.Forwarding.GUI.Winzor", "GUI\Enterprise.Customs.Forwarding.GUI.Winzor.csproj", "{0205154A-1238-45D7-B1FA-FE356C043AA7}"
EndProject
Project("{9A19103F-16F7-4668-BE54-9A1E7A4F7556}") = "Enterprise.Customs.Forwarding.Module.Winzor", "Module\Enterprise.Customs.Forwarding.Module.Winzor.csproj", "{AE5F8C9A-59F6-456A-9980-422BA4F663D0}"
EndProject
Project("{9A19103F-16F7-4668-BE54-9A1E7A4F7556}") = "Enterprise.Customs.Forwarding.GUI.Test.Winzor", "GUI.Test\Enterprise.Customs.Forwarding.GUI.Test.Winzor.csproj", "{3CF1094A-42F3-4E9F-BC71-0DE10E67350D}"
EndProject
Project("{9A19103F-16F7-4668-BE54-9A1E7A4F7556}") = "Enterprise.Customs.Forwarding.Module.Test.Winzor", "Module.Test\Enterprise.Customs.Forwarding.Module.Test.Winzor.csproj", "{695DC017-59DC-4CA2-A453-B85AA1E76E3B}"
EndProject
Global
	GlobalSection(SolutionConfigurationPlatforms) = preSolution
		Debug|Any CPU = Debug|Any CPU
		Release|Any CPU = Release|Any CPU
	EndGlobalSection
	GlobalSection(ProjectConfigurationPlatforms) = postSolution
		{C53DBC86-6D71-49EF-9FAD-CEBC93B6E623}.Debug|Any CPU.ActiveCfg = Debug|Any CPU
		{C53DBC86-6D71-49EF-9FAD-CEBC93B6E623}.Debug|Any CPU.Build.0 = Debug|Any CPU
		{C53DBC86-6D71-49EF-9FAD-CEBC93B6E623}.Release|Any CPU.ActiveCfg = Release|Any CPU
		{C53DBC86-6D71-49EF-9FAD-CEBC93B6E623}.Release|Any CPU.Build.0 = Release|Any CPU
		{BB865493-9BDE-4ADE-BB66-525F6BF82C7F}.Debug|Any CPU.ActiveCfg = Debug|Any CPU
		{BB865493-9BDE-4ADE-BB66-525F6BF82C7F}.Debug|Any CPU.Build.0 = Debug|Any CPU
		{BB865493-9BDE-4ADE-BB66-525F6BF82C7F}.Release|Any CPU.ActiveCfg = Release|Any CPU
		{4072496D-DE34-47F7-9902-3B746399C60F}.Debug|Any CPU.ActiveCfg = Debug|Any CPU
		{4072496D-DE34-47F7-9902-3B746399C60F}.Debug|Any CPU.Build.0 = Debug|Any CPU
		{4072496D-DE34-47F7-9902-3B746399C60F}.Release|Any CPU.ActiveCfg = Release|Any CPU
		{4072496D-DE34-47F7-9902-3B746399C60F}.Release|Any CPU.Build.0 = Release|Any CPU
		{66ECCD64-51FC-4E8E-93F1-BC472D270C3F}.Debug|Any CPU.ActiveCfg = Debug|Any CPU
		{66ECCD64-51FC-4E8E-93F1-BC472D270C3F}.Debug|Any CPU.Build.0 = Debug|Any CPU
		{66ECCD64-51FC-4E8E-93F1-BC472D270C3F}.Release|Any CPU.ActiveCfg = Release|Any CPU
		{FA4ED608-FDC8-45D4-BEE9-101E5F1296E4}.Debug|Any CPU.ActiveCfg = Debug|Any CPU
		{FA4ED608-FDC8-45D4-BEE9-101E5F1296E4}.Debug|Any CPU.Build.0 = Debug|Any CPU
		{FA4ED608-FDC8-45D4-BEE9-101E5F1296E4}.Release|Any CPU.ActiveCfg = Release|Any CPU
		{FA4ED608-FDC8-45D4-BEE9-101E5F1296E4}.Release|Any CPU.Build.0 = Release|Any CPU
		{80AD7DA7-C2D1-4F07-B952-E3C68B94058F}.Debug|Any CPU.ActiveCfg = Debug|Any CPU
		{80AD7DA7-C2D1-4F07-B952-E3C68B94058F}.Debug|Any CPU.Build.0 = Debug|Any CPU
		{80AD7DA7-C2D1-4F07-B952-E3C68B94058F}.Release|Any CPU.ActiveCfg = Release|Any CPU
		{0205154A-1238-45D7-B1FA-FE356C043AA7}.Debug|Any CPU.ActiveCfg = Debug|Any CPU
		{0205154A-1238-45D7-B1FA-FE356C043AA7}.Debug|Any CPU.Build.0 = Debug|Any CPU
		{0205154A-1238-45D7-B1FA-FE356C043AA7}.Release|Any CPU.ActiveCfg = Release|Any CPU
		{0205154A-1238-45D7-B1FA-FE356C043AA7}.Release|Any CPU.Build.0 = Release|Any CPU
		{AE5F8C9A-59F6-456A-9980-422BA4F663D0}.Debug|Any CPU.ActiveCfg = Debug|Any CPU
		{AE5F8C9A-59F6-456A-9980-422BA4F663D0}.Debug|Any CPU.Build.0 = Debug|Any CPU
		{AE5F8C9A-59F6-456A-9980-422BA4F663D0}.Release|Any CPU.ActiveCfg = Release|Any CPU
		{AE5F8C9A-59F6-456A-9980-422BA4F663D0}.Release|Any CPU.Build.0 = Release|Any CPU
		{3CF1094A-42F3-4E9F-BC71-0DE10E67350D}.Debug|Any CPU.ActiveCfg = Debug|Any CPU
		{3CF1094A-42F3-4E9F-BC71-0DE10E67350D}.Debug|Any CPU.Build.0 = Debug|Any CPU
		{3CF1094A-42F3-4E9F-BC71-0DE10E67350D}.Release|Any CPU.ActiveCfg = Release|Any CPU
		{695DC017-59DC-4CA2-A453-B85AA1E76E3B}.Debug|Any CPU.ActiveCfg = Debug|Any CPU
		{695DC017-59DC-4CA2-A453-B85AA1E76E3B}.Debug|Any CPU.Build.0 = Debug|Any CPU
		{695DC017-59DC-4CA2-A453-B85AA1E76E3B}.Release|Any CPU.ActiveCfg = Release|Any CPU
	EndGlobalSection
	GlobalSection(SolutionProperties) = preSolution
		HideSolutionNode = FALSE
	EndGlobalSection
	GlobalSection(ExtensibilityGlobals) = postSolution
		SolutionGuid = {5DEE8126-3F84-41E1-BEC5-2984F7C8A13E}
	EndGlobalSection
EndGlobal
