
Microsoft Visual Studio Solution File, Format Version 12.00
# Visual Studio Version 17
VisualStudioVersion = 17.2.32630.192
MinimumVisualStudioVersion = 10.0.40219.1
Project("{9A19103F-16F7-4668-BE54-9A1E7A4F7556}") = "Enterprise.Customs.UY.Manifest.GUI", "GUI\Enterprise.Customs.UY.Manifest.GUI.csproj", "{CF316CEC-F680-4980-A283-F6D9D8C25BC6}"
EndProject
Project("{9A19103F-16F7-4668-BE54-9A1E7A4F7556}") = "Enterprise.Customs.UY.Manifest.GUI.Test", "GUI.Test\Enterprise.Customs.UY.Manifest.GUI.Test.csproj", "{DCE6C60B-3C16-47F4-8BF3-0B9B21BC7183}"
EndProject
Project("{9A19103F-16F7-4668-BE54-9A1E7A4F7556}") = "Enterprise.Customs.UY.Manifest.ServiceTasks", "ServiceTasks\Enterprise.Customs.UY.Manifest.ServiceTasks.csproj", "{F67471AA-2107-4C71-B562-F44F4FC7D387}"
EndProject
Project("{9A19103F-16F7-4668-BE54-9A1E7A4F7556}") = "Enterprise.Customs.UY.Manifest.ServiceTasks.Test", "ServiceTasks.Test\Enterprise.Customs.UY.Manifest.ServiceTasks.Test.csproj", "{54CAA91F-1DAD-4359-A960-B068980A4CBD}"
EndProject
Project("{9A19103F-16F7-4668-BE54-9A1E7A4F7556}") = "Enterprise.Customs.UY.Manifest.Business", "Business\Enterprise.Customs.UY.Manifest.Business.csproj", "{6A5B0D2F-4923-45FF-B44B-B930D34F7E62}"
EndProject
Project("{9A19103F-16F7-4668-BE54-9A1E7A4F7556}") = "Enterprise.Customs.UY.Manifest.Business.Test", "Business.Test\Enterprise.Customs.UY.Manifest.Business.Test.csproj", "{E6C6C40B-E3A4-4F8A-B34D-5DDCE2124911}"
EndProject
Project("{9A19103F-16F7-4668-BE54-9A1E7A4F7556}") = "Enterprise.Customs.UY.Manifest.GUI.Winzor", "GUI\Enterprise.Customs.UY.Manifest.GUI.Winzor.csproj", "{7E1B8741-796C-44C4-9B55-DE92EA3B8EF9}"
EndProject
Project("{9A19103F-16F7-4668-BE54-9A1E7A4F7556}") = "Enterprise.Customs.UY.Manifest.GUI.Test.Winzor", "GUI.Test\Enterprise.Customs.UY.Manifest.GUI.Test.Winzor.csproj", "{D4D05197-D5B9-417F-9BAD-C0A70C8212B3}"
EndProject
Global
	GlobalSection(SolutionConfigurationPlatforms) = preSolution
		Debug|Any CPU = Debug|Any CPU
		Release|Any CPU = Release|Any CPU
	EndGlobalSection
	GlobalSection(ProjectConfigurationPlatforms) = postSolution
		{CF316CEC-F680-4980-A283-F6D9D8C25BC6}.Debug|Any CPU.ActiveCfg = Debug|Any CPU
		{CF316CEC-F680-4980-A283-F6D9D8C25BC6}.Debug|Any CPU.Build.0 = Debug|Any CPU
		{CF316CEC-F680-4980-A283-F6D9D8C25BC6}.Release|Any CPU.ActiveCfg = Release|Any CPU
		{CF316CEC-F680-4980-A283-F6D9D8C25BC6}.Release|Any CPU.Build.0 = Release|Any CPU
		{DCE6C60B-3C16-47F4-8BF3-0B9B21BC7183}.Debug|Any CPU.ActiveCfg = Debug|Any CPU
		{DCE6C60B-3C16-47F4-8BF3-0B9B21BC7183}.Debug|Any CPU.Build.0 = Debug|Any CPU
		{DCE6C60B-3C16-47F4-8BF3-0B9B21BC7183}.Release|Any CPU.ActiveCfg = Release|Any CPU
		{F67471AA-2107-4C71-B562-F44F4FC7D387}.Debug|Any CPU.ActiveCfg = Debug|Any CPU
		{F67471AA-2107-4C71-B562-F44F4FC7D387}.Debug|Any CPU.Build.0 = Debug|Any CPU
		{F67471AA-2107-4C71-B562-F44F4FC7D387}.Release|Any CPU.ActiveCfg = Release|Any CPU
		{F67471AA-2107-4C71-B562-F44F4FC7D387}.Release|Any CPU.Build.0 = Release|Any CPU
		{54CAA91F-1DAD-4359-A960-B068980A4CBD}.Debug|Any CPU.ActiveCfg = Debug|Any CPU
		{54CAA91F-1DAD-4359-A960-B068980A4CBD}.Debug|Any CPU.Build.0 = Debug|Any CPU
		{54CAA91F-1DAD-4359-A960-B068980A4CBD}.Release|Any CPU.ActiveCfg = Release|Any CPU
		{6A5B0D2F-4923-45FF-B44B-B930D34F7E62}.Debug|Any CPU.ActiveCfg = Debug|Any CPU
		{6A5B0D2F-4923-45FF-B44B-B930D34F7E62}.Debug|Any CPU.Build.0 = Debug|Any CPU
		{6A5B0D2F-4923-45FF-B44B-B930D34F7E62}.Release|Any CPU.ActiveCfg = Release|Any CPU
		{6A5B0D2F-4923-45FF-B44B-B930D34F7E62}.Release|Any CPU.Build.0 = Release|Any CPU
		{E6C6C40B-E3A4-4F8A-B34D-5DDCE2124911}.Debug|Any CPU.ActiveCfg = Debug|Any CPU
		{E6C6C40B-E3A4-4F8A-B34D-5DDCE2124911}.Debug|Any CPU.Build.0 = Debug|Any CPU
		{E6C6C40B-E3A4-4F8A-B34D-5DDCE2124911}.Release|Any CPU.ActiveCfg = Release|Any CPU
		{7E1B8741-796C-44C4-9B55-DE92EA3B8EF9}.Debug|Any CPU.ActiveCfg = Debug|Any CPU
		{7E1B8741-796C-44C4-9B55-DE92EA3B8EF9}.Debug|Any CPU.Build.0 = Debug|Any CPU
		{7E1B8741-796C-44C4-9B55-DE92EA3B8EF9}.Release|Any CPU.ActiveCfg = Release|Any CPU
		{7E1B8741-796C-44C4-9B55-DE92EA3B8EF9}.Release|Any CPU.Build.0 = Release|Any CPU
		{D4D05197-D5B9-417F-9BAD-C0A70C8212B3}.Debug|Any CPU.ActiveCfg = Debug|Any CPU
		{D4D05197-D5B9-417F-9BAD-C0A70C8212B3}.Debug|Any CPU.Build.0 = Debug|Any CPU
		{D4D05197-D5B9-417F-9BAD-C0A70C8212B3}.Release|Any CPU.ActiveCfg = Release|Any CPU
	EndGlobalSection
	GlobalSection(SolutionProperties) = preSolution
		HideSolutionNode = FALSE
	EndGlobalSection
	GlobalSection(ExtensibilityGlobals) = postSolution
		SolutionGuid = {AC7F5C3F-62D4-4B17-A1FB-D57FCBDE6D9B}
	EndGlobalSection
EndGlobal
