
Microsoft Visual Studio Solution File, Format Version 11.00
# Visual Studio 2010
Project("{FAE04EC0-301F-11D3-BF4B-00C04F79EFBC}") = "CargoWise.eHub.Products.ForwardingPortMessaging.IntegrationTests", "IntegrationTests\CargoWise.eHub.Products.ForwardingPortMessaging.IntegrationTests.csproj", "{78565FE7-8FD2-4394-9EA2-6D343C90F471}"
EndProject
Global
	GlobalSection(TeamFoundationVersionControl) = preSolution
		SccNumberOfProjects = 2
		SccEnterpriseProvider = {4CA58AB2-18FA-4F8D-95D4-32DDF27D184C}
		SccTeamFoundationServer = http://tfs.wtg.zone:8080/tfs/cargowise
		SccLocalPath0 = .
		SccProjectUniqueName1 = IntegrationTests\\CargoWise.eHub.Products.ForwardingPortMessaging.IntegrationTests.csproj
		SccProjectName1 = IntegrationTests
		SccLocalPath1 = IntegrationTests
	EndGlobalSection
	GlobalSection(SolutionConfigurationPlatforms) = preSolution
		Debug|Any CPU = Debug|Any CPU
		Release|Any CPU = Release|Any CPU
	EndGlobalSection
	GlobalSection(ProjectConfigurationPlatforms) = postSolution
		{78565FE7-8FD2-4394-9EA2-6D343C90F471}.Debug|Any CPU.ActiveCfg = Debug|Any CPU
		{78565FE7-8FD2-4394-9EA2-6D343C90F471}.Debug|Any CPU.Build.0 = Debug|Any CPU
		{78565FE7-8FD2-4394-9EA2-6D343C90F471}.Release|Any CPU.ActiveCfg = Release|Any CPU
		{78565FE7-8FD2-4394-9EA2-6D343C90F471}.Release|Any CPU.Build.0 = Release|Any CPU
	EndGlobalSection
	GlobalSection(SolutionProperties) = preSolution
		HideSolutionNode = FALSE
	EndGlobalSection
EndGlobal
