
Microsoft Visual Studio Solution File, Format Version 12.00
# Visual Studio Version 17
VisualStudioVersion = 17.0.31903.59
MinimumVisualStudioVersion = 10.0.40219.1
Project("{FAE04EC0-301F-11D3-BF4B-00C04F79EFBC}") = "CommissionManagement.Business", "CommissionManagement.Business\CommissionManagement.Business.csproj", "{5B218B68-8865-4BA9-A050-9AC52F4E28EA}"
EndProject
Project("{FAE04EC0-301F-11D3-BF4B-00C04F79EFBC}") = "CommissionManagement.GUI", "CommissionManagement.GUI\CommissionManagement.GUI.csproj", "{F1A47483-1510-490A-91FC-350114D6F0AD}"
EndProject
Project("{FAE04EC0-301F-11D3-BF4B-00C04F79EFBC}") = "CommissionManagement.Module", "CommissionManagement.Module\CommissionManagement.Module.csproj", "{8DADD352-0C01-4504-A7B3-6EEC36C7808B}"
EndProject
Project("{FAE04EC0-301F-11D3-BF4B-00C04F79EFBC}") = "CommissionManagement.Business.Testing", "CommissionManagement.Business.Testing\CommissionManagement.Business.Testing.csproj", "{2E1A3BC9-1E95-4ABC-9FB7-B29E63C1D9BE}"
EndProject
Project("{FAE04EC0-301F-11D3-BF4B-00C04F79EFBC}") = "CommissionManagement.GUI.Testing", "CommissionManagement.GUI.Testing\CommissionManagement.GUI.Testing.csproj", "{69A92E5B-25FA-4ABC-B4AF-ED3AD46C9733}"
EndProject
Project("{FAE04EC0-301F-11D3-BF4B-00C04F79EFBC}") = "CommissionManagement.Module.Testing", "CommissionManagement.Module.Testing\CommissionManagement.Module.Testing.csproj", "{0F7E496A-3A08-4BE8-928B-64AD695F1C9C}"
EndProject
Project("{FAE04EC0-301F-11D3-BF4B-00C04F79EFBC}") = "CommissionManagement.ServiceTasks", "CommissionManagement.ServiceTasks\CommissionManagement.ServiceTasks.csproj", "{D45B037B-E2D5-46C5-931D-DBD157614603}"
EndProject
Project("{FAE04EC0-301F-11D3-BF4B-00C04F79EFBC}") = "CommissionManagement.ServiceTasks.Testing", "CommissionManagement.ServiceTasks.Testing\CommissionManagement.ServiceTasks.Testing.csproj", "{63A4B884-217A-4000-8C38-5DCFD25FED11}"
EndProject
Project("{9A19103F-16F7-4668-BE54-9A1E7A4F7556}") = "CommissionManagement.GUI.Winzor", "CommissionManagement.GUI\CommissionManagement.GUI.Winzor.csproj", "{0BAB86C3-994A-498A-B5DC-0657E71E8594}"
EndProject
Project("{9A19103F-16F7-4668-BE54-9A1E7A4F7556}") = "CommissionManagement.Module.Winzor", "CommissionManagement.Module\CommissionManagement.Module.Winzor.csproj", "{2939985D-5A27-4514-9BBE-BF903C1A8F00}"
EndProject
Project("{FAE04EC0-301F-11D3-BF4B-00C04F79EFBC}") = "CommissionManagement.Module.Testing.Winzor", "CommissionManagement.Module.Testing\CommissionManagement.Module.Testing.Winzor.csproj", "{1B8040E0-0ED2-431B-9AAF-39C7366806CC}"
EndProject
Project("{FAE04EC0-301F-11D3-BF4B-00C04F79EFBC}") = "CommissionManagement.GUI.Testing.Winzor", "CommissionManagement.GUI.Testing\CommissionManagement.GUI.Testing.Winzor.csproj", "{F064A0C4-BDD0-4062-952F-001B0CB8028C}"
EndProject
Global
	GlobalSection(SolutionConfigurationPlatforms) = preSolution
		Debug|Any CPU = Debug|Any CPU
		Release|Any CPU = Release|Any CPU
	EndGlobalSection
	GlobalSection(ProjectConfigurationPlatforms) = postSolution
		{5B218B68-8865-4BA9-A050-9AC52F4E28EA}.Debug|Any CPU.ActiveCfg = Debug|Any CPU
		{5B218B68-8865-4BA9-A050-9AC52F4E28EA}.Debug|Any CPU.Build.0 = Debug|Any CPU
		{5B218B68-8865-4BA9-A050-9AC52F4E28EA}.Release|Any CPU.ActiveCfg = Release|Any CPU
		{5B218B68-8865-4BA9-A050-9AC52F4E28EA}.Release|Any CPU.Build.0 = Release|Any CPU
		{F1A47483-1510-490A-91FC-350114D6F0AD}.Debug|Any CPU.ActiveCfg = Debug|Any CPU
		{F1A47483-1510-490A-91FC-350114D6F0AD}.Debug|Any CPU.Build.0 = Debug|Any CPU
		{F1A47483-1510-490A-91FC-350114D6F0AD}.Release|Any CPU.ActiveCfg = Release|Any CPU
		{F1A47483-1510-490A-91FC-350114D6F0AD}.Release|Any CPU.Build.0 = Release|Any CPU
		{8DADD352-0C01-4504-A7B3-6EEC36C7808B}.Debug|Any CPU.ActiveCfg = Debug|Any CPU
		{8DADD352-0C01-4504-A7B3-6EEC36C7808B}.Debug|Any CPU.Build.0 = Debug|Any CPU
		{8DADD352-0C01-4504-A7B3-6EEC36C7808B}.Release|Any CPU.ActiveCfg = Release|Any CPU
		{8DADD352-0C01-4504-A7B3-6EEC36C7808B}.Release|Any CPU.Build.0 = Release|Any CPU
		{2E1A3BC9-1E95-4ABC-9FB7-B29E63C1D9BE}.Debug|Any CPU.ActiveCfg = Debug|Any CPU
		{2E1A3BC9-1E95-4ABC-9FB7-B29E63C1D9BE}.Debug|Any CPU.Build.0 = Debug|Any CPU
		{2E1A3BC9-1E95-4ABC-9FB7-B29E63C1D9BE}.Release|Any CPU.ActiveCfg = Release|Any CPU
		{69A92E5B-25FA-4ABC-B4AF-ED3AD46C9733}.Debug|Any CPU.ActiveCfg = Debug|Any CPU
		{69A92E5B-25FA-4ABC-B4AF-ED3AD46C9733}.Debug|Any CPU.Build.0 = Debug|Any CPU
		{69A92E5B-25FA-4ABC-B4AF-ED3AD46C9733}.Release|Any CPU.ActiveCfg = Release|Any CPU
		{0F7E496A-3A08-4BE8-928B-64AD695F1C9C}.Debug|Any CPU.ActiveCfg = Debug|Any CPU
		{0F7E496A-3A08-4BE8-928B-64AD695F1C9C}.Debug|Any CPU.Build.0 = Debug|Any CPU
		{0F7E496A-3A08-4BE8-928B-64AD695F1C9C}.Release|Any CPU.ActiveCfg = Release|Any CPU
		{D45B037B-E2D5-46C5-931D-DBD157614603}.Debug|Any CPU.ActiveCfg = Debug|Any CPU
		{D45B037B-E2D5-46C5-931D-DBD157614603}.Debug|Any CPU.Build.0 = Debug|Any CPU
		{D45B037B-E2D5-46C5-931D-DBD157614603}.Release|Any CPU.ActiveCfg = Release|Any CPU
		{D45B037B-E2D5-46C5-931D-DBD157614603}.Release|Any CPU.Build.0 = Release|Any CPU
		{63A4B884-217A-4000-8C38-5DCFD25FED11}.Debug|Any CPU.ActiveCfg = Debug|Any CPU
		{63A4B884-217A-4000-8C38-5DCFD25FED11}.Debug|Any CPU.Build.0 = Debug|Any CPU
		{63A4B884-217A-4000-8C38-5DCFD25FED11}.Release|Any CPU.ActiveCfg = Release|Any CPU
		{0BAB86C3-994A-498A-B5DC-0657E71E8594}.Debug|Any CPU.ActiveCfg = Debug|Any CPU
		{0BAB86C3-994A-498A-B5DC-0657E71E8594}.Debug|Any CPU.Build.0 = Debug|Any CPU
		{0BAB86C3-994A-498A-B5DC-0657E71E8594}.Release|Any CPU.ActiveCfg = Release|Any CPU
		{0BAB86C3-994A-498A-B5DC-0657E71E8594}.Release|Any CPU.Build.0 = Release|Any CPU
		{2939985D-5A27-4514-9BBE-BF903C1A8F00}.Debug|Any CPU.ActiveCfg = Debug|Any CPU
		{2939985D-5A27-4514-9BBE-BF903C1A8F00}.Debug|Any CPU.Build.0 = Debug|Any CPU
		{2939985D-5A27-4514-9BBE-BF903C1A8F00}.Release|Any CPU.ActiveCfg = Release|Any CPU
		{2939985D-5A27-4514-9BBE-BF903C1A8F00}.Release|Any CPU.Build.0 = Release|Any CPU
		{1B8040E0-0ED2-431B-9AAF-39C7366806CC}.Debug|Any CPU.ActiveCfg = Debug|Any CPU
		{1B8040E0-0ED2-431B-9AAF-39C7366806CC}.Debug|Any CPU.Build.0 = Debug|Any CPU
		{1B8040E0-0ED2-431B-9AAF-39C7366806CC}.Release|Any CPU.ActiveCfg = Release|Any CPU
		{F064A0C4-BDD0-4062-952F-001B0CB8028C}.Debug|Any CPU.ActiveCfg = Debug|Any CPU
		{F064A0C4-BDD0-4062-952F-001B0CB8028C}.Debug|Any CPU.Build.0 = Debug|Any CPU
		{F064A0C4-BDD0-4062-952F-001B0CB8028C}.Release|Any CPU.ActiveCfg = Release|Any CPU
	EndGlobalSection
	GlobalSection(SolutionProperties) = preSolution
		HideSolutionNode = FALSE
	EndGlobalSection
	GlobalSection(ExtensibilityGlobals) = postSolution
		SolutionGuid = {59FC7BAC-067C-49F3-A740-0973773C7F20}
	EndGlobalSection
	GlobalSection(CodealikeProperties) = postSolution
		SolutionGuid = b5849426-8e93-4ffc-a616-3114f6a1c338
	EndGlobalSection
EndGlobal
