
Microsoft Visual Studio Solution File, Format Version 12.00
# Visual Studio Version 16
VisualStudioVersion = 16.0.29609.76
MinimumVisualStudioVersion = 10.0.40219.1
Project("{2150E333-8FDC-42A3-9474-1A3956D46DE8}") = "Solution Items", "Solution Items", "{D44EE100-E3BC-4579-8AFC-41A72B609E2C}"
	ProjectSection(SolutionItems) = preProject
		TraceAndTestImpact.testsettings = TraceAndTestImpact.testsettings
		X12.vsmdi = X12.vsmdi
	EndProjectSection
EndProject
Project("{FAE04EC0-301F-11D3-BF4B-00C04F79EFBC}") = "CargoWise.eHub.Clients.EDI.X12.Schemas", "Schemas\CargoWise.eHub.Clients.EDI.X12.Schemas.btproj", "{733AE378-F9EB-4384-9D0A-1B8FE11451B8}"
EndProject
Project("{FAE04EC0-301F-11D3-BF4B-00C04F79EFBC}") = "CargoWise.eHub.Clients.EDI.X12.Schemas_1", "Schemas_1\CargoWise.eHub.Clients.EDI.X12.Schemas_1.btproj", "{EA0C71C0-B8A7-4EB1-8B52-BEDAB7753AB3}"
EndProject
Project("{FAE04EC0-301F-11D3-BF4B-00C04F79EFBC}") = "CargoWise.eHub.Clients.EDI.X12.Schemas_2", "Schemas_2\CargoWise.eHub.Clients.EDI.X12.Schemas_2.btproj", "{DEAF43EB-79CD-4315-A8DC-A0F85B4E18B2}"
EndProject
Project("{FAE04EC0-301F-11D3-BF4B-00C04F79EFBC}") = "CargoWise.eHub.Clients.EDI.X12.Schemas_3", "Schemas_3\CargoWise.eHub.Clients.EDI.X12.Schemas_3.btproj", "{EF60249D-0715-4A98-80A8-040AD99A3C0F}"
EndProject
Global
	GlobalSection(SolutionConfigurationPlatforms) = preSolution
		Debug|Any CPU = Debug|Any CPU
		Release|Any CPU = Release|Any CPU
	EndGlobalSection
	GlobalSection(ProjectConfigurationPlatforms) = postSolution
		{733AE378-F9EB-4384-9D0A-1B8FE11451B8}.Debug|Any CPU.ActiveCfg = Debug|Any CPU
		{733AE378-F9EB-4384-9D0A-1B8FE11451B8}.Debug|Any CPU.Build.0 = Debug|Any CPU
		{733AE378-F9EB-4384-9D0A-1B8FE11451B8}.Debug|Any CPU.Deploy.0 = Debug|Any CPU
		{733AE378-F9EB-4384-9D0A-1B8FE11451B8}.Release|Any CPU.ActiveCfg = Release|Any CPU
		{733AE378-F9EB-4384-9D0A-1B8FE11451B8}.Release|Any CPU.Build.0 = Release|Any CPU
		{733AE378-F9EB-4384-9D0A-1B8FE11451B8}.Release|Any CPU.Deploy.0 = Release|Any CPU
		{EA0C71C0-B8A7-4EB1-8B52-BEDAB7753AB3}.Debug|Any CPU.ActiveCfg = Debug|Any CPU
		{EA0C71C0-B8A7-4EB1-8B52-BEDAB7753AB3}.Debug|Any CPU.Build.0 = Debug|Any CPU
		{EA0C71C0-B8A7-4EB1-8B52-BEDAB7753AB3}.Debug|Any CPU.Deploy.0 = Debug|Any CPU
		{EA0C71C0-B8A7-4EB1-8B52-BEDAB7753AB3}.Release|Any CPU.ActiveCfg = Release|Any CPU
		{EA0C71C0-B8A7-4EB1-8B52-BEDAB7753AB3}.Release|Any CPU.Build.0 = Release|Any CPU
		{EA0C71C0-B8A7-4EB1-8B52-BEDAB7753AB3}.Release|Any CPU.Deploy.0 = Release|Any CPU
		{DEAF43EB-79CD-4315-A8DC-A0F85B4E18B2}.Debug|Any CPU.ActiveCfg = Debug|Any CPU
		{DEAF43EB-79CD-4315-A8DC-A0F85B4E18B2}.Debug|Any CPU.Build.0 = Debug|Any CPU
		{DEAF43EB-79CD-4315-A8DC-A0F85B4E18B2}.Debug|Any CPU.Deploy.0 = Debug|Any CPU
		{DEAF43EB-79CD-4315-A8DC-A0F85B4E18B2}.Release|Any CPU.ActiveCfg = Release|Any CPU
		{DEAF43EB-79CD-4315-A8DC-A0F85B4E18B2}.Release|Any CPU.Build.0 = Release|Any CPU
		{DEAF43EB-79CD-4315-A8DC-A0F85B4E18B2}.Release|Any CPU.Deploy.0 = Release|Any CPU
		{EF60249D-0715-4A98-80A8-040AD99A3C0F}.Debug|Any CPU.ActiveCfg = Debug|Any CPU
		{EF60249D-0715-4A98-80A8-040AD99A3C0F}.Debug|Any CPU.Build.0 = Debug|Any CPU
		{EF60249D-0715-4A98-80A8-040AD99A3C0F}.Debug|Any CPU.Deploy.0 = Debug|Any CPU
		{EF60249D-0715-4A98-80A8-040AD99A3C0F}.Release|Any CPU.ActiveCfg = Release|Any CPU
		{EF60249D-0715-4A98-80A8-040AD99A3C0F}.Release|Any CPU.Build.0 = Release|Any CPU
		{EF60249D-0715-4A98-80A8-040AD99A3C0F}.Release|Any CPU.Deploy.0 = Release|Any CPU
	EndGlobalSection
	GlobalSection(SolutionProperties) = preSolution
		HideSolutionNode = FALSE
	EndGlobalSection
	GlobalSection(TeamFoundationVersionControl) = preSolution
		SccNumberOfProjects = 5
		SccEnterpriseProvider = {4CA58AB2-18FA-4F8D-95D4-32DDF27D184C}
		SccTeamFoundationServer = http://tfs.wtg.zone:8080/tfs/cargowise
		SccLocalPath0 = .
		SccProjectUniqueName1 = Schemas\\CargoWise.eHub.Clients.EDI.X12.Schemas.btproj
		SccProjectName1 = Schemas
		SccLocalPath1 = Schemas
		SccProjectUniqueName2 = Schemas_1\\CargoWise.eHub.Clients.EDI.X12.Schemas_1.btproj
		SccProjectName2 = Schemas_1
		SccLocalPath2 = Schemas_1
		SccProjectUniqueName3 = Schemas_2\\CargoWise.eHub.Clients.EDI.X12.Schemas_2.btproj
		SccProjectName3 = Schemas_2
		SccLocalPath3 = Schemas_2
		SccProjectUniqueName4 = Schemas_3\\CargoWise.eHub.Clients.EDI.X12.Schemas_3.btproj
		SccProjectName4 = Schemas_3
		SccLocalPath4 = Schemas_3
	EndGlobalSection
	GlobalSection(TestCaseManagementSettings) = postSolution
		CategoryFile = X12.vsmdi
	EndGlobalSection
EndGlobal
